<?xml version="1.0" encoding="utf-8"?>
<Project ToolsVersion="4.0" xmlns="http://schemas.microsoft.com/developer/msbuild/2003">
  <ItemGroup>
    <Filter Include="Objects bindings">
      <UniqueIdentifier>{680fac37-3ad8-4dee-8e50-970c2b108e10}</UniqueIdentifier>
    </Filter>
    <Filter Include="Files">
      <UniqueIdentifier>{96b64482-0656-4ab7-b92a-fc7b484b7a9d}</UniqueIdentifier>
    </Filter>
    <Filter Include="Common">
      <UniqueIdentifier>{ad29bc23-2620-4c7e-936f-19c0ecea08b4}</UniqueIdentifier>
    </Filter>
    <Filter Include="RefManager">
      <UniqueIdentifier>{e8b7d06f-ce44-4d51-8bb0-e6370cc39c70}</UniqueIdentifier>
    </Filter>
    <Filter Include="RefManager\1 Dim">
      <UniqueIdentifier>{2d2bf5e2-b8bf-4ce5-8ac0-2e7f796bc4ab}</UniqueIdentifier>
    </Filter>
    <Filter Include="RefManager\2 Dim">
      <UniqueIdentifier>{e6840d2f-52fd-4393-8f8e-ca1baa389a53}</UniqueIdentifier>
    </Filter>
    <Filter Include="Files\Common">
      <UniqueIdentifier>{71df8466-a98b-4ab6-bb46-76fcc364a41b}</UniqueIdentifier>
    </Filter>
    <Filter Include="Common\Primitives">
      <UniqueIdentifier>{93169e20-4b0c-45b2-82e2-49aad2886db8}</UniqueIdentifier>
    </Filter>
    <Filter Include="Common\Math">
      <UniqueIdentifier>{65c16df5-8780-49cd-9979-027c9bafdb50}</UniqueIdentifier>
    </Filter>
    <Filter Include="Input">
      <UniqueIdentifier>{99cc3793-975f-4c86-9eee-6ca69f13a6d3}</UniqueIdentifier>
    </Filter>
    <Filter Include="Log">
      <UniqueIdentifier>{ef746966-5439-4659-9eaa-b5406a1f5be7}</UniqueIdentifier>
    </Filter>
    <Filter Include="Manager">
      <UniqueIdentifier>{5f3b03a0-2561-4da8-8a90-9a4a70fb319d}</UniqueIdentifier>
    </Filter>
    <Filter Include="Log\Console">
      <UniqueIdentifier>{fe194fc7-63c1-4646-9d6d-142a164c36d0}</UniqueIdentifier>
    </Filter>
    <Filter Include="Log\DebugOutput">
      <UniqueIdentifier>{154efe91-d5a0-4a4d-9b1d-d053b1d5228b}</UniqueIdentifier>
    </Filter>
    <Filter Include="Settings">
      <UniqueIdentifier>{dc6e8c13-6444-4560-953e-9a380f8fab7b}</UniqueIdentifier>
    </Filter>
    <Filter Include="Settings\Groups">
      <UniqueIdentifier>{3067e420-7b54-4018-8d50-d4abb91d379a}</UniqueIdentifier>
    </Filter>
    <Filter Include="RefManager\1 Dim Assync">
      <UniqueIdentifier>{d1c95b6f-a767-47df-bed7-b177d7d1e2eb}</UniqueIdentifier>
    </Filter>
    <Filter Include="Events">
      <UniqueIdentifier>{3726dda1-960e-4c4a-bda0-7937a163f686}</UniqueIdentifier>
    </Filter>
    <Filter Include="Common\Threads">
      <UniqueIdentifier>{94a88278-a0a3-4d93-8432-ca705b1e488d}</UniqueIdentifier>
    </Filter>
    <Filter Include="Common\Helpers">
      <UniqueIdentifier>{59b139b6-3568-49b9-afe7-7e6b75e45abd}</UniqueIdentifier>
    </Filter>
    <Filter Include="Resources">
      <UniqueIdentifier>{f6b2d17f-2043-4399-87eb-3ea48206e496}</UniqueIdentifier>
    </Filter>
    <Filter Include="Common\Timers">
      <UniqueIdentifier>{4ed86a83-bc26-44a8-8c60-1dbec01ff0c6}</UniqueIdentifier>
    </Filter>
    <Filter Include="ScriptEngine">
      <UniqueIdentifier>{f37b94c7-01aa-4b5a-b7b4-a0c69cb8b49d}</UniqueIdentifier>
    </Filter>
    <Filter Include="ScriptEngine\LuaBind">
      <UniqueIdentifier>{989de73d-8272-4b03-ac82-3e4d9fb91f90}</UniqueIdentifier>
    </Filter>
    <Filter Include="ScriptEngine\LuaBind\inc">
      <UniqueIdentifier>{b2725e8c-b7b6-4405-a892-77122fc2d06a}</UniqueIdentifier>
    </Filter>
    <Filter Include="ScriptEngine\LuaBind\inc\detail">
      <UniqueIdentifier>{dac3d571-ceab-4f37-8967-db3b56393e57}</UniqueIdentifier>
    </Filter>
    <Filter Include="ScriptEngine\LuaBind\inc\detail\conversion_policies">
      <UniqueIdentifier>{b5bfa99c-d28c-44ee-b851-25ce5a9c2e09}</UniqueIdentifier>
    </Filter>
    <Filter Include="ScriptEngine\LuaBind\src">
      <UniqueIdentifier>{f874d876-f7b5-48ed-96f7-4925be739d44}</UniqueIdentifier>
    </Filter>
    <Filter Include="ScriptEngine\Lua">
      <UniqueIdentifier>{6728cf60-0295-4e5b-8a7d-051657b958f4}</UniqueIdentifier>
    </Filter>
    <Filter Include="ScriptEngine\Lua\src">
      <UniqueIdentifier>{22e1b312-c9b7-42a7-8ba1-d30c95403487}</UniqueIdentifier>
    </Filter>
    <Filter Include="ScriptEngine\Lua\inc">
      <UniqueIdentifier>{209ea326-523f-47eb-807a-461ccc25da9b}</UniqueIdentifier>
    </Filter>
    <Filter Include="Plugins">
      <UniqueIdentifier>{bec436d8-b6f8-422f-bb2f-ab2a103db725}</UniqueIdentifier>
    </Filter>
  </ItemGroup>
  <ItemGroup>
    <ClCompile Include="DebugOutput.cpp">
      <Filter>Log\DebugOutput</Filter>
    </ClCompile>
    <ClCompile Include="Log.cpp">
      <Filter>Log</Filter>
    </ClCompile>
    <ClCompile Include="Utils.cpp">
      <Filter>Common\Helpers</Filter>
    </ClCompile>
    <ClCompile Include="UtilsConvert.cpp">
      <Filter>Common\Helpers</Filter>
    </ClCompile>
    <ClCompile Include="FilesManager.cpp">
      <Filter>Files</Filter>
    </ClCompile>
    <ClCompile Include="File.cpp">
      <Filter>Files\Common</Filter>
    </ClCompile>
    <ClCompile Include="ByteBuffer.cpp">
      <Filter>Files\Common</Filter>
    </ClCompile>
    <ClCompile Include="BoundingBox.cpp">
      <Filter>Common\Primitives</Filter>
    </ClCompile>
    <ClCompile Include="Frustrum.cpp">
      <Filter>Common\Primitives</Filter>
    </ClCompile>
    <ClCompile Include="Plane.cpp">
      <Filter>Common\Primitives</Filter>
    </ClCompile>
    <ClCompile Include="BaseManager.cpp">
      <Filter>Manager</Filter>
    </ClCompile>
    <ClCompile Include="ConsoleCommand.cpp">
      <Filter>Log\Console</Filter>
    </ClCompile>
    <ClCompile Include="Console.cpp">
      <Filter>Log\Console</Filter>
    </ClCompile>
    <ClCompile Include="Settings.cpp">
      <Filter>Settings</Filter>
    </ClCompile>
    <ClCompile Include="GroupQuality.cpp">
      <Filter>Settings\Groups</Filter>
    </ClCompile>
    <ClCompile Include="GroupVideo.cpp">
      <Filter>Settings\Groups</Filter>
    </ClCompile>
    <ClCompile Include="stdafx.cpp">
      <Filter>Common</Filter>
    </ClCompile>
    <ClCompile Include="RefManager1DimAssync.cpp">
      <Filter>RefManager\1 Dim Assync</Filter>
    </ClCompile>
    <ClCompile Include="DebugOutputConsole.cpp">
      <Filter>Log\DebugOutput</Filter>
    </ClCompile>
    <ClCompile Include="DebugOutputLog.cpp">
      <Filter>Log\DebugOutput</Filter>
    </ClCompile>
    <ClCompile Include="BoundingSphere.cpp">
      <Filter>Common\Primitives</Filter>
    </ClCompile>
    <ClCompile Include="Object.cpp">
      <Filter>Objects bindings</Filter>
    </ClCompile>
    <ClCompile Include="HighResolutionTimer.cpp">
      <Filter>Common\Timers</Filter>
    </ClCompile>
    <ClCompile Include="Timer.cpp">
      <Filter>Common\Timers</Filter>
    </ClCompile>
    <ClCompile Include="Events.cpp">
      <Filter>Events</Filter>
    </ClCompile>
    <ClCompile Include="LocalFilesStorage.cpp">
      <Filter>Files\Common</Filter>
    </ClCompile>
    <ClCompile Include="BoundingRect.cpp">
      <Filter>Common\Primitives</Filter>
    </ClCompile>
    <ClCompile Include="Random.cpp">
      <Filter>Common\Helpers</Filter>
    </ClCompile>
    <ClCompile Include="Resource.cpp">
      <Filter>Resources</Filter>
    </ClCompile>
    <ClCompile Include="LibraryResourceFileStotage.cpp">
      <Filter>Files\Common</Filter>
    </ClCompile>
    <ClCompile Include="..\Externals\luabind-deboostified\src\class.cpp">
      <Filter>ScriptEngine\LuaBind\src</Filter>
    </ClCompile>
    <ClCompile Include="..\Externals\luabind-deboostified\src\class_info.cpp">
      <Filter>ScriptEngine\LuaBind\src</Filter>
    </ClCompile>
    <ClCompile Include="..\Externals\luabind-deboostified\src\class_registry.cpp">
      <Filter>ScriptEngine\LuaBind\src</Filter>
    </ClCompile>
    <ClCompile Include="..\Externals\luabind-deboostified\src\class_rep.cpp">
      <Filter>ScriptEngine\LuaBind\src</Filter>
    </ClCompile>
    <ClCompile Include="..\Externals\luabind-deboostified\src\create_class.cpp">
      <Filter>ScriptEngine\LuaBind\src</Filter>
    </ClCompile>
    <ClCompile Include="..\Externals\luabind-deboostified\src\error.cpp">
      <Filter>ScriptEngine\LuaBind\src</Filter>
    </ClCompile>
    <ClCompile Include="..\Externals\luabind-deboostified\src\exception_handler.cpp">
      <Filter>ScriptEngine\LuaBind\src</Filter>
    </ClCompile>
    <ClCompile Include="..\Externals\luabind-deboostified\src\function.cpp">
      <Filter>ScriptEngine\LuaBind\src</Filter>
    </ClCompile>
    <ClCompile Include="..\Externals\luabind-deboostified\src\function_introspection.cpp">
      <Filter>ScriptEngine\LuaBind\src</Filter>
    </ClCompile>
    <ClCompile Include="..\Externals\luabind-deboostified\src\headertest.cpp">
      <Filter>ScriptEngine\LuaBind\src</Filter>
    </ClCompile>
    <ClCompile Include="..\Externals\luabind-deboostified\src\inheritance.cpp">
      <Filter>ScriptEngine\LuaBind\src</Filter>
    </ClCompile>
    <ClCompile Include="..\Externals\luabind-deboostified\src\link_compatibility.cpp">
      <Filter>ScriptEngine\LuaBind\src</Filter>
    </ClCompile>
    <ClCompile Include="..\Externals\luabind-deboostified\src\object_rep.cpp">
      <Filter>ScriptEngine\LuaBind\src</Filter>
    </ClCompile>
    <ClCompile Include="..\Externals\luabind-deboostified\src\open.cpp">
      <Filter>ScriptEngine\LuaBind\src</Filter>
    </ClCompile>
    <ClCompile Include="..\Externals\luabind-deboostified\src\operator.cpp">
      <Filter>ScriptEngine\LuaBind\src</Filter>
    </ClCompile>
    <ClCompile Include="..\Externals\luabind-deboostified\src\pcall.cpp">
      <Filter>ScriptEngine\LuaBind\src</Filter>
    </ClCompile>
    <ClCompile Include="..\Externals\luabind-deboostified\src\scope.cpp">
      <Filter>ScriptEngine\LuaBind\src</Filter>
    </ClCompile>
    <ClCompile Include="..\Externals\luabind-deboostified\src\set_package_preload.cpp">
      <Filter>ScriptEngine\LuaBind\src</Filter>
    </ClCompile>
    <ClCompile Include="..\Externals\luabind-deboostified\src\stack_content_by_name.cpp">
      <Filter>ScriptEngine\LuaBind\src</Filter>
    </ClCompile>
    <ClCompile Include="..\Externals\luabind-deboostified\src\weak_ref.cpp">
      <Filter>ScriptEngine\LuaBind\src</Filter>
    </ClCompile>
    <ClCompile Include="..\Externals\luabind-deboostified\src\wrapper_base.cpp">
      <Filter>ScriptEngine\LuaBind\src</Filter>
    </ClCompile>
    <ClCompile Include="ScriptEngine\LuaCore.cpp">
      <Filter>ScriptEngine</Filter>
    </ClCompile>
    <ClCompile Include="..\Externals\lua\lapi.c">
      <Filter>ScriptEngine\Lua\src</Filter>
    </ClCompile>
    <ClCompile Include="..\Externals\lua\lauxlib.c">
      <Filter>ScriptEngine\Lua\src</Filter>
    </ClCompile>
    <ClCompile Include="..\Externals\lua\lbaselib.c">
      <Filter>ScriptEngine\Lua\src</Filter>
    </ClCompile>
    <ClCompile Include="..\Externals\lua\lbitlib.c">
      <Filter>ScriptEngine\Lua\src</Filter>
    </ClCompile>
    <ClCompile Include="..\Externals\lua\lcode.c">
      <Filter>ScriptEngine\Lua\src</Filter>
    </ClCompile>
    <ClCompile Include="..\Externals\lua\lcorolib.c">
      <Filter>ScriptEngine\Lua\src</Filter>
    </ClCompile>
    <ClCompile Include="..\Externals\lua\lctype.c">
      <Filter>ScriptEngine\Lua\src</Filter>
    </ClCompile>
    <ClCompile Include="..\Externals\lua\ldblib.c">
      <Filter>ScriptEngine\Lua\src</Filter>
    </ClCompile>
    <ClCompile Include="..\Externals\lua\ldebug.c">
      <Filter>ScriptEngine\Lua\src</Filter>
    </ClCompile>
    <ClCompile Include="..\Externals\lua\ldo.c">
      <Filter>ScriptEngine\Lua\src</Filter>
    </ClCompile>
    <ClCompile Include="..\Externals\lua\ldump.c">
      <Filter>ScriptEngine\Lua\src</Filter>
    </ClCompile>
    <ClCompile Include="..\Externals\lua\lfunc.c">
      <Filter>ScriptEngine\Lua\src</Filter>
    </ClCompile>
    <ClCompile Include="..\Externals\lua\lgc.c">
      <Filter>ScriptEngine\Lua\src</Filter>
    </ClCompile>
    <ClCompile Include="..\Externals\lua\linit.c">
      <Filter>ScriptEngine\Lua\src</Filter>
    </ClCompile>
    <ClCompile Include="..\Externals\lua\liolib.c">
      <Filter>ScriptEngine\Lua\src</Filter>
    </ClCompile>
    <ClCompile Include="..\Externals\lua\llex.c">
      <Filter>ScriptEngine\Lua\src</Filter>
    </ClCompile>
    <ClCompile Include="..\Externals\lua\lmathlib.c">
      <Filter>ScriptEngine\Lua\src</Filter>
    </ClCompile>
    <ClCompile Include="..\Externals\lua\lmem.c">
      <Filter>ScriptEngine\Lua\src</Filter>
    </ClCompile>
    <ClCompile Include="..\Externals\lua\loadlib.c">
      <Filter>ScriptEngine\Lua\src</Filter>
    </ClCompile>
    <ClCompile Include="..\Externals\lua\lobject.c">
      <Filter>ScriptEngine\Lua\src</Filter>
    </ClCompile>
    <ClCompile Include="..\Externals\lua\lopcodes.c">
      <Filter>ScriptEngine\Lua\src</Filter>
    </ClCompile>
    <ClCompile Include="..\Externals\lua\loslib.c">
      <Filter>ScriptEngine\Lua\src</Filter>
    </ClCompile>
    <ClCompile Include="..\Externals\lua\lparser.c">
      <Filter>ScriptEngine\Lua\src</Filter>
    </ClCompile>
    <ClCompile Include="..\Externals\lua\lstate.c">
      <Filter>ScriptEngine\Lua\src</Filter>
    </ClCompile>
    <ClCompile Include="..\Externals\lua\lstring.c">
      <Filter>ScriptEngine\Lua\src</Filter>
    </ClCompile>
    <ClCompile Include="..\Externals\lua\lstrlib.c">
      <Filter>ScriptEngine\Lua\src</Filter>
    </ClCompile>
    <ClCompile Include="..\Externals\lua\ltable.c">
      <Filter>ScriptEngine\Lua\src</Filter>
    </ClCompile>
    <ClCompile Include="..\Externals\lua\ltablib.c">
      <Filter>ScriptEngine\Lua\src</Filter>
    </ClCompile>
    <ClCompile Include="..\Externals\lua\ltm.c">
      <Filter>ScriptEngine\Lua\src</Filter>
    </ClCompile>
    <ClCompile Include="..\Externals\lua\lua.c">
      <Filter>ScriptEngine\Lua\src</Filter>
    </ClCompile>
    <ClCompile Include="..\Externals\lua\luac.c">
      <Filter>ScriptEngine\Lua\src</Filter>
    </ClCompile>
    <ClCompile Include="..\Externals\lua\lundump.c">
      <Filter>ScriptEngine\Lua\src</Filter>
    </ClCompile>
    <ClCompile Include="..\Externals\lua\lutf8lib.c">
      <Filter>ScriptEngine\Lua\src</Filter>
    </ClCompile>
    <ClCompile Include="..\Externals\lua\lvm.c">
      <Filter>ScriptEngine\Lua\src</Filter>
    </ClCompile>
    <ClCompile Include="..\Externals\lua\lzio.c">
      <Filter>ScriptEngine\Lua\src</Filter>
    </ClCompile>
    <ClCompile Include="PluginsManager.cpp">
      <Filter>Plugins</Filter>
    </ClCompile>
  </ItemGroup>
  <ItemGroup>
    <ClInclude Include="DebugOutput.h">
      <Filter>Log\DebugOutput</Filter>
    </ClInclude>
    <ClInclude Include="Log.h">
      <Filter>Log</Filter>
    </ClInclude>
    <ClInclude Include="Debug.h">
      <Filter>Common</Filter>
    </ClInclude>
    <ClInclude Include="Macros.h">
      <Filter>Common</Filter>
    </ClInclude>
    <ClInclude Include="RefManager2Dim.h">
      <Filter>RefManager\2 Dim</Filter>
    </ClInclude>
    <ClInclude Include="RefManager1Dim.h">
      <Filter>RefManager\1 Dim</Filter>
    </ClInclude>
    <ClInclude Include="Utils.h">
      <Filter>Common\Helpers</Filter>
    </ClInclude>
    <ClInclude Include="FilesManager.h">
      <Filter>Files</Filter>
    </ClInclude>
    <ClInclude Include="ByteBuffer.h">
      <Filter>Files\Common</Filter>
    </ClInclude>
    <ClInclude Include="File.h">
      <Filter>Files\Common</Filter>
    </ClInclude>
    <ClInclude Include="BoundingBox.h">
      <Filter>Common\Primitives</Filter>
    </ClInclude>
    <ClInclude Include="Frustrum.h">
      <Filter>Common\Primitives</Filter>
    </ClInclude>
    <ClInclude Include="Plane.h">
      <Filter>Common\Primitives</Filter>
    </ClInclude>
    <ClInclude Include="Color.h">
      <Filter>Common</Filter>
    </ClInclude>
    <ClInclude Include="Vec2f.h">
      <Filter>Common\Math</Filter>
    </ClInclude>
    <ClInclude Include="Vec3f.h">
      <Filter>Common\Math</Filter>
    </ClInclude>
    <ClInclude Include="Vec4f.h">
      <Filter>Common\Math</Filter>
    </ClInclude>
    <ClInclude Include="Quaternion.h">
      <Filter>Common\Math</Filter>
    </ClInclude>
    <ClInclude Include="Matrix.h">
      <Filter>Common\Math</Filter>
    </ClInclude>
    <ClInclude Include="MathCommon.h">
      <Filter>Common\Math</Filter>
    </ClInclude>
    <ClInclude Include="BaseManager.h">
      <Filter>Manager</Filter>
    </ClInclude>
    <ClInclude Include="ConsoleCommand.h">
      <Filter>Log\Console</Filter>
    </ClInclude>
    <ClInclude Include="Console.h">
      <Filter>Log\Console</Filter>
    </ClInclude>
    <ClInclude Include="Settings.h">
      <Filter>Settings</Filter>
    </ClInclude>
    <ClInclude Include="GroupQuality.h">
      <Filter>Settings\Groups</Filter>
    </ClInclude>
    <ClInclude Include="GroupVideo.h">
      <Filter>Settings\Groups</Filter>
    </ClInclude>
    <ClInclude Include="common.h">
      <Filter>Common</Filter>
    </ClInclude>
    <ClInclude Include="stdafx.h">
      <Filter>Common</Filter>
    </ClInclude>
    <ClInclude Include="RefManager1DimAssync.h">
      <Filter>RefManager\1 Dim Assync</Filter>
    </ClInclude>
    <ClInclude Include="DebugOutputConsole.h">
      <Filter>Log\DebugOutput</Filter>
    </ClInclude>
    <ClInclude Include="DebugOutputLog.h">
      <Filter>Log\DebugOutput</Filter>
    </ClInclude>
    <ClInclude Include="BoundingSphere.h">
      <Filter>Common\Primitives</Filter>
    </ClInclude>
    <ClInclude Include="Object.h">
      <Filter>Objects bindings</Filter>
    </ClInclude>
    <ClInclude Include="Events.h">
      <Filter>Events</Filter>
    </ClInclude>
    <ClInclude Include="KeyCodes.h">
      <Filter>Input</Filter>
    </ClInclude>
    <ClInclude Include="Timer.h">
      <Filter>Common\Timers</Filter>
    </ClInclude>
    <ClInclude Include="HighResolutionTimer.h">
      <Filter>Common\Timers</Filter>
    </ClInclude>
    <ClInclude Include="MapAssync.h">
      <Filter>Common\Threads</Filter>
    </ClInclude>
    <ClInclude Include="LockedQueue.h">
      <Filter>Common\Threads</Filter>
    </ClInclude>
    <ClInclude Include="LocalFilesStorage.h">
      <Filter>Files\Common</Filter>
    </ClInclude>
    <ClInclude Include="Rect.h">
      <Filter>Common\Primitives</Filter>
    </ClInclude>
    <ClInclude Include="BoundingRect.h">
      <Filter>Common\Primitives</Filter>
    </ClInclude>
    <ClInclude Include="Random.h">
      <Filter>Common\Helpers</Filter>
    </ClInclude>
    <ClInclude Include="..\shared\znCore.h">
      <Filter>Common</Filter>
    </ClInclude>
    <ClInclude Include="Resource.h">
      <Filter>Resources</Filter>
    </ClInclude>
    <ClInclude Include="LibraryResourceFileStotage.h">
      <Filter>Files\Common</Filter>
    </ClInclude>
    <ClInclude Include="..\Externals\luabind-deboostified\luabind\adopt_policy.hpp">
      <Filter>ScriptEngine\LuaBind\inc</Filter>
    </ClInclude>
    <ClInclude Include="..\Externals\luabind-deboostified\luabind\back_reference.hpp">
      <Filter>ScriptEngine\LuaBind\inc</Filter>
    </ClInclude>
    <ClInclude Include="..\Externals\luabind-deboostified\luabind\back_reference_fwd.hpp">
      <Filter>ScriptEngine\LuaBind\inc</Filter>
    </ClInclude>
    <ClInclude Include="..\Externals\luabind-deboostified\luabind\class.hpp">
      <Filter>ScriptEngine\LuaBind\inc</Filter>
    </ClInclude>
    <ClInclude Include="..\Externals\luabind-deboostified\luabind\class_info.hpp">
      <Filter>ScriptEngine\LuaBind\inc</Filter>
    </ClInclude>
    <ClInclude Include="..\Externals\luabind-deboostified\luabind\config.hpp">
      <Filter>ScriptEngine\LuaBind\inc</Filter>
    </ClInclude>
    <ClInclude Include="..\Externals\luabind-deboostified\luabind\container_policy.hpp">
      <Filter>ScriptEngine\LuaBind\inc</Filter>
    </ClInclude>
    <ClInclude Include="..\Externals\luabind-deboostified\luabind\copy_policy.hpp">
      <Filter>ScriptEngine\LuaBind\inc</Filter>
    </ClInclude>
    <ClInclude Include="..\Externals\luabind-deboostified\luabind\dependency_policy.hpp">
      <Filter>ScriptEngine\LuaBind\inc</Filter>
    </ClInclude>
    <ClInclude Include="..\Externals\luabind-deboostified\luabind\discard_result_policy.hpp">
      <Filter>ScriptEngine\LuaBind\inc</Filter>
    </ClInclude>
    <ClInclude Include="..\Externals\luabind-deboostified\luabind\error.hpp">
      <Filter>ScriptEngine\LuaBind\inc</Filter>
    </ClInclude>
    <ClInclude Include="..\Externals\luabind-deboostified\luabind\error_callback_fun.hpp">
      <Filter>ScriptEngine\LuaBind\inc</Filter>
    </ClInclude>
    <ClInclude Include="..\Externals\luabind-deboostified\luabind\exception_handler.hpp">
      <Filter>ScriptEngine\LuaBind\inc</Filter>
    </ClInclude>
    <ClInclude Include="..\Externals\luabind-deboostified\luabind\from_stack.hpp">
      <Filter>ScriptEngine\LuaBind\inc</Filter>
    </ClInclude>
    <ClInclude Include="..\Externals\luabind-deboostified\luabind\function.hpp">
      <Filter>ScriptEngine\LuaBind\inc</Filter>
    </ClInclude>
    <ClInclude Include="..\Externals\luabind-deboostified\luabind\function_introspection.hpp">
      <Filter>ScriptEngine\LuaBind\inc</Filter>
    </ClInclude>
    <ClInclude Include="..\Externals\luabind-deboostified\luabind\get_main_thread.hpp">
      <Filter>ScriptEngine\LuaBind\inc</Filter>
    </ClInclude>
    <ClInclude Include="..\Externals\luabind-deboostified\luabind\handle.hpp">
      <Filter>ScriptEngine\LuaBind\inc</Filter>
    </ClInclude>
    <ClInclude Include="..\Externals\luabind-deboostified\luabind\iterator_policy.hpp">
      <Filter>ScriptEngine\LuaBind\inc</Filter>
    </ClInclude>
    <ClInclude Include="..\Externals\luabind-deboostified\luabind\lua_argument_proxy.hpp">
      <Filter>ScriptEngine\LuaBind\inc</Filter>
    </ClInclude>
    <ClInclude Include="..\Externals\luabind-deboostified\luabind\lua_include.hpp">
      <Filter>ScriptEngine\LuaBind\inc</Filter>
    </ClInclude>
    <ClInclude Include="..\Externals\luabind-deboostified\luabind\lua_index_proxy.hpp">
      <Filter>ScriptEngine\LuaBind\inc</Filter>
    </ClInclude>
    <ClInclude Include="..\Externals\luabind-deboostified\luabind\lua_iterator_proxy.hpp">
      <Filter>ScriptEngine\LuaBind\inc</Filter>
    </ClInclude>
    <ClInclude Include="..\Externals\luabind-deboostified\luabind\lua_proxy.hpp">
      <Filter>ScriptEngine\LuaBind\inc</Filter>
    </ClInclude>
    <ClInclude Include="..\Externals\luabind-deboostified\luabind\lua_proxy_interface.hpp">
      <Filter>ScriptEngine\LuaBind\inc</Filter>
    </ClInclude>
    <ClInclude Include="..\Externals\luabind-deboostified\luabind\lua_state_fwd.hpp">
      <Filter>ScriptEngine\LuaBind\inc</Filter>
    </ClInclude>
    <ClInclude Include="..\Externals\luabind-deboostified\luabind\luabind.hpp">
      <Filter>ScriptEngine\LuaBind\inc</Filter>
    </ClInclude>
    <ClInclude Include="..\Externals\luabind-deboostified\luabind\make_function.hpp">
      <Filter>ScriptEngine\LuaBind\inc</Filter>
    </ClInclude>
    <ClInclude Include="..\Externals\luabind-deboostified\luabind\nil.hpp">
      <Filter>ScriptEngine\LuaBind\inc</Filter>
    </ClInclude>
    <ClInclude Include="..\Externals\luabind-deboostified\luabind\no_dependency.hpp">
      <Filter>ScriptEngine\LuaBind\inc</Filter>
    </ClInclude>
    <ClInclude Include="..\Externals\luabind-deboostified\luabind\object.hpp">
      <Filter>ScriptEngine\LuaBind\inc</Filter>
    </ClInclude>
    <ClInclude Include="..\Externals\luabind-deboostified\luabind\open.hpp">
      <Filter>ScriptEngine\LuaBind\inc</Filter>
    </ClInclude>
    <ClInclude Include="..\Externals\luabind-deboostified\luabind\operator.hpp">
      <Filter>ScriptEngine\LuaBind\inc</Filter>
    </ClInclude>
    <ClInclude Include="..\Externals\luabind-deboostified\luabind\out_value_policy.hpp">
      <Filter>ScriptEngine\LuaBind\inc</Filter>
    </ClInclude>
    <ClInclude Include="..\Externals\luabind-deboostified\luabind\pointer_traits.hpp">
      <Filter>ScriptEngine\LuaBind\inc</Filter>
    </ClInclude>
    <ClInclude Include="..\Externals\luabind-deboostified\luabind\prefix.hpp">
      <Filter>ScriptEngine\LuaBind\inc</Filter>
    </ClInclude>
    <ClInclude Include="..\Externals\luabind-deboostified\luabind\raw_policy.hpp">
      <Filter>ScriptEngine\LuaBind\inc</Filter>
    </ClInclude>
    <ClInclude Include="..\Externals\luabind-deboostified\luabind\return_reference_to_policy.hpp">
      <Filter>ScriptEngine\LuaBind\inc</Filter>
    </ClInclude>
    <ClInclude Include="..\Externals\luabind-deboostified\luabind\scope.hpp">
      <Filter>ScriptEngine\LuaBind\inc</Filter>
    </ClInclude>
    <ClInclude Include="..\Externals\luabind-deboostified\luabind\set_package_preload.hpp">
      <Filter>ScriptEngine\LuaBind\inc</Filter>
    </ClInclude>
    <ClInclude Include="..\Externals\luabind-deboostified\luabind\shared_ptr_converter.hpp">
      <Filter>ScriptEngine\LuaBind\inc</Filter>
    </ClInclude>
    <ClInclude Include="..\Externals\luabind-deboostified\luabind\tag_function.hpp">
      <Filter>ScriptEngine\LuaBind\inc</Filter>
    </ClInclude>
    <ClInclude Include="..\Externals\luabind-deboostified\luabind\typeid.hpp">
      <Filter>ScriptEngine\LuaBind\inc</Filter>
    </ClInclude>
    <ClInclude Include="..\Externals\luabind-deboostified\luabind\version.hpp">
      <Filter>ScriptEngine\LuaBind\inc</Filter>
    </ClInclude>
    <ClInclude Include="..\Externals\luabind-deboostified\luabind\weak_ref.hpp">
      <Filter>ScriptEngine\LuaBind\inc</Filter>
    </ClInclude>
    <ClInclude Include="..\Externals\luabind-deboostified\luabind\wrapper_base.hpp">
      <Filter>ScriptEngine\LuaBind\inc</Filter>
    </ClInclude>
    <ClInclude Include="..\Externals\luabind-deboostified\luabind\yield_policy.hpp">
      <Filter>ScriptEngine\LuaBind\inc</Filter>
    </ClInclude>
    <ClInclude Include="..\Externals\luabind-deboostified\luabind\detail\call.hpp">
      <Filter>ScriptEngine\LuaBind\inc\detail</Filter>
    </ClInclude>
    <ClInclude Include="..\Externals\luabind-deboostified\luabind\detail\call_function.hpp">
      <Filter>ScriptEngine\LuaBind\inc\detail</Filter>
    </ClInclude>
    <ClInclude Include="..\Externals\luabind-deboostified\luabind\detail\call_member.hpp">
      <Filter>ScriptEngine\LuaBind\inc\detail</Filter>
    </ClInclude>
    <ClInclude Include="..\Externals\luabind-deboostified\luabind\detail\call_shared.hpp">
      <Filter>ScriptEngine\LuaBind\inc\detail</Filter>
    </ClInclude>
    <ClInclude Include="..\Externals\luabind-deboostified\luabind\detail\call_traits.hpp">
      <Filter>ScriptEngine\LuaBind\inc\detail</Filter>
    </ClInclude>
    <ClInclude Include="..\Externals\luabind-deboostified\luabind\detail\class_registry.hpp">
      <Filter>ScriptEngine\LuaBind\inc\detail</Filter>
    </ClInclude>
    <ClInclude Include="..\Externals\luabind-deboostified\luabind\detail\class_rep.hpp">
      <Filter>ScriptEngine\LuaBind\inc\detail</Filter>
    </ClInclude>
    <ClInclude Include="..\Externals\luabind-deboostified\luabind\detail\constructor.hpp">
      <Filter>ScriptEngine\LuaBind\inc\detail</Filter>
    </ClInclude>
    <ClInclude Include="..\Externals\luabind-deboostified\luabind\detail\conversion_storage.hpp">
      <Filter>ScriptEngine\LuaBind\inc\detail</Filter>
    </ClInclude>
    <ClInclude Include="..\Externals\luabind-deboostified\luabind\detail\crtp_iterator.hpp">
      <Filter>ScriptEngine\LuaBind\inc\detail</Filter>
    </ClInclude>
    <ClInclude Include="..\Externals\luabind-deboostified\luabind\detail\debug.hpp">
      <Filter>ScriptEngine\LuaBind\inc\detail</Filter>
    </ClInclude>
    <ClInclude Include="..\Externals\luabind-deboostified\luabind\detail\decorate_type.hpp">
      <Filter>ScriptEngine\LuaBind\inc\detail</Filter>
    </ClInclude>
    <ClInclude Include="..\Externals\luabind-deboostified\luabind\detail\deduce_signature.hpp">
      <Filter>ScriptEngine\LuaBind\inc\detail</Filter>
    </ClInclude>
    <ClInclude Include="..\Externals\luabind-deboostified\luabind\detail\enum_maker.hpp">
      <Filter>ScriptEngine\LuaBind\inc\detail</Filter>
    </ClInclude>
    <ClInclude Include="..\Externals\luabind-deboostified\luabind\detail\format_signature.hpp">
      <Filter>ScriptEngine\LuaBind\inc\detail</Filter>
    </ClInclude>
    <ClInclude Include="..\Externals\luabind-deboostified\luabind\detail\garbage_collector.hpp">
      <Filter>ScriptEngine\LuaBind\inc\detail</Filter>
    </ClInclude>
    <ClInclude Include="..\Externals\luabind-deboostified\luabind\detail\inheritance.hpp">
      <Filter>ScriptEngine\LuaBind\inc\detail</Filter>
    </ClInclude>
    <ClInclude Include="..\Externals\luabind-deboostified\luabind\detail\instance_holder.hpp">
      <Filter>ScriptEngine\LuaBind\inc\detail</Filter>
    </ClInclude>
    <ClInclude Include="..\Externals\luabind-deboostified\luabind\detail\link_compatibility.hpp">
      <Filter>ScriptEngine\LuaBind\inc\detail</Filter>
    </ClInclude>
    <ClInclude Include="..\Externals\luabind-deboostified\luabind\detail\make_instance.hpp">
      <Filter>ScriptEngine\LuaBind\inc\detail</Filter>
    </ClInclude>
    <ClInclude Include="..\Externals\luabind-deboostified\luabind\detail\meta.hpp">
      <Filter>ScriptEngine\LuaBind\inc\detail</Filter>
    </ClInclude>
    <ClInclude Include="..\Externals\luabind-deboostified\luabind\detail\object.hpp">
      <Filter>ScriptEngine\LuaBind\inc\detail</Filter>
    </ClInclude>
    <ClInclude Include="..\Externals\luabind-deboostified\luabind\detail\object_rep.hpp">
      <Filter>ScriptEngine\LuaBind\inc\detail</Filter>
    </ClInclude>
    <ClInclude Include="..\Externals\luabind-deboostified\luabind\detail\open.hpp">
      <Filter>ScriptEngine\LuaBind\inc\detail</Filter>
    </ClInclude>
    <ClInclude Include="..\Externals\luabind-deboostified\luabind\detail\operator_id.hpp">
      <Filter>ScriptEngine\LuaBind\inc\detail</Filter>
    </ClInclude>
    <ClInclude Include="..\Externals\luabind-deboostified\luabind\detail\other.hpp">
      <Filter>ScriptEngine\LuaBind\inc\detail</Filter>
    </ClInclude>
    <ClInclude Include="..\Externals\luabind-deboostified\luabind\detail\pcall.hpp">
      <Filter>ScriptEngine\LuaBind\inc\detail</Filter>
    </ClInclude>
    <ClInclude Include="..\Externals\luabind-deboostified\luabind\detail\policy.hpp">
      <Filter>ScriptEngine\LuaBind\inc\detail</Filter>
    </ClInclude>
    <ClInclude Include="..\Externals\luabind-deboostified\luabind\detail\primitives.hpp">
      <Filter>ScriptEngine\LuaBind\inc\detail</Filter>
    </ClInclude>
    <ClInclude Include="..\Externals\luabind-deboostified\luabind\detail\property.hpp">
      <Filter>ScriptEngine\LuaBind\inc\detail</Filter>
    </ClInclude>
    <ClInclude Include="..\Externals\luabind-deboostified\luabind\detail\push_to_lua.hpp">
      <Filter>ScriptEngine\LuaBind\inc\detail</Filter>
    </ClInclude>
    <ClInclude Include="..\Externals\luabind-deboostified\luabind\detail\ref.hpp">
      <Filter>ScriptEngine\LuaBind\inc\detail</Filter>
    </ClInclude>
    <ClInclude Include="..\Externals\luabind-deboostified\luabind\detail\signature_match.hpp">
      <Filter>ScriptEngine\LuaBind\inc\detail</Filter>
    </ClInclude>
    <ClInclude Include="..\Externals\luabind-deboostified\luabind\detail\stack_utils.hpp">
      <Filter>ScriptEngine\LuaBind\inc\detail</Filter>
    </ClInclude>
    <ClInclude Include="..\Externals\luabind-deboostified\luabind\detail\type_traits.hpp">
      <Filter>ScriptEngine\LuaBind\inc\detail</Filter>
    </ClInclude>
    <ClInclude Include="..\Externals\luabind-deboostified\luabind\detail\conversion_policies\conversion_base.hpp">
      <Filter>ScriptEngine\LuaBind\inc\detail\conversion_policies</Filter>
    </ClInclude>
    <ClInclude Include="..\Externals\luabind-deboostified\luabind\detail\conversion_policies\conversion_policies.hpp">
      <Filter>ScriptEngine\LuaBind\inc\detail\conversion_policies</Filter>
    </ClInclude>
    <ClInclude Include="..\Externals\luabind-deboostified\luabind\detail\conversion_policies\enum_converter.hpp">
      <Filter>ScriptEngine\LuaBind\inc\detail\conversion_policies</Filter>
    </ClInclude>
    <ClInclude Include="..\Externals\luabind-deboostified\luabind\detail\conversion_policies\function_converter.hpp">
      <Filter>ScriptEngine\LuaBind\inc\detail\conversion_policies</Filter>
    </ClInclude>
    <ClInclude Include="..\Externals\luabind-deboostified\luabind\detail\conversion_policies\lua_proxy_converter.hpp">
      <Filter>ScriptEngine\LuaBind\inc\detail\conversion_policies</Filter>
    </ClInclude>
    <ClInclude Include="..\Externals\luabind-deboostified\luabind\detail\conversion_policies\native_converter.hpp">
      <Filter>ScriptEngine\LuaBind\inc\detail\conversion_policies</Filter>
    </ClInclude>
    <ClInclude Include="..\Externals\luabind-deboostified\luabind\detail\conversion_policies\pointer_converter.hpp">
      <Filter>ScriptEngine\LuaBind\inc\detail\conversion_policies</Filter>
    </ClInclude>
    <ClInclude Include="..\Externals\luabind-deboostified\luabind\detail\conversion_policies\reference_converter.hpp">
      <Filter>ScriptEngine\LuaBind\inc\detail\conversion_policies</Filter>
    </ClInclude>
    <ClInclude Include="..\Externals\luabind-deboostified\luabind\detail\conversion_policies\value_converter.hpp">
      <Filter>ScriptEngine\LuaBind\inc\detail\conversion_policies</Filter>
    </ClInclude>
    <ClInclude Include="MathTypes.h">
      <Filter>Common</Filter>
    </ClInclude>
    <ClInclude Include="ScriptEngine\LuaCore.h">
      <Filter>ScriptEngine</Filter>
    </ClInclude>
    <ClInclude Include="..\Externals\lua\lapi.h">
      <Filter>ScriptEngine\Lua\inc</Filter>
    </ClInclude>
    <ClInclude Include="..\Externals\lua\lauxlib.h">
      <Filter>ScriptEngine\Lua\inc</Filter>
    </ClInclude>
    <ClInclude Include="..\Externals\lua\lcode.h">
      <Filter>ScriptEngine\Lua\inc</Filter>
    </ClInclude>
    <ClInclude Include="..\Externals\lua\lctype.h">
      <Filter>ScriptEngine\Lua\inc</Filter>
    </ClInclude>
    <ClInclude Include="..\Externals\lua\ldebug.h">
      <Filter>ScriptEngine\Lua\inc</Filter>
    </ClInclude>
    <ClInclude Include="..\Externals\lua\ldo.h">
      <Filter>ScriptEngine\Lua\inc</Filter>
    </ClInclude>
    <ClInclude Include="..\Externals\lua\lfunc.h">
      <Filter>ScriptEngine\Lua\inc</Filter>
    </ClInclude>
    <ClInclude Include="..\Externals\lua\lgc.h">
      <Filter>ScriptEngine\Lua\inc</Filter>
    </ClInclude>
    <ClInclude Include="..\Externals\lua\llex.h">
      <Filter>ScriptEngine\Lua\inc</Filter>
    </ClInclude>
    <ClInclude Include="..\Externals\lua\llimits.h">
      <Filter>ScriptEngine\Lua\inc</Filter>
    </ClInclude>
    <ClInclude Include="..\Externals\lua\lmem.h">
      <Filter>ScriptEngine\Lua\inc</Filter>
    </ClInclude>
    <ClInclude Include="..\Externals\lua\lobject.h">
      <Filter>ScriptEngine\Lua\inc</Filter>
    </ClInclude>
    <ClInclude Include="..\Externals\lua\lopcodes.h">
      <Filter>ScriptEngine\Lua\inc</Filter>
    </ClInclude>
    <ClInclude Include="..\Externals\lua\lparser.h">
      <Filter>ScriptEngine\Lua\inc</Filter>
    </ClInclude>
    <ClInclude Include="..\Externals\lua\lprefix.h">
      <Filter>ScriptEngine\Lua\inc</Filter>
    </ClInclude>
    <ClInclude Include="..\Externals\lua\lstate.h">
      <Filter>ScriptEngine\Lua\inc</Filter>
    </ClInclude>
    <ClInclude Include="..\Externals\lua\lstring.h">
      <Filter>ScriptEngine\Lua\inc</Filter>
    </ClInclude>
    <ClInclude Include="..\Externals\lua\ltable.h">
      <Filter>ScriptEngine\Lua\inc</Filter>
    </ClInclude>
    <ClInclude Include="..\Externals\lua\ltm.h">
      <Filter>ScriptEngine\Lua\inc</Filter>
    </ClInclude>
    <ClInclude Include="..\Externals\lua\lua.h">
      <Filter>ScriptEngine\Lua\inc</Filter>
    </ClInclude>
    <ClInclude Include="..\Externals\lua\luaconf.h">
      <Filter>ScriptEngine\Lua\inc</Filter>
    </ClInclude>
    <ClInclude Include="..\Externals\lua\lualib.h">
      <Filter>ScriptEngine\Lua\inc</Filter>
    </ClInclude>
    <ClInclude Include="..\Externals\lua\lundump.h">
      <Filter>ScriptEngine\Lua\inc</Filter>
    </ClInclude>
    <ClInclude Include="..\Externals\lua\lvm.h">
      <Filter>ScriptEngine\Lua\inc</Filter>
    </ClInclude>
    <ClInclude Include="..\Externals\lua\lzio.h">
      <Filter>ScriptEngine\Lua\inc</Filter>
    </ClInclude>
    <ClInclude Include="..\Externals\lua\lua.hpp">
      <Filter>ScriptEngine\Lua\inc</Filter>
    </ClInclude>
    <ClInclude Include="PluginsManager.h">
      <Filter>Plugins</Filter>
    </ClInclude>
  </ItemGroup>
  <ItemGroup>
    <None Include="RefManager2Dim.inl">
      <Filter>RefManager\2 Dim</Filter>
    </None>
    <None Include="RefManager1Dim.inl">
      <Filter>RefManager\1 Dim</Filter>
    </None>
    <None Include="RefManager1DimAssync.inl">
      <Filter>RefManager\1 Dim Assync</Filter>
    </None>
  </ItemGroup>
</Project>