
Microsoft Visual Studio Solution File, Format Version 12.00
# Visual Studio 15
VisualStudioVersion = 15.0.27130.2027
MinimumVisualStudioVersion = 10.0.40219.1
Project("{8BC9CEB8-8B4A-11D0-8D11-00A0C91BC942}") = "znCore", "znCore\znCore.vcxproj", "{A4E6F769-0036-4128-A409-495D9207F587}"
EndProject
Project("{2150E333-8FDC-42A3-9474-1A3956D46DE8}") = "3rd party", "3rd party", "{7117DD40-5090-4982-B565-034F60A0D3B1}"
EndProject
Project("{8BC9CEB8-8B4A-11D0-8D11-00A0C91BC942}") = "znRenderDX11", "znRenderDX11\znRenderDX11.vcxproj", "{590C7C79-AE16-4DB2-B61C-BB7B25B76B42}"
	ProjectSection(ProjectDependencies) = postProject
		{4BFB75A1-EE52-478A-BDAC-30FFB977EBB7} = {4BFB75A1-EE52-478A-BDAC-30FFB977EBB7}
	EndProjectSection
EndProject
Project("{8BC9CEB8-8B4A-11D0-8D11-00A0C91BC942}") = "Game", "Game\Game.vcxproj", "{552A42EB-9115-4D9D-90CA-0938EFF5F664}"
	ProjectSection(ProjectDependencies) = postProject
		{51252F60-B8DC-4090-BBA3-DD05942110F0} = {51252F60-B8DC-4090-BBA3-DD05942110F0}
	EndProjectSection
EndProject
Project("{8BC9CEB8-8B4A-11D0-8D11-00A0C91BC942}") = "znEngine", "znEngine\znEngine.vcxproj", "{51252F60-B8DC-4090-BBA3-DD05942110F0}"
	ProjectSection(ProjectDependencies) = postProject
		{590C7C79-AE16-4DB2-B61C-BB7B25B76B42} = {590C7C79-AE16-4DB2-B61C-BB7B25B76B42}
		{78B079BD-9FC7-4B9E-B4A6-96DA0F00248B} = {78B079BD-9FC7-4B9E-B4A6-96DA0F00248B}
		{102DC6F1-CB83-4203-BA24-1C9E812FDE4B} = {102DC6F1-CB83-4203-BA24-1C9E812FDE4B}
	EndProjectSection
EndProject
Project("{8BC9CEB8-8B4A-11D0-8D11-00A0C91BC942}") = "znRender", "znRender\znRender.vcxproj", "{4BFB75A1-EE52-478A-BDAC-30FFB977EBB7}"
	ProjectSection(ProjectDependencies) = postProject
		{A4E6F769-0036-4128-A409-495D9207F587} = {A4E6F769-0036-4128-A409-495D9207F587}
	EndProjectSection
EndProject
Project("{2150E333-8FDC-42A3-9474-1A3956D46DE8}") = "FreeImage", "FreeImage", "{F1C486BC-54D3-4499-8B55-4BED9C97B691}"
EndProject
Project("{8BC9CEB8-8B4A-11D0-8D11-00A0C91BC942}") = "freetype", "Externals\freetype-2.9.1\freetype.vcxproj", "{78B079BD-9FC7-4B9E-B4A6-96DA0F00248B}"
EndProject
Project("{8BC9CEB8-8B4A-11D0-8D11-00A0C91BC942}") = "zlib", "Externals\zlib\ZLib.vcxproj", "{33134F61-C1AD-4B6F-9CEA-503A9F140C52}"
EndProject
Project("{8BC9CEB8-8B4A-11D0-8D11-00A0C91BC942}") = "znRenderOpenGL", "znRenderOpenGL\znRenderOpenGL.vcxproj", "{102DC6F1-CB83-4203-BA24-1C9E812FDE4B}"
	ProjectSection(ProjectDependencies) = postProject
		{4BFB75A1-EE52-478A-BDAC-30FFB977EBB7} = {4BFB75A1-EE52-478A-BDAC-30FFB977EBB7}
	EndProjectSection
EndProject
Project("{8BC9CEB8-8B4A-11D0-8D11-00A0C91BC942}") = "LibPNG", "Externals\FreeImage-3.17.0\LibPNG\LibPNG.vcxproj", "{7DB10B50-CE00-4D7A-B322-6824F05D2FCB}"
EndProject
Project("{8BC9CEB8-8B4A-11D0-8D11-00A0C91BC942}") = "Editor", "Editor\Editor.vcxproj", "{B12702AD-ABFB-343A-A199-8E24837244A3}"
	ProjectSection(ProjectDependencies) = postProject
		{51252F60-B8DC-4090-BBA3-DD05942110F0} = {51252F60-B8DC-4090-BBA3-DD05942110F0}
		{590C7C79-AE16-4DB2-B61C-BB7B25B76B42} = {590C7C79-AE16-4DB2-B61C-BB7B25B76B42}
		{102DC6F1-CB83-4203-BA24-1C9E812FDE4B} = {102DC6F1-CB83-4203-BA24-1C9E812FDE4B}
	EndProjectSection
EndProject
Project("{2150E333-8FDC-42A3-9474-1A3956D46DE8}") = "Plugins", "Plugins", "{785AD952-99CE-49D7-AB38-96D921295F50}"
EndProject
Project("{8BC9CEB8-8B4A-11D0-8D11-00A0C91BC942}") = "znPlugin", "znPlugin\znPlugin.vcxproj", "{C077D800-0DBE-4CDA-A586-0E65821D91DB}"
EndProject
Project("{8BC9CEB8-8B4A-11D0-8D11-00A0C91BC942}") = "znScriptEnginePlugin", "znScriptEnginePlugin\znScriptEnginePlugin.vcxproj", "{F612A767-BA00-42BA-9FDD-C2350132E07F}"
EndProject
Global
	GlobalSection(SolutionConfigurationPlatforms) = preSolution
		Debug|x64 = Debug|x64
		Debug|x86 = Debug|x86
		Release|x64 = Release|x64
		Release|x86 = Release|x86
	EndGlobalSection
	GlobalSection(ProjectConfigurationPlatforms) = postSolution
		{A4E6F769-0036-4128-A409-495D9207F587}.Debug|x64.ActiveCfg = Debug|x64
		{A4E6F769-0036-4128-A409-495D9207F587}.Debug|x64.Build.0 = Debug|x64
		{A4E6F769-0036-4128-A409-495D9207F587}.Debug|x86.ActiveCfg = Debug|Win32
		{A4E6F769-0036-4128-A409-495D9207F587}.Debug|x86.Build.0 = Debug|Win32
		{A4E6F769-0036-4128-A409-495D9207F587}.Release|x64.ActiveCfg = Release|x64
		{A4E6F769-0036-4128-A409-495D9207F587}.Release|x64.Build.0 = Release|x64
		{A4E6F769-0036-4128-A409-495D9207F587}.Release|x86.ActiveCfg = Release|Win32
		{A4E6F769-0036-4128-A409-495D9207F587}.Release|x86.Build.0 = Release|Win32
		{590C7C79-AE16-4DB2-B61C-BB7B25B76B42}.Debug|x64.ActiveCfg = Debug|x64
		{590C7C79-AE16-4DB2-B61C-BB7B25B76B42}.Debug|x64.Build.0 = Debug|x64
		{590C7C79-AE16-4DB2-B61C-BB7B25B76B42}.Debug|x86.ActiveCfg = Debug|Win32
		{590C7C79-AE16-4DB2-B61C-BB7B25B76B42}.Debug|x86.Build.0 = Debug|Win32
		{590C7C79-AE16-4DB2-B61C-BB7B25B76B42}.Release|x64.ActiveCfg = Release|x64
		{590C7C79-AE16-4DB2-B61C-BB7B25B76B42}.Release|x64.Build.0 = Release|x64
		{590C7C79-AE16-4DB2-B61C-BB7B25B76B42}.Release|x86.ActiveCfg = Release|Win32
		{590C7C79-AE16-4DB2-B61C-BB7B25B76B42}.Release|x86.Build.0 = Release|Win32
		{552A42EB-9115-4D9D-90CA-0938EFF5F664}.Debug|x64.ActiveCfg = Debug|x64
		{552A42EB-9115-4D9D-90CA-0938EFF5F664}.Debug|x64.Build.0 = Debug|x64
		{552A42EB-9115-4D9D-90CA-0938EFF5F664}.Debug|x86.ActiveCfg = Debug|Win32
		{552A42EB-9115-4D9D-90CA-0938EFF5F664}.Debug|x86.Build.0 = Debug|Win32
		{552A42EB-9115-4D9D-90CA-0938EFF5F664}.Release|x64.ActiveCfg = Release|x64
		{552A42EB-9115-4D9D-90CA-0938EFF5F664}.Release|x64.Build.0 = Release|x64
		{552A42EB-9115-4D9D-90CA-0938EFF5F664}.Release|x86.ActiveCfg = Release|Win32
		{552A42EB-9115-4D9D-90CA-0938EFF5F664}.Release|x86.Build.0 = Release|Win32
		{51252F60-B8DC-4090-BBA3-DD05942110F0}.Debug|x64.ActiveCfg = Debug|x64
		{51252F60-B8DC-4090-BBA3-DD05942110F0}.Debug|x64.Build.0 = Debug|x64
		{51252F60-B8DC-4090-BBA3-DD05942110F0}.Debug|x86.ActiveCfg = Debug|Win32
		{51252F60-B8DC-4090-BBA3-DD05942110F0}.Debug|x86.Build.0 = Debug|Win32
		{51252F60-B8DC-4090-BBA3-DD05942110F0}.Release|x64.ActiveCfg = Release|x64
		{51252F60-B8DC-4090-BBA3-DD05942110F0}.Release|x64.Build.0 = Release|x64
		{51252F60-B8DC-4090-BBA3-DD05942110F0}.Release|x86.ActiveCfg = Release|Win32
		{51252F60-B8DC-4090-BBA3-DD05942110F0}.Release|x86.Build.0 = Release|Win32
		{4BFB75A1-EE52-478A-BDAC-30FFB977EBB7}.Debug|x64.ActiveCfg = Debug|x64
		{4BFB75A1-EE52-478A-BDAC-30FFB977EBB7}.Debug|x64.Build.0 = Debug|x64
		{4BFB75A1-EE52-478A-BDAC-30FFB977EBB7}.Debug|x86.ActiveCfg = Debug|Win32
		{4BFB75A1-EE52-478A-BDAC-30FFB977EBB7}.Debug|x86.Build.0 = Debug|Win32
		{4BFB75A1-EE52-478A-BDAC-30FFB977EBB7}.Release|x64.ActiveCfg = Release|x64
		{4BFB75A1-EE52-478A-BDAC-30FFB977EBB7}.Release|x64.Build.0 = Release|x64
		{4BFB75A1-EE52-478A-BDAC-30FFB977EBB7}.Release|x86.ActiveCfg = Release|Win32
		{4BFB75A1-EE52-478A-BDAC-30FFB977EBB7}.Release|x86.Build.0 = Release|Win32
		{78B079BD-9FC7-4B9E-B4A6-96DA0F00248B}.Debug|x64.ActiveCfg = Debug|x64
		{78B079BD-9FC7-4B9E-B4A6-96DA0F00248B}.Debug|x64.Build.0 = Debug|x64
		{78B079BD-9FC7-4B9E-B4A6-96DA0F00248B}.Debug|x86.ActiveCfg = Debug|Win32
		{78B079BD-9FC7-4B9E-B4A6-96DA0F00248B}.Debug|x86.Build.0 = Debug|Win32
		{78B079BD-9FC7-4B9E-B4A6-96DA0F00248B}.Release|x64.ActiveCfg = Release|x64
		{78B079BD-9FC7-4B9E-B4A6-96DA0F00248B}.Release|x64.Build.0 = Release|x64
		{78B079BD-9FC7-4B9E-B4A6-96DA0F00248B}.Release|x86.ActiveCfg = Release|Win32
		{78B079BD-9FC7-4B9E-B4A6-96DA0F00248B}.Release|x86.Build.0 = Release|Win32
		{33134F61-C1AD-4B6F-9CEA-503A9F140C52}.Debug|x64.ActiveCfg = Debug|x64
		{33134F61-C1AD-4B6F-9CEA-503A9F140C52}.Debug|x64.Build.0 = Debug|x64
		{33134F61-C1AD-4B6F-9CEA-503A9F140C52}.Debug|x86.ActiveCfg = Debug|Win32
		{33134F61-C1AD-4B6F-9CEA-503A9F140C52}.Debug|x86.Build.0 = Debug|Win32
		{33134F61-C1AD-4B6F-9CEA-503A9F140C52}.Release|x64.ActiveCfg = Release|x64
		{33134F61-C1AD-4B6F-9CEA-503A9F140C52}.Release|x64.Build.0 = Release|x64
		{33134F61-C1AD-4B6F-9CEA-503A9F140C52}.Release|x86.ActiveCfg = Release|Win32
		{33134F61-C1AD-4B6F-9CEA-503A9F140C52}.Release|x86.Build.0 = Release|Win32
		{102DC6F1-CB83-4203-BA24-1C9E812FDE4B}.Debug|x64.ActiveCfg = Debug|x64
		{102DC6F1-CB83-4203-BA24-1C9E812FDE4B}.Debug|x64.Build.0 = Debug|x64
		{102DC6F1-CB83-4203-BA24-1C9E812FDE4B}.Debug|x86.ActiveCfg = Debug|Win32
		{102DC6F1-CB83-4203-BA24-1C9E812FDE4B}.Debug|x86.Build.0 = Debug|Win32
		{102DC6F1-CB83-4203-BA24-1C9E812FDE4B}.Release|x64.ActiveCfg = Release|x64
		{102DC6F1-CB83-4203-BA24-1C9E812FDE4B}.Release|x64.Build.0 = Release|x64
		{102DC6F1-CB83-4203-BA24-1C9E812FDE4B}.Release|x86.ActiveCfg = Release|Win32
		{102DC6F1-CB83-4203-BA24-1C9E812FDE4B}.Release|x86.Build.0 = Release|Win32
		{7DB10B50-CE00-4D7A-B322-6824F05D2FCB}.Debug|x64.ActiveCfg = Debug|x64
		{7DB10B50-CE00-4D7A-B322-6824F05D2FCB}.Debug|x64.Build.0 = Debug|x64
		{7DB10B50-CE00-4D7A-B322-6824F05D2FCB}.Debug|x86.ActiveCfg = Debug|Win32
		{7DB10B50-CE00-4D7A-B322-6824F05D2FCB}.Debug|x86.Build.0 = Debug|Win32
		{7DB10B50-CE00-4D7A-B322-6824F05D2FCB}.Release|x64.ActiveCfg = Release|x64
		{7DB10B50-CE00-4D7A-B322-6824F05D2FCB}.Release|x64.Build.0 = Release|x64
		{7DB10B50-CE00-4D7A-B322-6824F05D2FCB}.Release|x86.ActiveCfg = Release|Win32
		{7DB10B50-CE00-4D7A-B322-6824F05D2FCB}.Release|x86.Build.0 = Release|Win32
		{B12702AD-ABFB-343A-A199-8E24837244A3}.Debug|x64.ActiveCfg = Debug|x64
		{B12702AD-ABFB-343A-A199-8E24837244A3}.Debug|x64.Build.0 = Debug|x64
		{B12702AD-ABFB-343A-A199-8E24837244A3}.Debug|x86.ActiveCfg = Debug|Win32
		{B12702AD-ABFB-343A-A199-8E24837244A3}.Debug|x86.Build.0 = Debug|Win32
		{B12702AD-ABFB-343A-A199-8E24837244A3}.Release|x64.ActiveCfg = Release|x64
		{B12702AD-ABFB-343A-A199-8E24837244A3}.Release|x64.Build.0 = Release|x64
		{B12702AD-ABFB-343A-A199-8E24837244A3}.Release|x86.ActiveCfg = Release|Win32
		{B12702AD-ABFB-343A-A199-8E24837244A3}.Release|x86.Build.0 = Release|Win32
		{C077D800-0DBE-4CDA-A586-0E65821D91DB}.Debug|x64.ActiveCfg = Debug|x64
		{C077D800-0DBE-4CDA-A586-0E65821D91DB}.Debug|x64.Build.0 = Debug|x64
		{C077D800-0DBE-4CDA-A586-0E65821D91DB}.Debug|x86.ActiveCfg = Debug|Win32
		{C077D800-0DBE-4CDA-A586-0E65821D91DB}.Debug|x86.Build.0 = Debug|Win32
		{C077D800-0DBE-4CDA-A586-0E65821D91DB}.Release|x64.ActiveCfg = Release|x64
		{C077D800-0DBE-4CDA-A586-0E65821D91DB}.Release|x64.Build.0 = Release|x64
		{C077D800-0DBE-4CDA-A586-0E65821D91DB}.Release|x86.ActiveCfg = Release|Win32
		{C077D800-0DBE-4CDA-A586-0E65821D91DB}.Release|x86.Build.0 = Release|Win32
		{F612A767-BA00-42BA-9FDD-C2350132E07F}.Debug|x64.ActiveCfg = Debug|x64
		{F612A767-BA00-42BA-9FDD-C2350132E07F}.Debug|x64.Build.0 = Debug|x64
		{F612A767-BA00-42BA-9FDD-C2350132E07F}.Debug|x86.ActiveCfg = Debug|Win32
		{F612A767-BA00-42BA-9FDD-C2350132E07F}.Debug|x86.Build.0 = Debug|Win32
		{F612A767-BA00-42BA-9FDD-C2350132E07F}.Release|x64.ActiveCfg = Release|x64
		{F612A767-BA00-42BA-9FDD-C2350132E07F}.Release|x64.Build.0 = Release|x64
		{F612A767-BA00-42BA-9FDD-C2350132E07F}.Release|x86.ActiveCfg = Release|Win32
		{F612A767-BA00-42BA-9FDD-C2350132E07F}.Release|x86.Build.0 = Release|Win32
	EndGlobalSection
	GlobalSection(SolutionProperties) = preSolution
		HideSolutionNode = FALSE
	EndGlobalSection
	GlobalSection(NestedProjects) = preSolution
		{F1C486BC-54D3-4499-8B55-4BED9C97B691} = {7117DD40-5090-4982-B565-034F60A0D3B1}
		{78B079BD-9FC7-4B9E-B4A6-96DA0F00248B} = {7117DD40-5090-4982-B565-034F60A0D3B1}
		{33134F61-C1AD-4B6F-9CEA-503A9F140C52} = {7117DD40-5090-4982-B565-034F60A0D3B1}
		{7DB10B50-CE00-4D7A-B322-6824F05D2FCB} = {F1C486BC-54D3-4499-8B55-4BED9C97B691}
		{C077D800-0DBE-4CDA-A586-0E65821D91DB} = {785AD952-99CE-49D7-AB38-96D921295F50}
		{F612A767-BA00-42BA-9FDD-C2350132E07F} = {785AD952-99CE-49D7-AB38-96D921295F50}
	EndGlobalSection
	GlobalSection(ExtensibilityGlobals) = postSolution
		SolutionGuid = {F9F36BB9-5089-4994-A982-BC672F2F36D0}
	EndGlobalSection
EndGlobal
