<?xml version="1.0" encoding="utf-8"?>
<Project ToolsVersion="4.0" xmlns="http://schemas.microsoft.com/developer/msbuild/2003">
  <ItemGroup>
    <Filter Include="Common">
      <UniqueIdentifier>{d0033b79-fd0f-4221-80fa-9a9bedd64d33}</UniqueIdentifier>
    </Filter>
    <Filter Include="Engine">
      <UniqueIdentifier>{bff6234b-c347-4c9d-a52e-f7020b86d9e1}</UniqueIdentifier>
    </Filter>
    <Filter Include="RenderStuff">
      <UniqueIdentifier>{61ff063b-287f-4ae6-84e4-ab15b88e3880}</UniqueIdentifier>
    </Filter>
    <Filter Include="Resources">
      <UniqueIdentifier>{d2566ee9-32c7-4f1c-80dd-bd0e32ff6663}</UniqueIdentifier>
    </Filter>
    <Filter Include="Resources\Shaders_D3D">
      <UniqueIdentifier>{8542ee19-eb4b-4e80-81a7-75b3c80c327b}</UniqueIdentifier>
    </Filter>
    <Filter Include="Resources\Shaders_D3D\UI">
      <UniqueIdentifier>{56d7d5e3-a89f-4bf7-8536-07f565670fc9}</UniqueIdentifier>
    </Filter>
    <Filter Include="Resources\Fonts">
      <UniqueIdentifier>{ce81b8f6-699d-4309-8b1e-71f75744ff5f}</UniqueIdentifier>
    </Filter>
    <Filter Include="Resources\Shaders_D3D\3D">
      <UniqueIdentifier>{5413c097-8bde-4ed5-b5c8-b65a0b3346d5}</UniqueIdentifier>
    </Filter>
    <Filter Include="Scene Funcitonal">
      <UniqueIdentifier>{8c49bf34-6b4c-469d-9001-5b6044462676}</UniqueIdentifier>
    </Filter>
    <Filter Include="Scene Funcitonal\Base">
      <UniqueIdentifier>{c05b5517-5a4e-490d-92bc-9b036a248df4}</UniqueIdentifier>
    </Filter>
    <Filter Include="CameraControllers">
      <UniqueIdentifier>{f27e3d17-127e-4168-8467-5e08cd85a502}</UniqueIdentifier>
    </Filter>
    <Filter Include="Scene Funcitonal\3D">
      <UniqueIdentifier>{63f02678-a9f8-491e-acfe-749ea5dd0719}</UniqueIdentifier>
    </Filter>
    <Filter Include="Materials">
      <UniqueIdentifier>{2542c214-c76f-4d2a-8c8e-78d755511f14}</UniqueIdentifier>
    </Filter>
    <Filter Include="Passes">
      <UniqueIdentifier>{14ca4580-6528-4597-9243-e173cc9a12f1}</UniqueIdentifier>
    </Filter>
    <Filter Include="Scene Funcitonal\UI">
      <UniqueIdentifier>{aeead1cf-e045-48e6-b75c-499dd6f7476a}</UniqueIdentifier>
    </Filter>
    <Filter Include="Scene Funcitonal\UI\UIContainerGarmoshka">
      <UniqueIdentifier>{2c5b150c-4814-4a73-bda8-ac6cdf2f7f38}</UniqueIdentifier>
    </Filter>
    <Filter Include="Scene Funcitonal\UI\Common">
      <UniqueIdentifier>{0eacb3f7-7859-4653-85e8-6b7ac08ce6a5}</UniqueIdentifier>
    </Filter>
    <Filter Include="Scene Funcitonal\UI\UIContainerList">
      <UniqueIdentifier>{b93002ef-9ad2-41b9-b244-84fd234dc24e}</UniqueIdentifier>
    </Filter>
    <Filter Include="Scene Funcitonal\UI\Utils">
      <UniqueIdentifier>{58530eb5-a58f-4c13-94b2-0d6730fa84eb}</UniqueIdentifier>
    </Filter>
    <Filter Include="Scene Funcitonal\3D\Components">
      <UniqueIdentifier>{3f3decd9-a413-4056-909a-5030084fde08}</UniqueIdentifier>
    </Filter>
    <Filter Include="Scene Funcitonal\Base\Components">
      <UniqueIdentifier>{2478da7f-6ebf-44cd-94b3-25e34b77109e}</UniqueIdentifier>
    </Filter>
    <Filter Include="Scene Funcitonal\UI\Components">
      <UniqueIdentifier>{1baba02f-1958-48a8-8cdc-4ad81791406c}</UniqueIdentifier>
    </Filter>
    <Filter Include="Passes\Queries">
      <UniqueIdentifier>{af4d1485-44b2-4e3b-9e17-9843a3353af4}</UniqueIdentifier>
    </Filter>
    <Filter Include="Passes\Base">
      <UniqueIdentifier>{31c83955-cc9d-4a1b-8837-012d508c5104}</UniqueIdentifier>
    </Filter>
    <Filter Include="Passes\Technical">
      <UniqueIdentifier>{b2333625-3b00-4c4f-be21-29225a140fe6}</UniqueIdentifier>
    </Filter>
    <Filter Include="Passes\3D">
      <UniqueIdentifier>{ce8acf99-2f08-4e83-bc28-d859c1558a54}</UniqueIdentifier>
    </Filter>
    <Filter Include="Passes\UI">
      <UniqueIdentifier>{d0ddb089-95eb-4b2b-aeb6-21411dfe03bf}</UniqueIdentifier>
    </Filter>
    <Filter Include="Scene Funcitonal\UI\Fonts">
      <UniqueIdentifier>{a14d68cf-974d-4fe9-8bb3-b39b310eae0b}</UniqueIdentifier>
    </Filter>
    <Filter Include="Resources\Shaders_OGL">
      <UniqueIdentifier>{c03fdd3f-3bd9-46ee-abb7-91fb10c738f9}</UniqueIdentifier>
    </Filter>
    <Filter Include="Resources\Shaders_OGL\UI">
      <UniqueIdentifier>{f4acda98-2887-4580-b2b9-57a1cf6bf95f}</UniqueIdentifier>
    </Filter>
    <Filter Include="FBX">
      <UniqueIdentifier>{d9523bc5-6faa-44da-9380-191b2b28f432}</UniqueIdentifier>
    </Filter>
    <Filter Include="Managers">
      <UniqueIdentifier>{bea8c7b6-a116-4292-87d0-9e849456ef13}</UniqueIdentifier>
    </Filter>
    <Filter Include="Managers\Settings">
      <UniqueIdentifier>{c55d8656-eb02-4071-98e0-ef05ce94f3ba}</UniqueIdentifier>
    </Filter>
    <Filter Include="Managers\Plugins">
      <UniqueIdentifier>{a4f901a5-b7b6-41b2-8f70-04e6c739b77e}</UniqueIdentifier>
    </Filter>
    <Filter Include="Resources\Shaders_OGL\3D">
      <UniqueIdentifier>{490800e0-8036-4348-b1ba-299b0b1a2c23}</UniqueIdentifier>
    </Filter>
  </ItemGroup>
  <ItemGroup>
    <ClCompile Include="stdafx.cpp">
      <Filter>Common</Filter>
    </ClCompile>
    <ClCompile Include="GameState.cpp">
      <Filter>Engine</Filter>
    </ClCompile>
    <ClCompile Include="Loader.cpp">
      <Filter>Engine</Filter>
    </ClCompile>
    <ClCompile Include="Application.cpp" />
    <ClCompile Include="EngineTime.cpp" />
    <ClCompile Include="MeshWrapper.cpp">
      <Filter>Engine</Filter>
    </ClCompile>
    <ClCompile Include="CreatePasses.cpp">
      <Filter>RenderStuff</Filter>
    </ClCompile>
    <ClCompile Include="MaterialWrapper.cpp">
      <Filter>Engine</Filter>
    </ClCompile>
    <ClCompile Include="WindowCreator.cpp" />
    <ClCompile Include="SceneFunctional\Light3D.cpp">
      <Filter>Scene Funcitonal</Filter>
    </ClCompile>
    <ClCompile Include="CameraControllers\ArcBallCameraController.cpp">
      <Filter>CameraControllers</Filter>
    </ClCompile>
    <ClCompile Include="CameraControllers\CameraControllerBase.cpp">
      <Filter>CameraControllers</Filter>
    </ClCompile>
    <ClCompile Include="CameraControllers\FreeCameraController.cpp">
      <Filter>CameraControllers</Filter>
    </ClCompile>
    <ClCompile Include="CameraControllers\RTSCameraController.cpp">
      <Filter>CameraControllers</Filter>
    </ClCompile>
    <ClCompile Include="SceneFunctional\UI\SceneNodeUI.cpp">
      <Filter>Scene Funcitonal\UI</Filter>
    </ClCompile>
    <ClCompile Include="SceneFunctional\UI\SceneUI.cpp">
      <Filter>Scene Funcitonal\UI</Filter>
    </ClCompile>
    <ClCompile Include="SceneFunctional\UI\UIContainerGarmoshka.cpp">
      <Filter>Scene Funcitonal\UI\UIContainerGarmoshka</Filter>
    </ClCompile>
    <ClCompile Include="SceneFunctional\UI\UIContainerGarmoshkaCategory.cpp">
      <Filter>Scene Funcitonal\UI\UIContainerGarmoshka</Filter>
    </ClCompile>
    <ClCompile Include="SceneFunctional\UI\UIContainerGarmoshkaCategoryHeader.cpp">
      <Filter>Scene Funcitonal\UI\UIContainerGarmoshka</Filter>
    </ClCompile>
    <ClCompile Include="SceneFunctional\UI\UIWindow.cpp">
      <Filter>Scene Funcitonal\UI\Common</Filter>
    </ClCompile>
    <ClCompile Include="SceneFunctional\UI\UITexture.cpp">
      <Filter>Scene Funcitonal\UI\Common</Filter>
    </ClCompile>
    <ClCompile Include="SceneFunctional\UI\UIText.cpp">
      <Filter>Scene Funcitonal\UI\Common</Filter>
    </ClCompile>
    <ClCompile Include="SceneFunctional\UI\UIColor.cpp">
      <Filter>Scene Funcitonal\UI\Common</Filter>
    </ClCompile>
    <ClCompile Include="SceneFunctional\UI\UIButton.cpp">
      <Filter>Scene Funcitonal\UI\Common</Filter>
    </ClCompile>
    <ClCompile Include="SceneFunctional\UI\UIBeizerLine.cpp">
      <Filter>Scene Funcitonal\UI\Common</Filter>
    </ClCompile>
    <ClCompile Include="SceneFunctional\UI\UIContainerListBase.cpp">
      <Filter>Scene Funcitonal\UI\UIContainerList</Filter>
    </ClCompile>
    <ClCompile Include="SceneFunctional\UI\UIContainerListWithActivation.cpp">
      <Filter>Scene Funcitonal\UI\UIContainerList</Filter>
    </ClCompile>
    <ClCompile Include="Materials\MaterialDebug.cpp">
      <Filter>Materials</Filter>
    </ClCompile>
    <ClCompile Include="Materials\MaterialTextured.cpp">
      <Filter>Materials</Filter>
    </ClCompile>
    <ClCompile Include="Materials\UI_Button_Material.cpp">
      <Filter>Materials</Filter>
    </ClCompile>
    <ClCompile Include="Materials\UI_Color_Material.cpp">
      <Filter>Materials</Filter>
    </ClCompile>
    <ClCompile Include="Materials\UI_Font_Material.cpp">
      <Filter>Materials</Filter>
    </ClCompile>
    <ClCompile Include="Materials\UI_Line_Material.cpp">
      <Filter>Materials</Filter>
    </ClCompile>
    <ClCompile Include="Materials\UI_Texture_Material.cpp">
      <Filter>Materials</Filter>
    </ClCompile>
    <ClCompile Include="Passes\DeferredLightingPass.cpp">
      <Filter>Passes</Filter>
    </ClCompile>
    <ClCompile Include="Passes\GBuffer.cpp">
      <Filter>Passes</Filter>
    </ClCompile>
    <ClCompile Include="Passes\PostprocessPass.cpp">
      <Filter>Passes</Filter>
    </ClCompile>
    <ClCompile Include="SceneFunctional\UI\UIUtils.cpp">
      <Filter>Scene Funcitonal\UI\Utils</Filter>
    </ClCompile>
    <ClCompile Include="SceneFunctional\3D\Scene3D.cpp">
      <Filter>Scene Funcitonal\3D</Filter>
    </ClCompile>
    <ClCompile Include="SceneFunctional\3D\SceneNode3D.cpp">
      <Filter>Scene Funcitonal\3D</Filter>
    </ClCompile>
    <ClCompile Include="SceneFunctional\3D\ColliderComponent3D.cpp">
      <Filter>Scene Funcitonal\3D\Components</Filter>
    </ClCompile>
    <ClCompile Include="SceneFunctional\3D\LightComponent3D.cpp">
      <Filter>Scene Funcitonal\3D\Components</Filter>
    </ClCompile>
    <ClCompile Include="SceneFunctional\3D\MeshComponent3D.cpp">
      <Filter>Scene Funcitonal\3D\Components</Filter>
    </ClCompile>
    <ClCompile Include="SceneFunctional\3D\TransformComponent3D.cpp">
      <Filter>Scene Funcitonal\3D\Components</Filter>
    </ClCompile>
    <ClCompile Include="SceneFunctional\Base\ComponentBase.cpp">
      <Filter>Scene Funcitonal\Base\Components</Filter>
    </ClCompile>
    <ClCompile Include="SceneFunctional\Base\TransformComponentBase.cpp">
      <Filter>Scene Funcitonal\Base\Components</Filter>
    </ClCompile>
    <ClCompile Include="SceneFunctional\Base\Scene.cpp">
      <Filter>Scene Funcitonal\Base</Filter>
    </ClCompile>
    <ClCompile Include="SceneFunctional\Base\SceneNode.cpp">
      <Filter>Scene Funcitonal\Base</Filter>
    </ClCompile>
    <ClCompile Include="SceneFunctional\UI\TransformComponentUI.cpp">
      <Filter>Scene Funcitonal\UI\Components</Filter>
    </ClCompile>
    <ClCompile Include="Passes\BeginQueryPass.cpp">
      <Filter>Passes\Queries</Filter>
    </ClCompile>
    <ClCompile Include="Passes\EndQueryPass.cpp">
      <Filter>Passes\Queries</Filter>
    </ClCompile>
    <ClCompile Include="Passes\ClearRenderTargetPass.cpp">
      <Filter>Passes\Technical</Filter>
    </ClCompile>
    <ClCompile Include="Passes\CopyBufferPass.cpp">
      <Filter>Passes\Technical</Filter>
    </ClCompile>
    <ClCompile Include="Passes\CopyTexturePass.cpp">
      <Filter>Passes\Technical</Filter>
    </ClCompile>
    <ClCompile Include="Passes\DispatchPass.cpp">
      <Filter>Passes\Technical</Filter>
    </ClCompile>
    <ClCompile Include="Passes\GenerateMipMapsPass.cpp">
      <Filter>Passes\Technical</Filter>
    </ClCompile>
    <ClCompile Include="Passes\AbstractPass.cpp">
      <Filter>Passes\Base</Filter>
    </ClCompile>
    <ClCompile Include="Passes\BaseUIPass.cpp">
      <Filter>Passes\UI</Filter>
    </ClCompile>
    <ClCompile Include="Passes\InvokeFunctionPass.cpp">
      <Filter>Passes\Technical</Filter>
    </ClCompile>
    <ClCompile Include="SceneFunctional\UI\Fonts\Font.cpp">
      <Filter>Scene Funcitonal\UI\Fonts</Filter>
    </ClCompile>
    <ClCompile Include="SceneFunctional\UI\Fonts\FontsManager.cpp">
      <Filter>Scene Funcitonal\UI\Fonts</Filter>
    </ClCompile>
    <ClCompile Include="Passes\BasePass.cpp">
      <Filter>Passes\3D</Filter>
    </ClCompile>
    <ClCompile Include="Passes\RenderTechnique.cpp">
      <Filter>Passes\Base</Filter>
    </ClCompile>
    <ClCompile Include="FBX.cpp">
      <Filter>FBX</Filter>
    </ClCompile>
    <ClCompile Include="FBXHelpers.cpp">
      <Filter>FBX</Filter>
    </ClCompile>
    <ClCompile Include="FBXDisplayHierarchy.cpp">
      <Filter>FBX</Filter>
    </ClCompile>
    <ClCompile Include="FBXDisplayMesh.cpp">
      <Filter>FBX</Filter>
    </ClCompile>
    <ClCompile Include="FBXDisplayMaterial.cpp">
      <Filter>FBX</Filter>
    </ClCompile>
    <ClCompile Include="FBXDisplayShape.cpp">
      <Filter>FBX</Filter>
    </ClCompile>
    <ClCompile Include="FBXDisplayTexture.cpp">
      <Filter>FBX</Filter>
    </ClCompile>
    <ClCompile Include="FBXDisplayCache.cpp">
      <Filter>FBX</Filter>
    </ClCompile>
    <ClCompile Include="FBXDisplayLink.cpp">
      <Filter>FBX</Filter>
    </ClCompile>
    <ClCompile Include="FBXDisplayCommon.cpp">
      <Filter>FBX</Filter>
    </ClCompile>
    <ClCompile Include="znEngine.cpp">
      <Filter>Common</Filter>
    </ClCompile>
    <ClCompile Include="RenderDeviceCreatorFactory.cpp">
      <Filter>Managers</Filter>
    </ClCompile>
    <ClCompile Include="Settings\GroupQuality.cpp">
      <Filter>Managers\Settings</Filter>
    </ClCompile>
    <ClCompile Include="Settings\GroupVideo.cpp">
      <Filter>Managers\Settings</Filter>
    </ClCompile>
    <ClCompile Include="Settings\Settings.cpp">
      <Filter>Managers\Settings</Filter>
    </ClCompile>
    <ClCompile Include="Plugins\PluginsManager.cpp">
      <Filter>Managers\Plugins</Filter>
    </ClCompile>
    <ClCompile Include="Application_Events.cpp" />
    <ClCompile Include="WindowClassRegistrator.cpp" />
  </ItemGroup>
  <ItemGroup>
    <ClInclude Include="common.h">
      <Filter>Common</Filter>
    </ClInclude>
    <ClInclude Include="stdafx.h">
      <Filter>Common</Filter>
    </ClInclude>
    <ClInclude Include="GameState.h">
      <Filter>Engine</Filter>
    </ClInclude>
    <ClInclude Include="Loader.h">
      <Filter>Engine</Filter>
    </ClInclude>
    <ClInclude Include="Application.h" />
    <ClInclude Include="EngineTime.h" />
    <ClInclude Include="MeshWrapper.h">
      <Filter>Engine</Filter>
    </ClInclude>
    <ClInclude Include="CreatePasses.h">
      <Filter>RenderStuff</Filter>
    </ClInclude>
    <ClInclude Include="MaterialWrapper.h">
      <Filter>Engine</Filter>
    </ClInclude>
    <ClInclude Include="WindowCreator.h" />
    <ClInclude Include="..\shared\znEngine.h">
      <Filter>Common</Filter>
    </ClInclude>
    <ClInclude Include="SceneFunctional\Light3D.h">
      <Filter>Scene Funcitonal</Filter>
    </ClInclude>
    <ClInclude Include="CameraControllers\ArcBallCameraController.h">
      <Filter>CameraControllers</Filter>
    </ClInclude>
    <ClInclude Include="CameraControllers\CameraControllerBase.h">
      <Filter>CameraControllers</Filter>
    </ClInclude>
    <ClInclude Include="CameraControllers\FreeCameraController.h">
      <Filter>CameraControllers</Filter>
    </ClInclude>
    <ClInclude Include="CameraControllers\RTSCameraController.h">
      <Filter>CameraControllers</Filter>
    </ClInclude>
    <ClInclude Include="SceneFunctional\UI\SceneNodeUI.h">
      <Filter>Scene Funcitonal\UI</Filter>
    </ClInclude>
    <ClInclude Include="SceneFunctional\UI\SceneUI.h">
      <Filter>Scene Funcitonal\UI</Filter>
    </ClInclude>
    <ClInclude Include="SceneFunctional\UI\UIContainerGarmoshka.h">
      <Filter>Scene Funcitonal\UI\UIContainerGarmoshka</Filter>
    </ClInclude>
    <ClInclude Include="SceneFunctional\UI\UIContainerGarmoshkaCategory.h">
      <Filter>Scene Funcitonal\UI\UIContainerGarmoshka</Filter>
    </ClInclude>
    <ClInclude Include="SceneFunctional\UI\UIContainerGarmoshkaCategoryHeader.h">
      <Filter>Scene Funcitonal\UI\UIContainerGarmoshka</Filter>
    </ClInclude>
    <ClInclude Include="SceneFunctional\UI\UIWindow.h">
      <Filter>Scene Funcitonal\UI\Common</Filter>
    </ClInclude>
    <ClInclude Include="SceneFunctional\UI\UITexture.h">
      <Filter>Scene Funcitonal\UI\Common</Filter>
    </ClInclude>
    <ClInclude Include="SceneFunctional\UI\UIText.h">
      <Filter>Scene Funcitonal\UI\Common</Filter>
    </ClInclude>
    <ClInclude Include="SceneFunctional\UI\UIColor.h">
      <Filter>Scene Funcitonal\UI\Common</Filter>
    </ClInclude>
    <ClInclude Include="SceneFunctional\UI\UIButton.h">
      <Filter>Scene Funcitonal\UI\Common</Filter>
    </ClInclude>
    <ClInclude Include="SceneFunctional\UI\UIBeizerLine.h">
      <Filter>Scene Funcitonal\UI\Common</Filter>
    </ClInclude>
    <ClInclude Include="SceneFunctional\UI\UIContainerListBase.h">
      <Filter>Scene Funcitonal\UI\UIContainerList</Filter>
    </ClInclude>
    <ClInclude Include="SceneFunctional\UI\UIContainerListWithActivation.h">
      <Filter>Scene Funcitonal\UI\UIContainerList</Filter>
    </ClInclude>
    <ClInclude Include="SceneFunctional\Light.h">
      <Filter>Scene Funcitonal</Filter>
    </ClInclude>
    <ClInclude Include="Materials\MaterialDebug.h">
      <Filter>Materials</Filter>
    </ClInclude>
    <ClInclude Include="Materials\MaterialTextured.h">
      <Filter>Materials</Filter>
    </ClInclude>
    <ClInclude Include="Materials\UI_Button_Material.h">
      <Filter>Materials</Filter>
    </ClInclude>
    <ClInclude Include="Materials\UI_Color_Material.h">
      <Filter>Materials</Filter>
    </ClInclude>
    <ClInclude Include="Materials\UI_Font_Material.h">
      <Filter>Materials</Filter>
    </ClInclude>
    <ClInclude Include="Materials\UI_Line_Material.h">
      <Filter>Materials</Filter>
    </ClInclude>
    <ClInclude Include="Materials\UI_Texture_Material.h">
      <Filter>Materials</Filter>
    </ClInclude>
    <ClInclude Include="Passes\DeferredLightingPass.h">
      <Filter>Passes</Filter>
    </ClInclude>
    <ClInclude Include="Passes\GBuffer.h">
      <Filter>Passes</Filter>
    </ClInclude>
    <ClInclude Include="Passes\PostprocessPass.h">
      <Filter>Passes</Filter>
    </ClInclude>
    <ClInclude Include="SceneFunctional\UI\UIUtils.h">
      <Filter>Scene Funcitonal\UI\Utils</Filter>
    </ClInclude>
    <ClInclude Include="SceneFunctional\3D\Scene3D.h">
      <Filter>Scene Funcitonal\3D</Filter>
    </ClInclude>
    <ClInclude Include="SceneFunctional\3D\SceneNode3D.h">
      <Filter>Scene Funcitonal\3D</Filter>
    </ClInclude>
    <ClInclude Include="SceneFunctional\3D\ColliderComponent3D.h">
      <Filter>Scene Funcitonal\3D\Components</Filter>
    </ClInclude>
    <ClInclude Include="SceneFunctional\3D\LightComponent3D.h">
      <Filter>Scene Funcitonal\3D\Components</Filter>
    </ClInclude>
    <ClInclude Include="SceneFunctional\3D\MeshComponent3D.h">
      <Filter>Scene Funcitonal\3D\Components</Filter>
    </ClInclude>
    <ClInclude Include="SceneFunctional\3D\TransformComponent3D.h">
      <Filter>Scene Funcitonal\3D\Components</Filter>
    </ClInclude>
    <ClInclude Include="SceneFunctional\Base\ComponentBase.h">
      <Filter>Scene Funcitonal\Base\Components</Filter>
    </ClInclude>
    <ClInclude Include="SceneFunctional\Base\TransformComponentBase.h">
      <Filter>Scene Funcitonal\Base\Components</Filter>
    </ClInclude>
    <ClInclude Include="SceneFunctional\Base\Scene.h">
      <Filter>Scene Funcitonal\Base</Filter>
    </ClInclude>
    <ClInclude Include="SceneFunctional\Base\SceneNode.h">
      <Filter>Scene Funcitonal\Base</Filter>
    </ClInclude>
    <ClInclude Include="SceneFunctional\UI\TransformComponentUI.h">
      <Filter>Scene Funcitonal\UI\Components</Filter>
    </ClInclude>
    <ClInclude Include="Passes\BeginQueryPass.h">
      <Filter>Passes\Queries</Filter>
    </ClInclude>
    <ClInclude Include="Passes\EndQueryPass.h">
      <Filter>Passes\Queries</Filter>
    </ClInclude>
    <ClInclude Include="Passes\ClearRenderTargetPass.h">
      <Filter>Passes\Technical</Filter>
    </ClInclude>
    <ClInclude Include="Passes\CopyBufferPass.h">
      <Filter>Passes\Technical</Filter>
    </ClInclude>
    <ClInclude Include="Passes\CopyTexturePass.h">
      <Filter>Passes\Technical</Filter>
    </ClInclude>
    <ClInclude Include="Passes\DispatchPass.h">
      <Filter>Passes\Technical</Filter>
    </ClInclude>
    <ClInclude Include="Passes\GenerateMipMapsPass.h">
      <Filter>Passes\Technical</Filter>
    </ClInclude>
    <ClInclude Include="Passes\AbstractPass.h">
      <Filter>Passes\Base</Filter>
    </ClInclude>
    <ClInclude Include="Passes\BaseUIPass.h">
      <Filter>Passes\UI</Filter>
    </ClInclude>
    <ClInclude Include="Passes\InvokeFunctionPass.h">
      <Filter>Passes\Technical</Filter>
    </ClInclude>
    <ClInclude Include="SceneFunctional\UI\Fonts\Font.h">
      <Filter>Scene Funcitonal\UI\Fonts</Filter>
    </ClInclude>
    <ClInclude Include="SceneFunctional\UI\Fonts\FontsManager.h">
      <Filter>Scene Funcitonal\UI\Fonts</Filter>
    </ClInclude>
    <ClInclude Include="Passes\BasePass.h">
      <Filter>Passes\3D</Filter>
    </ClInclude>
    <ClInclude Include="Passes\RenderTechnique.h">
      <Filter>Passes\Base</Filter>
    </ClInclude>
    <ClInclude Include="FBX.h">
      <Filter>FBX</Filter>
    </ClInclude>
    <ClInclude Include="FBXHelpers.h">
      <Filter>FBX</Filter>
    </ClInclude>
    <ClInclude Include="FBXDisplayHierarchy.h">
      <Filter>FBX</Filter>
    </ClInclude>
    <ClInclude Include="FBXDisplayMesh.h">
      <Filter>FBX</Filter>
    </ClInclude>
    <ClInclude Include="FBXDisplayCache.h">
      <Filter>FBX</Filter>
    </ClInclude>
    <ClInclude Include="FBXDisplayLink.h">
      <Filter>FBX</Filter>
    </ClInclude>
    <ClInclude Include="FBXDisplayMaterial.h">
      <Filter>FBX</Filter>
    </ClInclude>
    <ClInclude Include="FBXDisplayShape.h">
      <Filter>FBX</Filter>
    </ClInclude>
    <ClInclude Include="FBXDisplayTexture.h">
      <Filter>FBX</Filter>
    </ClInclude>
    <ClInclude Include="FBXDisplayCommon.h">
      <Filter>FBX</Filter>
    </ClInclude>
    <ClInclude Include="RenderDeviceCreatorFactory.h">
      <Filter>Managers</Filter>
    </ClInclude>
    <ClInclude Include="Settings\GroupQuality.h">
      <Filter>Managers\Settings</Filter>
    </ClInclude>
    <ClInclude Include="Settings\GroupVideo.h">
      <Filter>Managers\Settings</Filter>
    </ClInclude>
    <ClInclude Include="Settings\Settings.h">
      <Filter>Managers\Settings</Filter>
    </ClInclude>
    <ClInclude Include="Plugins\PluginsManager.h">
      <Filter>Managers\Plugins</Filter>
    </ClInclude>
    <ClInclude Include="WindowClassRegistrator.h" />
  </ItemGroup>
  <ItemGroup>
    <ResourceCompile Include="znEngine.rc">
      <Filter>Resources</Filter>
    </ResourceCompile>
  </ItemGroup>
  <ItemGroup>
    <Text Include="Resources\shaders_D3D\CommonInclude.hlsl">
      <Filter>Resources\shaders_D3D</Filter>
    </Text>
    <Text Include="Resources\shaders_D3D\UI\UI_VertexBase.hlsl">
      <Filter>Resources\shaders_D3D\UI</Filter>
    </Text>
    <Text Include="Resources\shaders_D3D\UI\UI_Button.hlsl">
      <Filter>Resources\shaders_D3D\UI</Filter>
    </Text>
    <Text Include="Resources\shaders_D3D\UI\UI_Color.hlsl">
      <Filter>Resources\shaders_D3D\UI</Filter>
    </Text>
    <Text Include="Resources\shaders_D3D\UI\UI_Common.hlsl">
      <Filter>Resources\shaders_D3D\UI</Filter>
    </Text>
    <Text Include="Resources\shaders_D3D\UI\UI_Font.hlsl">
      <Filter>Resources\shaders_D3D\UI</Filter>
    </Text>
    <Text Include="Resources\shaders_D3D\UI\UI_Line.hlsl">
      <Filter>Resources\shaders_D3D\UI</Filter>
    </Text>
    <Text Include="Resources\shaders_D3D\UI\UI_Texture.hlsl">
      <Filter>Resources\shaders_D3D\UI</Filter>
    </Text>
    <Text Include="Resources\shaders_D3D\DeferredRendering.hlsl">
      <Filter>Resources\shaders_D3D</Filter>
    </Text>
    <Text Include="Resources\shaders_D3D\CommonTypes.hlsl">
      <Filter>Resources\shaders_D3D</Filter>
    </Text>
    <Text Include="Resources\shaders_D3D\Material.hlsl">
      <Filter>Resources\shaders_D3D</Filter>
    </Text>
    <Text Include="Resources\Fonts\consola.ttf">
      <Filter>Resources\Fonts</Filter>
    </Text>
    <Text Include="Resources\shaders_D3D\3D\Debug.hlsl">
      <Filter>Resources\Shaders_D3D\3D</Filter>
    </Text>
    <Text Include="Resources\shaders_D3D\3D\Textured.hlsl">
      <Filter>Resources\shaders_D3D\3D</Filter>
    </Text>
    <Text Include="Resources\shaders_OGL\UI\UI_Font.vs">
      <Filter>Resources\Shaders_OGL\UI</Filter>
    </Text>
    <Text Include="Resources\shaders_OGL\UI\UI_Font.ps">
      <Filter>Resources\Shaders_OGL\UI</Filter>
    </Text>
  </ItemGroup>
  <ItemGroup>
    <None Include="SceneFunctional\3D\SceneNode3D.inl">
      <Filter>Scene Funcitonal\3D</Filter>
    </None>
    <None Include="SceneFunctional\Base\ComponentBase.inl">
      <Filter>Scene Funcitonal\Base\Components</Filter>
    </None>
    <None Include="SceneFunctional\Base\Scene.inl">
      <Filter>Scene Funcitonal\Base</Filter>
    </None>
    <None Include="SceneFunctional\Base\SceneNode.inl">
      <Filter>Scene Funcitonal\Base</Filter>
    </None>
    <None Include="SceneFunctional\UI\SceneNodeUI.inl">
      <Filter>Scene Funcitonal\UI</Filter>
    </None>
    <None Include="Resources\shaders_OGL\3D\Debug.ps">
      <Filter>Resources\Shaders_OGL\3D</Filter>
    </None>
    <None Include="Resources\shaders_OGL\3D\Debug.vs">
      <Filter>Resources\Shaders_OGL\3D</Filter>
    </None>
    <None Include="Resources\shaders_OGL\3D\Textured.ps">
      <Filter>Resources\Shaders_OGL\3D</Filter>
    </None>
    <None Include="Resources\shaders_OGL\3D\Textured.vs">
      <Filter>Resources\Shaders_OGL\3D</Filter>
    </None>
  </ItemGroup>
</Project>