<?xml version="1.0" encoding="utf-8"?>
<Project ToolsVersion="4.0" xmlns="http://schemas.microsoft.com/developer/msbuild/2003">
  <ItemGroup>
    <Filter Include="Common">
      <UniqueIdentifier>{d0033b79-fd0f-4221-80fa-9a9bedd64d33}</UniqueIdentifier>
    </Filter>
    <Filter Include="Resources">
      <UniqueIdentifier>{d2566ee9-32c7-4f1c-80dd-bd0e32ff6663}</UniqueIdentifier>
    </Filter>
    <Filter Include="Resources\Shaders_D3D">
      <UniqueIdentifier>{8542ee19-eb4b-4e80-81a7-75b3c80c327b}</UniqueIdentifier>
    </Filter>
    <Filter Include="Resources\Shaders_D3D\UI">
      <UniqueIdentifier>{56d7d5e3-a89f-4bf7-8536-07f565670fc9}</UniqueIdentifier>
    </Filter>
    <Filter Include="Resources\Fonts">
      <UniqueIdentifier>{ce81b8f6-699d-4309-8b1e-71f75744ff5f}</UniqueIdentifier>
    </Filter>
    <Filter Include="Resources\Shaders_D3D\3D">
      <UniqueIdentifier>{5413c097-8bde-4ed5-b5c8-b65a0b3346d5}</UniqueIdentifier>
    </Filter>
    <Filter Include="Materials">
      <UniqueIdentifier>{2542c214-c76f-4d2a-8c8e-78d755511f14}</UniqueIdentifier>
    </Filter>
    <Filter Include="Passes">
      <UniqueIdentifier>{14ca4580-6528-4597-9243-e173cc9a12f1}</UniqueIdentifier>
    </Filter>
    <Filter Include="Resources\Shaders_OGL">
      <UniqueIdentifier>{c03fdd3f-3bd9-46ee-abb7-91fb10c738f9}</UniqueIdentifier>
    </Filter>
    <Filter Include="Resources\Shaders_OGL\UI">
      <UniqueIdentifier>{f4acda98-2887-4580-b2b9-57a1cf6bf95f}</UniqueIdentifier>
    </Filter>
    <Filter Include="Managers">
      <UniqueIdentifier>{bea8c7b6-a116-4292-87d0-9e849456ef13}</UniqueIdentifier>
    </Filter>
    <Filter Include="Resources\Shaders_OGL\3D">
      <UniqueIdentifier>{490800e0-8036-4348-b1ba-299b0b1a2c23}</UniqueIdentifier>
    </Filter>
    <Filter Include="Settings">
      <UniqueIdentifier>{c55d8656-eb02-4071-98e0-ef05ce94f3ba}</UniqueIdentifier>
    </Filter>
    <Filter Include="Resources\Textures">
      <UniqueIdentifier>{f841afa5-fa24-4948-a5bb-cc5e7cd3ea2a}</UniqueIdentifier>
    </Filter>
    <Filter Include="FBX">
      <UniqueIdentifier>{e7ba6856-f133-4afb-afe5-2b1fd89762b0}</UniqueIdentifier>
    </Filter>
    <Filter Include="FBX\Helpers">
      <UniqueIdentifier>{820fdffa-02ef-44ad-96bc-2579ee0988fc}</UniqueIdentifier>
    </Filter>
    <Filter Include="FBX\Parts">
      <UniqueIdentifier>{d92e52e1-0d78-44d9-ba88-a6990c61358e}</UniqueIdentifier>
    </Filter>
    <Filter Include="Passes\UI">
      <UniqueIdentifier>{46e412dd-bb55-422f-9cf7-d860c116b3c4}</UniqueIdentifier>
    </Filter>
    <Filter Include="Formats">
      <UniqueIdentifier>{342227e0-e22d-4457-be0c-b50002d6727d}</UniqueIdentifier>
    </Filter>
    <Filter Include="Formats\Images">
      <UniqueIdentifier>{e6bb9cbb-303a-4b03-bd60-ddcae714b9be}</UniqueIdentifier>
    </Filter>
    <Filter Include="Formats\Fonts">
      <UniqueIdentifier>{42e015df-4a5d-4cd0-a2db-2356c165cd3a}</UniqueIdentifier>
    </Filter>
    <Filter Include="Materials\UI materials">
      <UniqueIdentifier>{2341db42-48fb-4ccf-a7d0-ae8d040f8087}</UniqueIdentifier>
    </Filter>
    <Filter Include="Passes\Technical">
      <UniqueIdentifier>{ee871fb8-2974-4629-a7f9-72e3b2816735}</UniqueIdentifier>
    </Filter>
    <Filter Include="Passes\Scene">
      <UniqueIdentifier>{fd4fe218-d1f4-4227-85f0-ddee57019a42}</UniqueIdentifier>
    </Filter>
    <Filter Include="Tools">
      <UniqueIdentifier>{83bdfbf6-1b57-43c1-8b7e-8bb336dbf4b4}</UniqueIdentifier>
    </Filter>
    <Filter Include="Tools\AssyncLoader">
      <UniqueIdentifier>{e514f7a9-fea4-480c-9491-3e243067c92c}</UniqueIdentifier>
    </Filter>
    <Filter Include="Scene">
      <UniqueIdentifier>{eedc56cc-1ee4-4cd6-b409-af2ed914884c}</UniqueIdentifier>
    </Filter>
    <Filter Include="Scene\Camera">
      <UniqueIdentifier>{e3e728f3-88c2-4af0-90c0-10df5473eba1}</UniqueIdentifier>
    </Filter>
    <Filter Include="Scene\Components">
      <UniqueIdentifier>{766f4f63-5f82-4ace-9365-a0c2425a32d5}</UniqueIdentifier>
    </Filter>
    <Filter Include="Scene\Factory">
      <UniqueIdentifier>{42288e4e-a3cc-44e7-b889-8854e3ea2090}</UniqueIdentifier>
    </Filter>
    <Filter Include="Scene\Components\Skeleton">
      <UniqueIdentifier>{601eab62-08ec-461d-a53f-7a7ca845dfa0}</UniqueIdentifier>
    </Filter>
    <Filter Include="Resources\Shaders_D3D\3D\Editor">
      <UniqueIdentifier>{00ac689d-c860-46b3-914f-57b3ff6e03a2}</UniqueIdentifier>
    </Filter>
    <Filter Include="Formats\Models">
      <UniqueIdentifier>{79414a40-821a-439e-9cf4-85619b390ebb}</UniqueIdentifier>
    </Filter>
    <Filter Include="Formats\Models\Loaders">
      <UniqueIdentifier>{dce1f577-a935-4948-bb3c-cf3bd2f2b474}</UniqueIdentifier>
    </Filter>
    <Filter Include="Scene\Components\Animation">
      <UniqueIdentifier>{d9a0290d-57dd-4ca4-b9fe-98a84cef49af}</UniqueIdentifier>
    </Filter>
    <Filter Include="Formats\Textures">
      <UniqueIdentifier>{764bb252-60db-4a7e-a0eb-109925bacd6e}</UniqueIdentifier>
    </Filter>
    <Filter Include="Formats\Materials">
      <UniqueIdentifier>{172b0664-d6a2-4e56-a67c-1350556aafbd}</UniqueIdentifier>
    </Filter>
    <Filter Include="Formats\Images\DDS">
      <UniqueIdentifier>{532c90e3-fdcf-42a8-a06f-7d2b0eac0ddb}</UniqueIdentifier>
    </Filter>
    <Filter Include="Formats\Images\PNG">
      <UniqueIdentifier>{1b699a96-fcb3-433e-bb7d-1950e0c53c66}</UniqueIdentifier>
    </Filter>
    <Filter Include="Passes\DefferedRendering">
      <UniqueIdentifier>{10098261-ebbf-4465-8c32-402b36a51158}</UniqueIdentifier>
    </Filter>
    <Filter Include="Passes\ForwardRendering">
      <UniqueIdentifier>{ab8ee8c9-ff60-4ae2-9e88-1054a76849c1}</UniqueIdentifier>
    </Filter>
    <Filter Include="Passes\PostprocessRendering">
      <UniqueIdentifier>{8de667f2-5bea-4474-83be-ccf5b2a060e0}</UniqueIdentifier>
    </Filter>
    <Filter Include="NativeWindows">
      <UniqueIdentifier>{cfe67249-b3e6-463f-a7cd-5770ee4ab305}</UniqueIdentifier>
    </Filter>
    <Filter Include="Scene\UI">
      <UniqueIdentifier>{534c42f8-3515-4f60-9bd4-92b1ed91c63d}</UniqueIdentifier>
    </Filter>
    <Filter Include="Scene\RTS">
      <UniqueIdentifier>{9dc540cd-9f2d-49f0-a48a-2b158e64ef39}</UniqueIdentifier>
    </Filter>
    <Filter Include="Scene\Components\Particles">
      <UniqueIdentifier>{6ea439f2-add0-4df0-b035-164aa9c343dd}</UniqueIdentifier>
    </Filter>
  </ItemGroup>
  <ItemGroup>
    <ClCompile Include="stdafx.cpp">
      <Filter>Common</Filter>
    </ClCompile>
    <ClCompile Include="Application.cpp" />
    <ClCompile Include="Materials\MaterialDebug.cpp">
      <Filter>Materials</Filter>
    </ClCompile>
    <ClCompile Include="Materials\MaterialTextured.cpp">
      <Filter>Materials</Filter>
    </ClCompile>
    <ClCompile Include="znEngine.cpp">
      <Filter>Common</Filter>
    </ClCompile>
    <ClCompile Include="Settings\GroupVideo.cpp">
      <Filter>Settings</Filter>
    </ClCompile>
    <ClCompile Include="RenderDeviceFactory.cpp">
      <Filter>Managers</Filter>
    </ClCompile>
    <ClCompile Include="PluginsManager.cpp">
      <Filter>Managers</Filter>
    </ClCompile>
    <ClCompile Include="BaseManager.cpp">
      <Filter>Managers</Filter>
    </ClCompile>
    <ClCompile Include="Materials\MaterialModel.cpp">
      <Filter>Materials</Filter>
    </ClCompile>
    <ClCompile Include="FBX\FBXDisplayCache.cpp">
      <Filter>FBX</Filter>
    </ClCompile>
    <ClCompile Include="FBX\FBXDisplayCommon.cpp">
      <Filter>FBX</Filter>
    </ClCompile>
    <ClCompile Include="FBX\FBXDisplayLink.cpp">
      <Filter>FBX</Filter>
    </ClCompile>
    <ClCompile Include="FBX\FBXDisplayShape.cpp">
      <Filter>FBX</Filter>
    </ClCompile>
    <ClCompile Include="FBX\FBXScene.cpp">
      <Filter>FBX</Filter>
    </ClCompile>
    <ClCompile Include="FBX\FBXStream.cpp">
      <Filter>FBX\Helpers</Filter>
    </ClCompile>
    <ClCompile Include="FBX\FBXLight.cpp">
      <Filter>FBX\Parts</Filter>
    </ClCompile>
    <ClCompile Include="FBX\FBXMaterial.cpp">
      <Filter>FBX\Parts</Filter>
    </ClCompile>
    <ClCompile Include="Formats\Images\ImageLoaderTemplate.cpp">
      <Filter>Formats\Images</Filter>
    </ClCompile>
    <ClCompile Include="Formats\Images\ImagesFactory.cpp">
      <Filter>Formats\Images</Filter>
    </ClCompile>
    <ClCompile Include="Formats\Fonts\Font.cpp">
      <Filter>Formats\Fonts</Filter>
    </ClCompile>
    <ClCompile Include="Formats\Fonts\FontsManager.cpp">
      <Filter>Formats\Fonts</Filter>
    </ClCompile>
    <ClCompile Include="Materials\UI_Button_Material.cpp">
      <Filter>Materials\UI materials</Filter>
    </ClCompile>
    <ClCompile Include="Materials\UI_Color_Material.cpp">
      <Filter>Materials\UI materials</Filter>
    </ClCompile>
    <ClCompile Include="Materials\UI_Line_Material.cpp">
      <Filter>Materials\UI materials</Filter>
    </ClCompile>
    <ClCompile Include="Materials\UI_Texture_Material.cpp">
      <Filter>Materials\UI materials</Filter>
    </ClCompile>
    <ClCompile Include="FBX\FBXDisplayAnimation.cpp">
      <Filter>FBX</Filter>
    </ClCompile>
    <ClCompile Include="FBX\FBXSkeleton.cpp">
      <Filter>FBX\Parts</Filter>
    </ClCompile>
    <ClCompile Include="FBX\FBXAnimation.cpp">
      <Filter>FBX\Parts</Filter>
    </ClCompile>
    <ClCompile Include="FBX\FBXModel.cpp">
      <Filter>FBX\Parts</Filter>
    </ClCompile>
    <ClCompile Include="Passes\Technical\BeginQueryPass.cpp">
      <Filter>Passes\Technical</Filter>
    </ClCompile>
    <ClCompile Include="Passes\Technical\ClearRenderTargetPass.cpp">
      <Filter>Passes\Technical</Filter>
    </ClCompile>
    <ClCompile Include="Passes\Technical\CopyBufferPass.cpp">
      <Filter>Passes\Technical</Filter>
    </ClCompile>
    <ClCompile Include="Passes\Technical\CopyTexturePass.cpp">
      <Filter>Passes\Technical</Filter>
    </ClCompile>
    <ClCompile Include="Passes\Technical\DispatchPass.cpp">
      <Filter>Passes\Technical</Filter>
    </ClCompile>
    <ClCompile Include="Passes\Technical\EndQueryPass.cpp">
      <Filter>Passes\Technical</Filter>
    </ClCompile>
    <ClCompile Include="Passes\Technical\GenerateMipMapsPass.cpp">
      <Filter>Passes\Technical</Filter>
    </ClCompile>
    <ClCompile Include="Passes\Technical\InvokeFunctionPass.cpp">
      <Filter>Passes\Technical</Filter>
    </ClCompile>
    <ClCompile Include="Passes\Technical\SetShaderParameterPass.cpp">
      <Filter>Passes\Technical</Filter>
    </ClCompile>
    <ClCompile Include="Passes\Scene\SceneCreateTypedListsPass.cpp">
      <Filter>Passes\Scene</Filter>
    </ClCompile>
    <ClCompile Include="Passes\Scene\SceneCreateTypelessListPass.cpp">
      <Filter>Passes\Scene</Filter>
    </ClCompile>
    <ClCompile Include="AssyncLoader\LoadableObject.cpp">
      <Filter>Tools\AssyncLoader</Filter>
    </ClCompile>
    <ClCompile Include="AssyncLoader\Loader.cpp">
      <Filter>Tools\AssyncLoader</Filter>
    </ClCompile>
    <ClCompile Include="Scene\Nodes\UIBeizerLine.cpp">
      <Filter>Scene\UI</Filter>
    </ClCompile>
    <ClCompile Include="Scene\Nodes\UIButton.cpp">
      <Filter>Scene\UI</Filter>
    </ClCompile>
    <ClCompile Include="Scene\Nodes\UIColor.cpp">
      <Filter>Scene\UI</Filter>
    </ClCompile>
    <ClCompile Include="Scene\Nodes\UIContainerGarmoshka.cpp">
      <Filter>Scene\UI</Filter>
    </ClCompile>
    <ClCompile Include="Scene\Nodes\UIContainerGarmoshkaCategory.cpp">
      <Filter>Scene\UI</Filter>
    </ClCompile>
    <ClCompile Include="Scene\Nodes\UIContainerGarmoshkaCategoryHeader.cpp">
      <Filter>Scene\UI</Filter>
    </ClCompile>
    <ClCompile Include="Scene\Nodes\UIContainerListBase.cpp">
      <Filter>Scene\UI</Filter>
    </ClCompile>
    <ClCompile Include="Scene\Nodes\UIContainerListWithActivation.cpp">
      <Filter>Scene\UI</Filter>
    </ClCompile>
    <ClCompile Include="Scene\Nodes\UIText.cpp">
      <Filter>Scene\UI</Filter>
    </ClCompile>
    <ClCompile Include="Scene\Nodes\UITexture.cpp">
      <Filter>Scene\UI</Filter>
    </ClCompile>
    <ClCompile Include="Scene\Nodes\UIUtils.cpp">
      <Filter>Scene\UI</Filter>
    </ClCompile>
    <ClCompile Include="Scene\Nodes\UIWindow.cpp">
      <Filter>Scene\UI</Filter>
    </ClCompile>
    <ClCompile Include="Scene\Factory\ComponentsCreator.cpp">
      <Filter>Scene\Factory</Filter>
    </ClCompile>
    <ClCompile Include="Scene\Factory\SceneNodeCreator.cpp">
      <Filter>Scene\Factory</Filter>
    </ClCompile>
    <ClCompile Include="Scene\Components\CameraComponent3D.cpp">
      <Filter>Scene\Components</Filter>
    </ClCompile>
    <ClCompile Include="Scene\Components\ColliderComponent3D.cpp">
      <Filter>Scene\Components</Filter>
    </ClCompile>
    <ClCompile Include="Scene\Components\LightComponent3D.cpp">
      <Filter>Scene\Components</Filter>
    </ClCompile>
    <ClCompile Include="Scene\Components\ModelsComponent3D.cpp">
      <Filter>Scene\Components</Filter>
    </ClCompile>
    <ClCompile Include="Scene\Components\Skeleton\SkeletonComponent.cpp">
      <Filter>Scene\Components\Skeleton</Filter>
    </ClCompile>
    <ClCompile Include="Scene\Components\Skeleton\SkeletonComponentBone.cpp">
      <Filter>Scene\Components\Skeleton</Filter>
    </ClCompile>
    <ClCompile Include="Scene\Camera\ArcBallCameraController.cpp">
      <Filter>Scene\Camera</Filter>
    </ClCompile>
    <ClCompile Include="Scene\Camera\CameraControllerBase.cpp">
      <Filter>Scene\Camera</Filter>
    </ClCompile>
    <ClCompile Include="Scene\Camera\FreeCameraController.cpp">
      <Filter>Scene\Camera</Filter>
    </ClCompile>
    <ClCompile Include="Scene\Camera\RTSCameraController.cpp">
      <Filter>Scene\Camera</Filter>
    </ClCompile>
    <ClCompile Include="Scene\Components\ReactPhysicsComponent.cpp">
      <Filter>Scene\Components</Filter>
    </ClCompile>
    <ClCompile Include="Settings.cpp">
      <Filter>Managers</Filter>
    </ClCompile>
    <ClCompile Include="Formats\Models\EngineModelsLoader.cpp">
      <Filter>Formats\Models\Loaders</Filter>
    </ClCompile>
    <ClCompile Include="Formats\Models\FBXModelsLoader.cpp">
      <Filter>Formats\Models\Loaders</Filter>
    </ClCompile>
    <ClCompile Include="FBX\FBXUtils.cpp">
      <Filter>FBX\Helpers</Filter>
    </ClCompile>
    <ClCompile Include="FBX\FBXNode.cpp">
      <Filter>FBX</Filter>
    </ClCompile>
    <ClCompile Include="Scene\Components\Skeleton\Skeleton.cpp">
      <Filter>Scene\Components\Skeleton</Filter>
    </ClCompile>
    <ClCompile Include="Scene\Components\Skeleton\SkeletonBone.cpp">
      <Filter>Scene\Components\Skeleton</Filter>
    </ClCompile>
    <ClCompile Include="Scene\Components\Animation\AnimationComponent.cpp">
      <Filter>Scene\Components\Animation</Filter>
    </ClCompile>
    <ClCompile Include="Formats\Models\ModelsFactory.cpp">
      <Filter>Formats\Models</Filter>
    </ClCompile>
    <ClCompile Include="Formats\Materials\MaterialsFactory.cpp">
      <Filter>Formats\Materials</Filter>
    </ClCompile>
    <ClCompile Include="Formats\Images\ImageDDS.cpp">
      <Filter>Formats\Images\DDS</Filter>
    </ClCompile>
    <ClCompile Include="Formats\Images\DDSFormat.cpp">
      <Filter>Formats\Images\DDS</Filter>
    </ClCompile>
    <ClCompile Include="Formats\Images\ImagePNG.cpp">
      <Filter>Formats\Images\PNG</Filter>
    </ClCompile>
    <ClCompile Include="Passes\UI\UIButtonPass.cpp">
      <Filter>Passes\UI</Filter>
    </ClCompile>
    <ClCompile Include="Passes\UI\UIColorPass.cpp">
      <Filter>Passes\UI</Filter>
    </ClCompile>
    <ClCompile Include="Passes\UI\UIFontPass.cpp">
      <Filter>Passes\UI</Filter>
    </ClCompile>
    <ClCompile Include="Passes\UI\UITexturePass.cpp">
      <Filter>Passes\UI</Filter>
    </ClCompile>
    <ClCompile Include="Formats\Textures\TexturesFactory.cpp">
      <Filter>Formats\Textures</Filter>
    </ClCompile>
    <ClCompile Include="Scene\SceneBase.cpp">
      <Filter>Scene</Filter>
    </ClCompile>
    <ClCompile Include="Passes\DefferedRendering\PassDeffered_DoRenderScene.cpp">
      <Filter>Passes\DefferedRendering</Filter>
    </ClCompile>
    <ClCompile Include="Passes\DefferedRendering\PassDeffered_ProcessLights.cpp">
      <Filter>Passes\DefferedRendering</Filter>
    </ClCompile>
    <ClCompile Include="Passes\DefferedRendering\PassDeffered_RenderUIQuad.cpp">
      <Filter>Passes\DefferedRendering</Filter>
    </ClCompile>
    <ClCompile Include="Passes\ForwardRendering\PassForward_DoRenderScene.cpp">
      <Filter>Passes\ForwardRendering</Filter>
    </ClCompile>
    <ClCompile Include="Passes\DefferedRendering\RendererDeffered.cpp">
      <Filter>Passes\DefferedRendering</Filter>
    </ClCompile>
    <ClCompile Include="Passes\ForwardRendering\RendererForward.cpp">
      <Filter>Passes\ForwardRendering</Filter>
    </ClCompile>
    <ClCompile Include="Passes\PostprocessRendering\Postprocess_HDR.cpp">
      <Filter>Passes\PostprocessRendering</Filter>
    </ClCompile>
    <ClCompile Include="Passes\DrawBonesPass.cpp">
      <Filter>Passes</Filter>
    </ClCompile>
    <ClCompile Include="Passes\DrawBoundingBoxPass.cpp">
      <Filter>Passes</Filter>
    </ClCompile>
    <ClCompile Include="Passes\MaterialDebugPass.cpp">
      <Filter>Passes</Filter>
    </ClCompile>
    <ClCompile Include="Passes\MaterialParticlePass.cpp">
      <Filter>Passes</Filter>
    </ClCompile>
    <ClCompile Include="Passes\MaterialTexturedPass.cpp">
      <Filter>Passes</Filter>
    </ClCompile>
    <ClCompile Include="Passes\ForwardRendering\PassForward_DoRenderSceneInstanced.cpp">
      <Filter>Passes\ForwardRendering</Filter>
    </ClCompile>
    <ClCompile Include="Passes\Scene\BaseTypedList3DPass.cpp">
      <Filter>Passes\Scene</Filter>
    </ClCompile>
    <ClCompile Include="Passes\RTSGround_Pass.cpp">
      <Filter>Passes</Filter>
    </ClCompile>
    <ClCompile Include="NativeWindows\NativeWindow_Proxy.cpp">
      <Filter>NativeWindows</Filter>
    </ClCompile>
    <ClCompile Include="NativeWindows\NativeWindow_WindowsSpecific.cpp">
      <Filter>NativeWindows</Filter>
    </ClCompile>
    <ClCompile Include="NativeWindows\NativeWindowFactory.cpp">
      <Filter>NativeWindows</Filter>
    </ClCompile>
    <ClCompile Include="Scene\SceneNodeRTSPathAndPoint.cpp">
      <Filter>Scene\RTS</Filter>
    </ClCompile>
    <ClCompile Include="Scene\SceneNodeRTSGround.cpp">
      <Filter>Scene\RTS</Filter>
    </ClCompile>
    <ClCompile Include="Scene\SceneNodeRTSUnit.cpp">
      <Filter>Scene\RTS</Filter>
    </ClCompile>
    <ClCompile Include="Scene\SceneNodeRTSTower.cpp">
      <Filter>Scene\RTS</Filter>
    </ClCompile>
    <ClCompile Include="Scene\Nodes\UIControlConsole.cpp">
      <Filter>Scene\UI</Filter>
    </ClCompile>
    <ClCompile Include="Passes\UI\UIControlConsolePass.cpp">
      <Filter>Passes\UI</Filter>
    </ClCompile>
    <ClCompile Include="Scene\Components\Particles\ParticlesComponent.cpp">
      <Filter>Scene\Components\Particles</Filter>
    </ClCompile>
    <ClCompile Include="Scene\Components\Particles\ParticleSystem.cpp">
      <Filter>Scene\Components\Particles</Filter>
    </ClCompile>
  </ItemGroup>
  <ItemGroup>
    <ClInclude Include="common.h">
      <Filter>Common</Filter>
    </ClInclude>
    <ClInclude Include="stdafx.h">
      <Filter>Common</Filter>
    </ClInclude>
    <ClInclude Include="Application.h" />
    <ClInclude Include="..\shared\znEngine.h">
      <Filter>Common</Filter>
    </ClInclude>
    <ClInclude Include="Materials\MaterialDebug.h">
      <Filter>Materials</Filter>
    </ClInclude>
    <ClInclude Include="Materials\MaterialTextured.h">
      <Filter>Materials</Filter>
    </ClInclude>
    <ClInclude Include="Settings\GroupVideo.h">
      <Filter>Settings</Filter>
    </ClInclude>
    <ClInclude Include="RenderDeviceFactory.h">
      <Filter>Managers</Filter>
    </ClInclude>
    <ClInclude Include="PluginsManager.h">
      <Filter>Managers</Filter>
    </ClInclude>
    <ClInclude Include="BaseManager.h">
      <Filter>Managers</Filter>
    </ClInclude>
    <ClInclude Include="Materials\MaterialModel.h">
      <Filter>Materials</Filter>
    </ClInclude>
    <ClInclude Include="FBX\FBXDisplayCache.h">
      <Filter>FBX</Filter>
    </ClInclude>
    <ClInclude Include="FBX\FBXDisplayCommon.h">
      <Filter>FBX</Filter>
    </ClInclude>
    <ClInclude Include="FBX\FBXDisplayLink.h">
      <Filter>FBX</Filter>
    </ClInclude>
    <ClInclude Include="FBX\FBXDisplayShape.h">
      <Filter>FBX</Filter>
    </ClInclude>
    <ClInclude Include="FBX\FBXScene.h">
      <Filter>FBX</Filter>
    </ClInclude>
    <ClInclude Include="FBX\FBXStream.h">
      <Filter>FBX\Helpers</Filter>
    </ClInclude>
    <ClInclude Include="FBX\FBXLight.h">
      <Filter>FBX\Parts</Filter>
    </ClInclude>
    <ClInclude Include="FBX\FBXMaterial.h">
      <Filter>FBX\Parts</Filter>
    </ClInclude>
    <ClInclude Include="ThreadPool.h" />
    <ClInclude Include="Formats\Images\ImageLoaderTemplate.h">
      <Filter>Formats\Images</Filter>
    </ClInclude>
    <ClInclude Include="Formats\Images\ImagesFactory.h">
      <Filter>Formats\Images</Filter>
    </ClInclude>
    <ClInclude Include="Formats\Fonts\Font.h">
      <Filter>Formats\Fonts</Filter>
    </ClInclude>
    <ClInclude Include="Formats\Fonts\FontsManager.h">
      <Filter>Formats\Fonts</Filter>
    </ClInclude>
    <ClInclude Include="Materials\UI_Button_Material.h">
      <Filter>Materials\UI materials</Filter>
    </ClInclude>
    <ClInclude Include="Materials\UI_Color_Material.h">
      <Filter>Materials\UI materials</Filter>
    </ClInclude>
    <ClInclude Include="Materials\UI_Line_Material.h">
      <Filter>Materials\UI materials</Filter>
    </ClInclude>
    <ClInclude Include="Materials\UI_Texture_Material.h">
      <Filter>Materials\UI materials</Filter>
    </ClInclude>
    <ClInclude Include="FBX\FBXInterfaces.h">
      <Filter>FBX</Filter>
    </ClInclude>
    <ClInclude Include="FBX\FBXDisplayAnimation.h">
      <Filter>FBX</Filter>
    </ClInclude>
    <ClInclude Include="FBX\FBXSkeleton.h">
      <Filter>FBX\Parts</Filter>
    </ClInclude>
    <ClInclude Include="FBX\FBXAnimation.h">
      <Filter>FBX\Parts</Filter>
    </ClInclude>
    <ClInclude Include="FBX\FBXModel.h">
      <Filter>FBX\Parts</Filter>
    </ClInclude>
    <ClInclude Include="Passes\Technical\BeginQueryPass.h">
      <Filter>Passes\Technical</Filter>
    </ClInclude>
    <ClInclude Include="Passes\Technical\ClearRenderTargetPass.h">
      <Filter>Passes\Technical</Filter>
    </ClInclude>
    <ClInclude Include="Passes\Technical\CopyBufferPass.h">
      <Filter>Passes\Technical</Filter>
    </ClInclude>
    <ClInclude Include="Passes\Technical\CopyTexturePass.h">
      <Filter>Passes\Technical</Filter>
    </ClInclude>
    <ClInclude Include="Passes\Technical\DispatchPass.h">
      <Filter>Passes\Technical</Filter>
    </ClInclude>
    <ClInclude Include="Passes\Technical\EndQueryPass.h">
      <Filter>Passes\Technical</Filter>
    </ClInclude>
    <ClInclude Include="Passes\Technical\GenerateMipMapsPass.h">
      <Filter>Passes\Technical</Filter>
    </ClInclude>
    <ClInclude Include="Passes\Technical\InvokeFunctionPass.h">
      <Filter>Passes\Technical</Filter>
    </ClInclude>
    <ClInclude Include="Passes\Technical\SetShaderParameterPass.h">
      <Filter>Passes\Technical</Filter>
    </ClInclude>
    <ClInclude Include="Passes\Scene\SceneCreateTypedListsPass.h">
      <Filter>Passes\Scene</Filter>
    </ClInclude>
    <ClInclude Include="Passes\Scene\SceneCreateTypelessListPass.h">
      <Filter>Passes\Scene</Filter>
    </ClInclude>
    <ClInclude Include="AssyncLoader\LoadableObject.h">
      <Filter>Tools\AssyncLoader</Filter>
    </ClInclude>
    <ClInclude Include="AssyncLoader\Loader.h">
      <Filter>Tools\AssyncLoader</Filter>
    </ClInclude>
    <ClInclude Include="Scene\Nodes\UIBeizerLine.h">
      <Filter>Scene\UI</Filter>
    </ClInclude>
    <ClInclude Include="Scene\Nodes\UIButton.h">
      <Filter>Scene\UI</Filter>
    </ClInclude>
    <ClInclude Include="Scene\Nodes\UIColor.h">
      <Filter>Scene\UI</Filter>
    </ClInclude>
    <ClInclude Include="Scene\Nodes\UIContainerGarmoshka.h">
      <Filter>Scene\UI</Filter>
    </ClInclude>
    <ClInclude Include="Scene\Nodes\UIContainerGarmoshkaCategory.h">
      <Filter>Scene\UI</Filter>
    </ClInclude>
    <ClInclude Include="Scene\Nodes\UIContainerGarmoshkaCategoryHeader.h">
      <Filter>Scene\UI</Filter>
    </ClInclude>
    <ClInclude Include="Scene\Nodes\UIContainerListBase.h">
      <Filter>Scene\UI</Filter>
    </ClInclude>
    <ClInclude Include="Scene\Nodes\UIContainerListWithActivation.h">
      <Filter>Scene\UI</Filter>
    </ClInclude>
    <ClInclude Include="Scene\Nodes\UIText.h">
      <Filter>Scene\UI</Filter>
    </ClInclude>
    <ClInclude Include="Scene\Nodes\UITexture.h">
      <Filter>Scene\UI</Filter>
    </ClInclude>
    <ClInclude Include="Scene\Nodes\UIUtils.h">
      <Filter>Scene\UI</Filter>
    </ClInclude>
    <ClInclude Include="Scene\Nodes\UIWindow.h">
      <Filter>Scene\UI</Filter>
    </ClInclude>
    <ClInclude Include="Scene\Factory\ComponentsCreator.h">
      <Filter>Scene\Factory</Filter>
    </ClInclude>
    <ClInclude Include="Scene\Factory\SceneNodeCreator.h">
      <Filter>Scene\Factory</Filter>
    </ClInclude>
    <ClInclude Include="Scene\Components\CameraComponent3D.h">
      <Filter>Scene\Components</Filter>
    </ClInclude>
    <ClInclude Include="Scene\Components\ColliderComponent3D.h">
      <Filter>Scene\Components</Filter>
    </ClInclude>
    <ClInclude Include="Scene\Components\LightComponent3D.h">
      <Filter>Scene\Components</Filter>
    </ClInclude>
    <ClInclude Include="Scene\Components\ModelsComponent3D.h">
      <Filter>Scene\Components</Filter>
    </ClInclude>
    <ClInclude Include="Scene\Components\Skeleton\SkeletonComponent.h">
      <Filter>Scene\Components\Skeleton</Filter>
    </ClInclude>
    <ClInclude Include="Scene\Components\Skeleton\SkeletonComponentBone.h">
      <Filter>Scene\Components\Skeleton</Filter>
    </ClInclude>
    <ClInclude Include="Scene\Camera\ArcBallCameraController.h">
      <Filter>Scene\Camera</Filter>
    </ClInclude>
    <ClInclude Include="Scene\Camera\CameraControllerBase.h">
      <Filter>Scene\Camera</Filter>
    </ClInclude>
    <ClInclude Include="Scene\Camera\FreeCameraController.h">
      <Filter>Scene\Camera</Filter>
    </ClInclude>
    <ClInclude Include="Scene\Camera\RTSCameraController.h">
      <Filter>Scene\Camera</Filter>
    </ClInclude>
    <ClInclude Include="Scene\Components\ReactPhysicsComponent.h">
      <Filter>Scene\Components</Filter>
    </ClInclude>
    <ClInclude Include="Settings.h">
      <Filter>Managers</Filter>
    </ClInclude>
    <ClInclude Include="Formats\Models\FBXModelsLoader.h">
      <Filter>Formats\Models\Loaders</Filter>
    </ClInclude>
    <ClInclude Include="Formats\Models\EngineModelsLoader.h">
      <Filter>Formats\Models\Loaders</Filter>
    </ClInclude>
    <ClInclude Include="FBX\FBXUtils.h">
      <Filter>FBX\Helpers</Filter>
    </ClInclude>
    <ClInclude Include="FBX\FBXNode.h">
      <Filter>FBX</Filter>
    </ClInclude>
    <ClInclude Include="Scene\Components\Skeleton\Skeleton.h">
      <Filter>Scene\Components\Skeleton</Filter>
    </ClInclude>
    <ClInclude Include="Scene\Components\Skeleton\SkeletonBone.h">
      <Filter>Scene\Components\Skeleton</Filter>
    </ClInclude>
    <ClInclude Include="Scene\Components\Animation\AnimatedValue.h">
      <Filter>Scene\Components\Animation</Filter>
    </ClInclude>
    <ClInclude Include="Scene\Components\Animation\AnimationComponent.h">
      <Filter>Scene\Components\Animation</Filter>
    </ClInclude>
    <ClInclude Include="Formats\Models\ModelsFactory.h">
      <Filter>Formats\Models</Filter>
    </ClInclude>
    <ClInclude Include="Formats\Materials\MaterialsFactory.h">
      <Filter>Formats\Materials</Filter>
    </ClInclude>
    <ClInclude Include="Formats\Images\ImageDDS.h">
      <Filter>Formats\Images\DDS</Filter>
    </ClInclude>
    <ClInclude Include="Formats\Images\DDSFormat.h">
      <Filter>Formats\Images\DDS</Filter>
    </ClInclude>
    <ClInclude Include="Formats\Images\ImagePNG.h">
      <Filter>Formats\Images\PNG</Filter>
    </ClInclude>
    <ClInclude Include="Passes\UI\UIButtonPass.h">
      <Filter>Passes\UI</Filter>
    </ClInclude>
    <ClInclude Include="Passes\UI\UIColorPass.h">
      <Filter>Passes\UI</Filter>
    </ClInclude>
    <ClInclude Include="Passes\UI\UIFontPass.h">
      <Filter>Passes\UI</Filter>
    </ClInclude>
    <ClInclude Include="Passes\UI\UITexturePass.h">
      <Filter>Passes\UI</Filter>
    </ClInclude>
    <ClInclude Include="Formats\Textures\TexturesFactory.h">
      <Filter>Formats\Textures</Filter>
    </ClInclude>
    <ClInclude Include="Scene\SceneBase.h">
      <Filter>Scene</Filter>
    </ClInclude>
    <ClInclude Include="Passes\DefferedRendering\PassDeffered_DoRenderScene.h">
      <Filter>Passes\DefferedRendering</Filter>
    </ClInclude>
    <ClInclude Include="Passes\DefferedRendering\PassDeffered_ProcessLights.h">
      <Filter>Passes\DefferedRendering</Filter>
    </ClInclude>
    <ClInclude Include="Passes\DefferedRendering\PassDeffered_RenderUIQuad.h">
      <Filter>Passes\DefferedRendering</Filter>
    </ClInclude>
    <ClInclude Include="Passes\ForwardRendering\PassForward_DoRenderScene.h">
      <Filter>Passes\ForwardRendering</Filter>
    </ClInclude>
    <ClInclude Include="Passes\DefferedRendering\RendererDeffered.h">
      <Filter>Passes\DefferedRendering</Filter>
    </ClInclude>
    <ClInclude Include="Passes\ForwardRendering\RendererForward.h">
      <Filter>Passes\ForwardRendering</Filter>
    </ClInclude>
    <ClInclude Include="Passes\PostprocessRendering\Postprocess_HDR.h">
      <Filter>Passes\PostprocessRendering</Filter>
    </ClInclude>
    <ClInclude Include="Passes\MaterialTexturedPass.h">
      <Filter>Passes</Filter>
    </ClInclude>
    <ClInclude Include="Passes\DrawBonesPass.h">
      <Filter>Passes</Filter>
    </ClInclude>
    <ClInclude Include="Passes\DrawBoundingBoxPass.h">
      <Filter>Passes</Filter>
    </ClInclude>
    <ClInclude Include="Passes\MaterialDebugPass.h">
      <Filter>Passes</Filter>
    </ClInclude>
    <ClInclude Include="Passes\MaterialParticlePass.h">
      <Filter>Passes</Filter>
    </ClInclude>
    <ClInclude Include="Passes\ForwardRendering\PassForward_DoRenderSceneInstanced.h">
      <Filter>Passes\ForwardRendering</Filter>
    </ClInclude>
    <ClInclude Include="Passes\Scene\BaseTypedList3DPass.h">
      <Filter>Passes\Scene</Filter>
    </ClInclude>
    <ClInclude Include="Scene\EngineSceneIntfs.h">
      <Filter>Scene</Filter>
    </ClInclude>
    <ClInclude Include="Passes\RTSGround_Pass.h">
      <Filter>Passes</Filter>
    </ClInclude>
    <ClInclude Include="NativeWindows\NativeWindow_Proxy.h">
      <Filter>NativeWindows</Filter>
    </ClInclude>
    <ClInclude Include="NativeWindows\NativeWindow_WindowsSpecific.h">
      <Filter>NativeWindows</Filter>
    </ClInclude>
    <ClInclude Include="NativeWindows\NativeWindowFactory.h">
      <Filter>NativeWindows</Filter>
    </ClInclude>
    <ClInclude Include="Scene\SceneNodeRTSPathAndPoint.h">
      <Filter>Scene\RTS</Filter>
    </ClInclude>
    <ClInclude Include="Scene\SceneNodeRTSGround.h">
      <Filter>Scene\RTS</Filter>
    </ClInclude>
    <ClInclude Include="Scene\SceneNodeRTSUnit.h">
      <Filter>Scene\RTS</Filter>
    </ClInclude>
    <ClInclude Include="Scene\SceneNodeRTSTower.h">
      <Filter>Scene\RTS</Filter>
    </ClInclude>
    <ClInclude Include="Scene\Nodes\UIControlConsole.h">
      <Filter>Scene\UI</Filter>
    </ClInclude>
    <ClInclude Include="Passes\UI\UIControlConsolePass.h">
      <Filter>Passes\UI</Filter>
    </ClInclude>
    <ClInclude Include="Scene\Components\Particles\ParticlesComponent.h">
      <Filter>Scene\Components\Particles</Filter>
    </ClInclude>
    <ClInclude Include="Scene\Components\Particles\ParticleSystem.h">
      <Filter>Scene\Components\Particles</Filter>
    </ClInclude>
  </ItemGroup>
  <ItemGroup>
    <ResourceCompile Include="znEngine.rc">
      <Filter>Resources</Filter>
    </ResourceCompile>
  </ItemGroup>
  <ItemGroup>
    <Text Include="Resources\Fonts\consola.ttf">
      <Filter>Resources\Fonts</Filter>
    </Text>
    <Text Include="..\gamedata\shaders\3D\Debug.hlsl">
      <Filter>Resources\Shaders_D3D\3D</Filter>
    </Text>
    <Text Include="..\gamedata\shaders\3D\Model_Deffered.hlsl">
      <Filter>Resources\Shaders_D3D\3D</Filter>
    </Text>
    <Text Include="..\gamedata\shaders\3D\Model_Forward.hlsl">
      <Filter>Resources\Shaders_D3D\3D</Filter>
    </Text>
    <Text Include="..\gamedata\shaders\CommonInclude.hlsl">
      <Filter>Resources\Shaders_D3D</Filter>
    </Text>
    <Text Include="..\gamedata\shaders\DeferredRendering.hlsl">
      <Filter>Resources\Shaders_D3D</Filter>
    </Text>
    <Text Include="..\gamedata\shaders\ForwardRendering.hlsl">
      <Filter>Resources\Shaders_D3D</Filter>
    </Text>
    <Text Include="..\gamedata\shaders\Light.hlsl">
      <Filter>Resources\Shaders_D3D</Filter>
    </Text>
    <Text Include="..\gamedata\shaders\Material.hlsl">
      <Filter>Resources\Shaders_D3D</Filter>
    </Text>
    <Text Include="..\gamedata\shaders\Types.hlsl">
      <Filter>Resources\Shaders_D3D</Filter>
    </Text>
    <Text Include="..\gamedata\shaders\3D\Particle.hlsl">
      <Filter>Resources\Shaders_D3D\3D</Filter>
    </Text>
    <Text Include="..\gamedata\shaders\3D\Shadow.hlsl">
      <Filter>Resources\Shaders_D3D\3D</Filter>
    </Text>
    <Text Include="..\gamedata\shaders\3D\Textured.hlsl">
      <Filter>Resources\Shaders_D3D\3D</Filter>
    </Text>
    <Text Include="..\gamedata\shaders\3D\Editor\EditorShaders.hlsl">
      <Filter>Resources\Shaders_D3D\3D\Editor</Filter>
    </Text>
    <Text Include="..\gamedata\shaders\3D\Deffered_UIQuad.hlsl">
      <Filter>Resources\Shaders_D3D\3D</Filter>
    </Text>
    <Text Include="..\gamedata\shaders\3D\ShadowsUtils.hlsl">
      <Filter>Resources\Shaders_D3D\3D</Filter>
    </Text>
  </ItemGroup>
  <ItemGroup>
    <Image Include="Resources\Textures\default.png">
      <Filter>Resources\Textures</Filter>
    </Image>
  </ItemGroup>
  <ItemGroup>
    <FxCompile Include="..\gamedata\shaders\UI\UI_Button.hlsl">
      <Filter>Resources\Shaders_D3D\UI</Filter>
    </FxCompile>
    <FxCompile Include="..\gamedata\shaders\UI\UI_Color.hlsl">
      <Filter>Resources\Shaders_D3D\UI</Filter>
    </FxCompile>
    <FxCompile Include="..\gamedata\shaders\UI\UI_Common.hlsl">
      <Filter>Resources\Shaders_D3D\UI</Filter>
    </FxCompile>
    <FxCompile Include="..\gamedata\shaders\UI\UI_Font.hlsl">
      <Filter>Resources\Shaders_D3D\UI</Filter>
    </FxCompile>
    <FxCompile Include="..\gamedata\shaders\UI\UI_Line.hlsl">
      <Filter>Resources\Shaders_D3D\UI</Filter>
    </FxCompile>
    <FxCompile Include="..\gamedata\shaders\UI\UI_Texture.hlsl">
      <Filter>Resources\Shaders_D3D\UI</Filter>
    </FxCompile>
    <FxCompile Include="..\gamedata\shaders\UI\UI_VertexBase.hlsl">
      <Filter>Resources\Shaders_D3D\UI</Filter>
    </FxCompile>
  </ItemGroup>
  <ItemGroup>
    <None Include="Formats\Images\DDSFormat.inl">
      <Filter>Formats\Images\DDS</Filter>
    </None>
  </ItemGroup>
</Project>