<?xml version="1.0" encoding="utf-8"?>
<Project ToolsVersion="4.0" xmlns="http://schemas.microsoft.com/developer/msbuild/2003">
  <ItemGroup>
    <Filter Include="Common">
      <UniqueIdentifier>{d0033b79-fd0f-4221-80fa-9a9bedd64d33}</UniqueIdentifier>
    </Filter>
    <Filter Include="Materials">
      <UniqueIdentifier>{2542c214-c76f-4d2a-8c8e-78d755511f14}</UniqueIdentifier>
    </Filter>
    <Filter Include="Passes">
      <UniqueIdentifier>{14ca4580-6528-4597-9243-e173cc9a12f1}</UniqueIdentifier>
    </Filter>
    <Filter Include="Managers">
      <UniqueIdentifier>{bea8c7b6-a116-4292-87d0-9e849456ef13}</UniqueIdentifier>
    </Filter>
    <Filter Include="Settings">
      <UniqueIdentifier>{c55d8656-eb02-4071-98e0-ef05ce94f3ba}</UniqueIdentifier>
    </Filter>
    <Filter Include="Passes\UI">
      <UniqueIdentifier>{46e412dd-bb55-422f-9cf7-d860c116b3c4}</UniqueIdentifier>
    </Filter>
    <Filter Include="Formats">
      <UniqueIdentifier>{342227e0-e22d-4457-be0c-b50002d6727d}</UniqueIdentifier>
    </Filter>
    <Filter Include="Formats\Images">
      <UniqueIdentifier>{e6bb9cbb-303a-4b03-bd60-ddcae714b9be}</UniqueIdentifier>
    </Filter>
    <Filter Include="Formats\Fonts">
      <UniqueIdentifier>{42e015df-4a5d-4cd0-a2db-2356c165cd3a}</UniqueIdentifier>
    </Filter>
    <Filter Include="Passes\Technical">
      <UniqueIdentifier>{ee871fb8-2974-4629-a7f9-72e3b2816735}</UniqueIdentifier>
    </Filter>
    <Filter Include="Passes\Scene">
      <UniqueIdentifier>{fd4fe218-d1f4-4227-85f0-ddee57019a42}</UniqueIdentifier>
    </Filter>
    <Filter Include="Tools">
      <UniqueIdentifier>{83bdfbf6-1b57-43c1-8b7e-8bb336dbf4b4}</UniqueIdentifier>
    </Filter>
    <Filter Include="Tools\AssyncLoader">
      <UniqueIdentifier>{e514f7a9-fea4-480c-9491-3e243067c92c}</UniqueIdentifier>
    </Filter>
    <Filter Include="Scene">
      <UniqueIdentifier>{eedc56cc-1ee4-4cd6-b409-af2ed914884c}</UniqueIdentifier>
    </Filter>
    <Filter Include="Scene\Camera">
      <UniqueIdentifier>{e3e728f3-88c2-4af0-90c0-10df5473eba1}</UniqueIdentifier>
    </Filter>
    <Filter Include="Scene\Components">
      <UniqueIdentifier>{766f4f63-5f82-4ace-9365-a0c2425a32d5}</UniqueIdentifier>
    </Filter>
    <Filter Include="Formats\Models">
      <UniqueIdentifier>{79414a40-821a-439e-9cf4-85619b390ebb}</UniqueIdentifier>
    </Filter>
    <Filter Include="Formats\Textures">
      <UniqueIdentifier>{764bb252-60db-4a7e-a0eb-109925bacd6e}</UniqueIdentifier>
    </Filter>
    <Filter Include="Formats\Materials">
      <UniqueIdentifier>{172b0664-d6a2-4e56-a67c-1350556aafbd}</UniqueIdentifier>
    </Filter>
    <Filter Include="Formats\Images\DDS">
      <UniqueIdentifier>{532c90e3-fdcf-42a8-a06f-7d2b0eac0ddb}</UniqueIdentifier>
    </Filter>
    <Filter Include="Formats\Images\PNG">
      <UniqueIdentifier>{1b699a96-fcb3-433e-bb7d-1950e0c53c66}</UniqueIdentifier>
    </Filter>
    <Filter Include="Passes\DefferedRendering">
      <UniqueIdentifier>{10098261-ebbf-4465-8c32-402b36a51158}</UniqueIdentifier>
    </Filter>
    <Filter Include="Passes\ForwardRendering">
      <UniqueIdentifier>{ab8ee8c9-ff60-4ae2-9e88-1054a76849c1}</UniqueIdentifier>
    </Filter>
    <Filter Include="Passes\PostprocessRendering">
      <UniqueIdentifier>{8de667f2-5bea-4474-83be-ccf5b2a060e0}</UniqueIdentifier>
    </Filter>
    <Filter Include="Scene\Components\Particles">
      <UniqueIdentifier>{6ea439f2-add0-4df0-b035-164aa9c343dd}</UniqueIdentifier>
    </Filter>
    <Filter Include="Scene\Components\ModelComponent">
      <UniqueIdentifier>{c3a1a60d-2fe3-4d69-99d4-9d66ee4b05b0}</UniqueIdentifier>
    </Filter>
    <Filter Include="UIControls">
      <UniqueIdentifier>{ca08ca0d-5e99-4bc3-950b-f78dc515d6ab}</UniqueIdentifier>
    </Filter>
    <Filter Include="Scene\Components\Animations">
      <UniqueIdentifier>{ce72550d-0d10-47d8-a100-4cebda6c01f8}</UniqueIdentifier>
    </Filter>
    <Filter Include="Scene\Components\Light">
      <UniqueIdentifier>{4826d896-6602-41df-9829-552816e611d4}</UniqueIdentifier>
    </Filter>
    <Filter Include="Passes\Debug">
      <UniqueIdentifier>{77860b93-43be-46f5-bd1e-057836c9a656}</UniqueIdentifier>
    </Filter>
    <Filter Include="RTS">
      <UniqueIdentifier>{aeb8e771-0c99-43f8-90d0-022b36ed969b}</UniqueIdentifier>
    </Filter>
    <Filter Include="RTS\UIControls">
      <UniqueIdentifier>{918822c0-1868-4ae4-8065-6bca34a7d382}</UniqueIdentifier>
    </Filter>
    <Filter Include="RTS\SceneNodes">
      <UniqueIdentifier>{c3a8c0f5-b6b8-4595-ac3f-02f1677df404}</UniqueIdentifier>
    </Filter>
    <Filter Include="RTS\Passes">
      <UniqueIdentifier>{b714615d-012c-4434-804a-da7435bf2c31}</UniqueIdentifier>
    </Filter>
    <Filter Include="RTS\Components">
      <UniqueIdentifier>{0b897560-a853-4b79-b0f8-03b4f2628094}</UniqueIdentifier>
    </Filter>
    <Filter Include="UIControls\Text">
      <UniqueIdentifier>{4130358e-ab72-49c0-a48d-8468323ff8d2}</UniqueIdentifier>
    </Filter>
    <Filter Include="UIControls\Common">
      <UniqueIdentifier>{5e0280bb-fa43-4d8b-aedc-03c9483e84bc}</UniqueIdentifier>
    </Filter>
  </ItemGroup>
  <ItemGroup>
    <ClCompile Include="stdafx.cpp">
      <Filter>Common</Filter>
    </ClCompile>
    <ClCompile Include="Materials\MaterialDebug.cpp">
      <Filter>Materials</Filter>
    </ClCompile>
    <ClCompile Include="RenderDeviceFactory.cpp">
      <Filter>Managers</Filter>
    </ClCompile>
    <ClCompile Include="PluginsManager.cpp">
      <Filter>Managers</Filter>
    </ClCompile>
    <ClCompile Include="BaseManager.cpp">
      <Filter>Managers</Filter>
    </ClCompile>
    <ClCompile Include="Materials\MaterialModel.cpp">
      <Filter>Materials</Filter>
    </ClCompile>
    <ClCompile Include="Formats\Images\ImageLoaderTemplate.cpp">
      <Filter>Formats\Images</Filter>
    </ClCompile>
    <ClCompile Include="Formats\Images\ImagesFactory.cpp">
      <Filter>Formats\Images</Filter>
    </ClCompile>
    <ClCompile Include="Formats\Fonts\FontsManager.cpp">
      <Filter>Formats\Fonts</Filter>
    </ClCompile>
    <ClCompile Include="Passes\Technical\BeginQueryPass.cpp">
      <Filter>Passes\Technical</Filter>
    </ClCompile>
    <ClCompile Include="Passes\Technical\ClearRenderTargetPass.cpp">
      <Filter>Passes\Technical</Filter>
    </ClCompile>
    <ClCompile Include="Passes\Technical\CopyBufferPass.cpp">
      <Filter>Passes\Technical</Filter>
    </ClCompile>
    <ClCompile Include="Passes\Technical\CopyTexturePass.cpp">
      <Filter>Passes\Technical</Filter>
    </ClCompile>
    <ClCompile Include="Passes\Technical\DispatchPass.cpp">
      <Filter>Passes\Technical</Filter>
    </ClCompile>
    <ClCompile Include="Passes\Technical\EndQueryPass.cpp">
      <Filter>Passes\Technical</Filter>
    </ClCompile>
    <ClCompile Include="Passes\Technical\GenerateMipMapsPass.cpp">
      <Filter>Passes\Technical</Filter>
    </ClCompile>
    <ClCompile Include="Passes\Technical\InvokeFunctionPass.cpp">
      <Filter>Passes\Technical</Filter>
    </ClCompile>
    <ClCompile Include="Passes\Technical\SetShaderParameterPass.cpp">
      <Filter>Passes\Technical</Filter>
    </ClCompile>
    <ClCompile Include="Passes\Scene\SceneCreateTypedListsPass.cpp">
      <Filter>Passes\Scene</Filter>
    </ClCompile>
    <ClCompile Include="Passes\Scene\SceneCreateTypelessListPass.cpp">
      <Filter>Passes\Scene</Filter>
    </ClCompile>
    <ClCompile Include="AssyncLoader\LoadableObject.cpp">
      <Filter>Tools\AssyncLoader</Filter>
    </ClCompile>
    <ClCompile Include="AssyncLoader\Loader.cpp">
      <Filter>Tools\AssyncLoader</Filter>
    </ClCompile>
    <ClCompile Include="Scene\Camera\ArcBallCameraController.cpp">
      <Filter>Scene\Camera</Filter>
    </ClCompile>
    <ClCompile Include="Scene\Camera\CameraControllerBase.cpp">
      <Filter>Scene\Camera</Filter>
    </ClCompile>
    <ClCompile Include="Scene\Camera\FreeCameraController.cpp">
      <Filter>Scene\Camera</Filter>
    </ClCompile>
    <ClCompile Include="Scene\Camera\RTSCameraController.cpp">
      <Filter>Scene\Camera</Filter>
    </ClCompile>
    <ClCompile Include="Scene\Components\ReactPhysicsComponent.cpp">
      <Filter>Scene\Components</Filter>
    </ClCompile>
    <ClCompile Include="Formats\Models\ModelsFactory.cpp">
      <Filter>Formats\Models</Filter>
    </ClCompile>
    <ClCompile Include="Formats\Materials\MaterialsFactory.cpp">
      <Filter>Formats\Materials</Filter>
    </ClCompile>
    <ClCompile Include="Formats\Images\ImageDDS.cpp">
      <Filter>Formats\Images\DDS</Filter>
    </ClCompile>
    <ClCompile Include="Formats\Images\DDSFormat.cpp">
      <Filter>Formats\Images\DDS</Filter>
    </ClCompile>
    <ClCompile Include="Formats\Images\ImagePNG.cpp">
      <Filter>Formats\Images\PNG</Filter>
    </ClCompile>
    <ClCompile Include="Passes\UI\UIFontPass.cpp">
      <Filter>Passes\UI</Filter>
    </ClCompile>
    <ClCompile Include="Formats\Textures\TexturesFactory.cpp">
      <Filter>Formats\Textures</Filter>
    </ClCompile>
    <ClCompile Include="Scene\SceneBase.cpp">
      <Filter>Scene</Filter>
    </ClCompile>
    <ClCompile Include="Passes\DefferedRendering\PassDeffered_DoRenderScene.cpp">
      <Filter>Passes\DefferedRendering</Filter>
    </ClCompile>
    <ClCompile Include="Passes\DefferedRendering\PassDeffered_RenderUIQuad.cpp">
      <Filter>Passes\DefferedRendering</Filter>
    </ClCompile>
    <ClCompile Include="Passes\ForwardRendering\PassForward_DoRenderScene.cpp">
      <Filter>Passes\ForwardRendering</Filter>
    </ClCompile>
    <ClCompile Include="Passes\DefferedRendering\RendererDeffered.cpp">
      <Filter>Passes\DefferedRendering</Filter>
    </ClCompile>
    <ClCompile Include="Passes\ForwardRendering\RendererForward.cpp">
      <Filter>Passes\ForwardRendering</Filter>
    </ClCompile>
    <ClCompile Include="Passes\PostprocessRendering\Postprocess_HDR.cpp">
      <Filter>Passes\PostprocessRendering</Filter>
    </ClCompile>
    <ClCompile Include="Passes\ForwardRendering\PassForward_DoRenderSceneInstanced.cpp">
      <Filter>Passes\ForwardRendering</Filter>
    </ClCompile>
    <ClCompile Include="Passes\Scene\BaseTypedList3DPass.cpp">
      <Filter>Passes\Scene</Filter>
    </ClCompile>
    <ClCompile Include="Passes\RTSGround_Pass.cpp">
      <Filter>Passes</Filter>
    </ClCompile>
    <ClCompile Include="Scene\Components\Particles\ParticlesComponent.cpp">
      <Filter>Scene\Components\Particles</Filter>
    </ClCompile>
    <ClCompile Include="Scene\Components\Particles\ParticleSystem.cpp">
      <Filter>Scene\Components\Particles</Filter>
    </ClCompile>
    <ClCompile Include="Scene\EngineSceneExtender.cpp">
      <Filter>Scene</Filter>
    </ClCompile>
    <ClCompile Include="Passes\UI\UIControlPass.cpp">
      <Filter>Passes\UI</Filter>
    </ClCompile>
    <ClCompile Include="UIControls\UIControlCommon.cpp">
      <Filter>UIControls</Filter>
    </ClCompile>
    <ClCompile Include="Passes\UI\ConsolePass.cpp">
      <Filter>Passes\UI</Filter>
    </ClCompile>
    <ClCompile Include="Passes\ParticlesPass.cpp">
      <Filter>Passes</Filter>
    </ClCompile>
    <ClCompile Include="RTS\UIControls\UIControlRTSTowerBtn.cpp">
      <Filter>RTS\UIControls</Filter>
    </ClCompile>
    <ClCompile Include="RTS\UIControls\UIControlRTSTowersPanel.cpp">
      <Filter>RTS\UIControls</Filter>
    </ClCompile>
    <ClCompile Include="RTS\SceneNodes\SceneNodeRTSGround.cpp">
      <Filter>RTS\SceneNodes</Filter>
    </ClCompile>
    <ClCompile Include="RTS\SceneNodes\SceneNodeRTSPathAndPoint.cpp">
      <Filter>RTS\SceneNodes</Filter>
    </ClCompile>
    <ClCompile Include="RTS\SceneNodes\SceneNodeRTSTower.cpp">
      <Filter>RTS\SceneNodes</Filter>
    </ClCompile>
    <ClCompile Include="RTS\SceneNodes\SceneNodeRTSUnit.cpp">
      <Filter>RTS\SceneNodes</Filter>
    </ClCompile>
    <ClCompile Include="RTS\SceneNodes\SceneNodeRTSBullet.cpp">
      <Filter>RTS\SceneNodes</Filter>
    </ClCompile>
    <ClCompile Include="ApplicationInitializer.cpp" />
    <ClCompile Include="Settings\Settings.cpp">
      <Filter>Settings</Filter>
    </ClCompile>
    <ClCompile Include="Formats\Models\ModelsLoader_znmdl.cpp">
      <Filter>Formats\Models</Filter>
    </ClCompile>
    <ClCompile Include="Formats\Models\ModelsLoader_znxmdl.cpp">
      <Filter>Formats\Models</Filter>
    </ClCompile>
    <ClCompile Include="Formats\Models\ModelsLoaderHelper.cpp">
      <Filter>Formats\Models</Filter>
    </ClCompile>
    <ClCompile Include="Formats\Images\ImageBase.cpp">
      <Filter>Formats\Images</Filter>
    </ClCompile>
    <ClCompile Include="Passes\SkyboxPass.cpp">
      <Filter>Passes</Filter>
    </ClCompile>
    <ClCompile Include="Passes\PostprocessRendering\Postprocess_Glow.cpp">
      <Filter>Passes\PostprocessRendering</Filter>
    </ClCompile>
    <ClCompile Include="Passes\PostprocessRendering\PostprocessBase.cpp">
      <Filter>Passes\PostprocessRendering</Filter>
    </ClCompile>
    <ClCompile Include="Passes\PostprocessRendering\Postprocess_Gauss.cpp">
      <Filter>Passes\PostprocessRendering</Filter>
    </ClCompile>
    <ClCompile Include="Passes\PostprocessRendering\Postprocess_ApplyTexture.cpp">
      <Filter>Passes\PostprocessRendering</Filter>
    </ClCompile>
    <ClCompile Include="Passes\PostprocessRendering\Postprocess_AccumTextures.cpp">
      <Filter>Passes\PostprocessRendering</Filter>
    </ClCompile>
    <ClCompile Include="Passes\DefferedRendering\PassDeffered_ShadowMaps.cpp">
      <Filter>Passes\DefferedRendering</Filter>
    </ClCompile>
    <ClCompile Include="Scene\Components\CameraComponent.cpp">
      <Filter>Scene\Components</Filter>
    </ClCompile>
    <ClCompile Include="Scene\Components\ColliderComponent.cpp">
      <Filter>Scene\Components</Filter>
    </ClCompile>
    <ClCompile Include="Scene\Components\ModelComponent\ModelComponent.cpp">
      <Filter>Scene\Components\ModelComponent</Filter>
    </ClCompile>
    <ClCompile Include="RTS\UIControls\UIControlRTSResourcesPanel.cpp">
      <Filter>RTS\UIControls</Filter>
    </ClCompile>
    <ClCompile Include="Passes\PostprocessRendering\Postprocess_RenderGlowSceneObjects.cpp">
      <Filter>Passes\PostprocessRendering</Filter>
    </ClCompile>
    <ClCompile Include="Scene\Components\ModelComponent\Skeleton.cpp">
      <Filter>Scene\Components\ModelComponent</Filter>
    </ClCompile>
    <ClCompile Include="Scene\Components\ModelComponent\SkeletonAnimation.cpp">
      <Filter>Scene\Components\ModelComponent</Filter>
    </ClCompile>
    <ClCompile Include="Scene\Components\ModelComponent\SkeletonBone.cpp">
      <Filter>Scene\Components\ModelComponent</Filter>
    </ClCompile>
    <ClCompile Include="Scene\Components\Animations\Animation.cpp">
      <Filter>Scene\Components\Animations</Filter>
    </ClCompile>
    <ClCompile Include="Scene\Components\LightComponent\LightComponent.cpp">
      <Filter>Scene\Components\Light</Filter>
    </ClCompile>
    <ClCompile Include="Scene\Components\LightComponent\Light.cpp">
      <Filter>Scene\Components\Light</Filter>
    </ClCompile>
    <ClCompile Include="Passes\DefferedRendering\PassDeffered_MergeShadowMaps.cpp">
      <Filter>Passes\DefferedRendering</Filter>
    </ClCompile>
    <ClCompile Include="RTS\Passes\UIRTSUnitPass.cpp">
      <Filter>RTS\Passes</Filter>
    </ClCompile>
    <ClCompile Include="Passes\Debug\DebugPass.cpp">
      <Filter>Passes\Debug</Filter>
    </ClCompile>
    <ClCompile Include="Passes\Debug\DrawBonesPass.cpp">
      <Filter>Passes\Debug</Filter>
    </ClCompile>
    <ClCompile Include="Passes\Debug\DrawBoundingBoxPass.cpp">
      <Filter>Passes\Debug</Filter>
    </ClCompile>
    <ClCompile Include="Passes\Debug\DrawLightFrustumPass.cpp">
      <Filter>Passes\Debug</Filter>
    </ClCompile>
    <ClCompile Include="Passes\Debug\DrawNormals.cpp">
      <Filter>Passes\Debug</Filter>
    </ClCompile>
    <ClCompile Include="RTS\Components\TerrainComponent.cpp">
      <Filter>RTS\Components</Filter>
    </ClCompile>
    <ClCompile Include="Passes\TerrainPass.cpp">
      <Filter>Passes</Filter>
    </ClCompile>
    <ClCompile Include="RTS\Components\Terrain.cpp">
      <Filter>RTS\Components</Filter>
    </ClCompile>
    <ClCompile Include="Application.cpp" />
    <ClCompile Include="ApplicationConsole.cpp" />
    <ClCompile Include="ApplicationNative.cpp" />
    <ClCompile Include="Formats\Fonts\Font.cpp">
      <Filter>Formats\Fonts</Filter>
    </ClCompile>
    <ClCompile Include="UIControls\Text\UITextGeometry.cpp">
      <Filter>UIControls\Text</Filter>
    </ClCompile>
    <ClCompile Include="UIControls\Text\UITextMaterial.cpp">
      <Filter>UIControls\Text</Filter>
    </ClCompile>
    <ClCompile Include="UIControls\Text\UITextModel.cpp">
      <Filter>UIControls\Text</Filter>
    </ClCompile>
    <ClCompile Include="UIControls\UIControlText.cpp">
      <Filter>UIControls</Filter>
    </ClCompile>
    <ClCompile Include="UIControls\Common\UIControlCommonMaterial.cpp">
      <Filter>UIControls\Common</Filter>
    </ClCompile>
    <ClCompile Include="UIControls\Common\UIControlCommonModel.cpp">
      <Filter>UIControls\Common</Filter>
    </ClCompile>
  </ItemGroup>
  <ItemGroup>
    <ClInclude Include="common.h">
      <Filter>Common</Filter>
    </ClInclude>
    <ClInclude Include="stdafx.h">
      <Filter>Common</Filter>
    </ClInclude>
    <ClInclude Include="..\shared\znEngine.h">
      <Filter>Common</Filter>
    </ClInclude>
    <ClInclude Include="Materials\MaterialDebug.h">
      <Filter>Materials</Filter>
    </ClInclude>
    <ClInclude Include="RenderDeviceFactory.h">
      <Filter>Managers</Filter>
    </ClInclude>
    <ClInclude Include="PluginsManager.h">
      <Filter>Managers</Filter>
    </ClInclude>
    <ClInclude Include="BaseManager.h">
      <Filter>Managers</Filter>
    </ClInclude>
    <ClInclude Include="Materials\MaterialModel.h">
      <Filter>Materials</Filter>
    </ClInclude>
    <ClInclude Include="ThreadPool.h" />
    <ClInclude Include="Formats\Images\ImageLoaderTemplate.h">
      <Filter>Formats\Images</Filter>
    </ClInclude>
    <ClInclude Include="Formats\Images\ImagesFactory.h">
      <Filter>Formats\Images</Filter>
    </ClInclude>
    <ClInclude Include="Formats\Fonts\FontsManager.h">
      <Filter>Formats\Fonts</Filter>
    </ClInclude>
    <ClInclude Include="Passes\Technical\BeginQueryPass.h">
      <Filter>Passes\Technical</Filter>
    </ClInclude>
    <ClInclude Include="Passes\Technical\ClearRenderTargetPass.h">
      <Filter>Passes\Technical</Filter>
    </ClInclude>
    <ClInclude Include="Passes\Technical\CopyBufferPass.h">
      <Filter>Passes\Technical</Filter>
    </ClInclude>
    <ClInclude Include="Passes\Technical\CopyTexturePass.h">
      <Filter>Passes\Technical</Filter>
    </ClInclude>
    <ClInclude Include="Passes\Technical\DispatchPass.h">
      <Filter>Passes\Technical</Filter>
    </ClInclude>
    <ClInclude Include="Passes\Technical\EndQueryPass.h">
      <Filter>Passes\Technical</Filter>
    </ClInclude>
    <ClInclude Include="Passes\Technical\GenerateMipMapsPass.h">
      <Filter>Passes\Technical</Filter>
    </ClInclude>
    <ClInclude Include="Passes\Technical\InvokeFunctionPass.h">
      <Filter>Passes\Technical</Filter>
    </ClInclude>
    <ClInclude Include="Passes\Technical\SetShaderParameterPass.h">
      <Filter>Passes\Technical</Filter>
    </ClInclude>
    <ClInclude Include="Passes\Scene\SceneCreateTypedListsPass.h">
      <Filter>Passes\Scene</Filter>
    </ClInclude>
    <ClInclude Include="Passes\Scene\SceneCreateTypelessListPass.h">
      <Filter>Passes\Scene</Filter>
    </ClInclude>
    <ClInclude Include="AssyncLoader\LoadableObject.h">
      <Filter>Tools\AssyncLoader</Filter>
    </ClInclude>
    <ClInclude Include="AssyncLoader\Loader.h">
      <Filter>Tools\AssyncLoader</Filter>
    </ClInclude>
    <ClInclude Include="Scene\Camera\ArcBallCameraController.h">
      <Filter>Scene\Camera</Filter>
    </ClInclude>
    <ClInclude Include="Scene\Camera\CameraControllerBase.h">
      <Filter>Scene\Camera</Filter>
    </ClInclude>
    <ClInclude Include="Scene\Camera\FreeCameraController.h">
      <Filter>Scene\Camera</Filter>
    </ClInclude>
    <ClInclude Include="Scene\Camera\RTSCameraController.h">
      <Filter>Scene\Camera</Filter>
    </ClInclude>
    <ClInclude Include="Scene\Components\ReactPhysicsComponent.h">
      <Filter>Scene\Components</Filter>
    </ClInclude>
    <ClInclude Include="Formats\Models\ModelsFactory.h">
      <Filter>Formats\Models</Filter>
    </ClInclude>
    <ClInclude Include="Formats\Materials\MaterialsFactory.h">
      <Filter>Formats\Materials</Filter>
    </ClInclude>
    <ClInclude Include="Formats\Images\ImageDDS.h">
      <Filter>Formats\Images\DDS</Filter>
    </ClInclude>
    <ClInclude Include="Formats\Images\DDSFormat.h">
      <Filter>Formats\Images\DDS</Filter>
    </ClInclude>
    <ClInclude Include="Formats\Images\ImagePNG.h">
      <Filter>Formats\Images\PNG</Filter>
    </ClInclude>
    <ClInclude Include="Passes\UI\UIFontPass.h">
      <Filter>Passes\UI</Filter>
    </ClInclude>
    <ClInclude Include="Formats\Textures\TexturesFactory.h">
      <Filter>Formats\Textures</Filter>
    </ClInclude>
    <ClInclude Include="Scene\SceneBase.h">
      <Filter>Scene</Filter>
    </ClInclude>
    <ClInclude Include="Passes\DefferedRendering\PassDeffered_DoRenderScene.h">
      <Filter>Passes\DefferedRendering</Filter>
    </ClInclude>
    <ClInclude Include="Passes\DefferedRendering\PassDeffered_RenderUIQuad.h">
      <Filter>Passes\DefferedRendering</Filter>
    </ClInclude>
    <ClInclude Include="Passes\ForwardRendering\PassForward_DoRenderScene.h">
      <Filter>Passes\ForwardRendering</Filter>
    </ClInclude>
    <ClInclude Include="Passes\DefferedRendering\RendererDeffered.h">
      <Filter>Passes\DefferedRendering</Filter>
    </ClInclude>
    <ClInclude Include="Passes\ForwardRendering\RendererForward.h">
      <Filter>Passes\ForwardRendering</Filter>
    </ClInclude>
    <ClInclude Include="Passes\PostprocessRendering\Postprocess_HDR.h">
      <Filter>Passes\PostprocessRendering</Filter>
    </ClInclude>
    <ClInclude Include="Passes\ForwardRendering\PassForward_DoRenderSceneInstanced.h">
      <Filter>Passes\ForwardRendering</Filter>
    </ClInclude>
    <ClInclude Include="Passes\Scene\BaseTypedList3DPass.h">
      <Filter>Passes\Scene</Filter>
    </ClInclude>
    <ClInclude Include="Passes\RTSGround_Pass.h">
      <Filter>Passes</Filter>
    </ClInclude>
    <ClInclude Include="Scene\Components\Particles\ParticlesComponent.h">
      <Filter>Scene\Components\Particles</Filter>
    </ClInclude>
    <ClInclude Include="Scene\Components\Particles\ParticleSystem.h">
      <Filter>Scene\Components\Particles</Filter>
    </ClInclude>
    <ClInclude Include="Scene\EngineSceneExtender.h">
      <Filter>Scene</Filter>
    </ClInclude>
    <ClInclude Include="Passes\UI\UIControlPass.h">
      <Filter>Passes\UI</Filter>
    </ClInclude>
    <ClInclude Include="UIControls\UIControlCommon.h">
      <Filter>UIControls</Filter>
    </ClInclude>
    <ClInclude Include="Passes\UI\ConsolePass.h">
      <Filter>Passes\UI</Filter>
    </ClInclude>
    <ClInclude Include="Passes\ParticlesPass.h">
      <Filter>Passes</Filter>
    </ClInclude>
    <ClInclude Include="EngineIntfs.h" />
    <ClInclude Include="RTS\UIControls\UIControlRTSTowerBtn.h">
      <Filter>RTS\UIControls</Filter>
    </ClInclude>
    <ClInclude Include="RTS\UIControls\UIControlRTSTowersPanel.h">
      <Filter>RTS\UIControls</Filter>
    </ClInclude>
    <ClInclude Include="RTS\SceneNodes\SceneNodeRTSGround.h">
      <Filter>RTS\SceneNodes</Filter>
    </ClInclude>
    <ClInclude Include="RTS\SceneNodes\SceneNodeRTSPathAndPoint.h">
      <Filter>RTS\SceneNodes</Filter>
    </ClInclude>
    <ClInclude Include="RTS\SceneNodes\SceneNodeRTSTower.h">
      <Filter>RTS\SceneNodes</Filter>
    </ClInclude>
    <ClInclude Include="RTS\SceneNodes\SceneNodeRTSUnit.h">
      <Filter>RTS\SceneNodes</Filter>
    </ClInclude>
    <ClInclude Include="RTS\SceneNodes\SceneNodeRTSBullet.h">
      <Filter>RTS\SceneNodes</Filter>
    </ClInclude>
    <ClInclude Include="Settings\Settings.h">
      <Filter>Settings</Filter>
    </ClInclude>
    <ClInclude Include="Formats\Models\ModelsLoader_znmdl.h">
      <Filter>Formats\Models</Filter>
    </ClInclude>
    <ClInclude Include="Formats\Models\ModelsLoader_znxmdl.h">
      <Filter>Formats\Models</Filter>
    </ClInclude>
    <ClInclude Include="Formats\Models\ModelsLoaderHelper.h">
      <Filter>Formats\Models</Filter>
    </ClInclude>
    <ClInclude Include="Formats\Images\ImageBase.h">
      <Filter>Formats\Images</Filter>
    </ClInclude>
    <ClInclude Include="Passes\SkyboxPass.h">
      <Filter>Passes</Filter>
    </ClInclude>
    <ClInclude Include="Passes\PostprocessRendering\Postprocess_Glow.h">
      <Filter>Passes\PostprocessRendering</Filter>
    </ClInclude>
    <ClInclude Include="Passes\PostprocessRendering\PostprocessBase.h">
      <Filter>Passes\PostprocessRendering</Filter>
    </ClInclude>
    <ClInclude Include="Passes\PostprocessRendering\Postprocess_Gauss.h">
      <Filter>Passes\PostprocessRendering</Filter>
    </ClInclude>
    <ClInclude Include="Passes\PostprocessRendering\Postprocess_ApplyTexture.h">
      <Filter>Passes\PostprocessRendering</Filter>
    </ClInclude>
    <ClInclude Include="Passes\PostprocessRendering\Postprocess_AccumTextures.h">
      <Filter>Passes\PostprocessRendering</Filter>
    </ClInclude>
    <ClInclude Include="Passes\DefferedRendering\PassDeffered_ShadowMaps.h">
      <Filter>Passes\DefferedRendering</Filter>
    </ClInclude>
    <ClInclude Include="Scene\Components\CameraComponent.h">
      <Filter>Scene\Components</Filter>
    </ClInclude>
    <ClInclude Include="Scene\Components\ColliderComponent.h">
      <Filter>Scene\Components</Filter>
    </ClInclude>
    <ClInclude Include="Scene\Components\ModelComponent\ModelComponent.h">
      <Filter>Scene\Components\ModelComponent</Filter>
    </ClInclude>
    <ClInclude Include="RTS\UIControls\UIControlRTSResourcesPanel.h">
      <Filter>RTS\UIControls</Filter>
    </ClInclude>
    <ClInclude Include="Passes\PostprocessRendering\Postprocess_RenderGlowSceneObjects.h">
      <Filter>Passes\PostprocessRendering</Filter>
    </ClInclude>
    <ClInclude Include="Scene\Components\ModelComponent\Skeleton.h">
      <Filter>Scene\Components\ModelComponent</Filter>
    </ClInclude>
    <ClInclude Include="Scene\Components\ModelComponent\SkeletonAnimation.h">
      <Filter>Scene\Components\ModelComponent</Filter>
    </ClInclude>
    <ClInclude Include="Scene\Components\ModelComponent\SkeletonBone.h">
      <Filter>Scene\Components\ModelComponent</Filter>
    </ClInclude>
    <ClInclude Include="Scene\Components\Animations\AnimatedValueSingle.h">
      <Filter>Scene\Components\Animations</Filter>
    </ClInclude>
    <ClInclude Include="Scene\Components\Animations\Animation.h">
      <Filter>Scene\Components\Animations</Filter>
    </ClInclude>
    <ClInclude Include="Scene\Components\LightComponent\LightComponent.h">
      <Filter>Scene\Components\Light</Filter>
    </ClInclude>
    <ClInclude Include="Scene\Components\LightComponent\Light.h">
      <Filter>Scene\Components\Light</Filter>
    </ClInclude>
    <ClInclude Include="Passes\DefferedRendering\PassDeffered_MergeShadowMaps.h">
      <Filter>Passes\DefferedRendering</Filter>
    </ClInclude>
    <ClInclude Include="RTS\Passes\UIRTSUnitPass.h">
      <Filter>RTS\Passes</Filter>
    </ClInclude>
    <ClInclude Include="Passes\Debug\DebugPass.h">
      <Filter>Passes\Debug</Filter>
    </ClInclude>
    <ClInclude Include="Passes\Debug\DrawBonesPass.h">
      <Filter>Passes\Debug</Filter>
    </ClInclude>
    <ClInclude Include="Passes\Debug\DrawBoundingBoxPass.h">
      <Filter>Passes\Debug</Filter>
    </ClInclude>
    <ClInclude Include="Passes\Debug\DrawLightFrustumPass.h">
      <Filter>Passes\Debug</Filter>
    </ClInclude>
    <ClInclude Include="Passes\Debug\DrawNormals.h">
      <Filter>Passes\Debug</Filter>
    </ClInclude>
    <ClInclude Include="RTS\Components\TerrainComponent.h">
      <Filter>RTS\Components</Filter>
    </ClInclude>
    <ClInclude Include="Passes\TerrainPass.h">
      <Filter>Passes</Filter>
    </ClInclude>
    <ClInclude Include="RTS\Components\Terrain.h">
      <Filter>RTS\Components</Filter>
    </ClInclude>
    <ClInclude Include="Application.h" />
    <ClInclude Include="ApplicationConsole.h" />
    <ClInclude Include="ApplicationNative.h" />
    <ClInclude Include="Formats\Fonts\Font.h">
      <Filter>Formats\Fonts</Filter>
    </ClInclude>
    <ClInclude Include="UIControls\Text\UITextGeometry.h">
      <Filter>UIControls\Text</Filter>
    </ClInclude>
    <ClInclude Include="UIControls\Text\UITextMaterial.h">
      <Filter>UIControls\Text</Filter>
    </ClInclude>
    <ClInclude Include="UIControls\Text\UITextModel.h">
      <Filter>UIControls\Text</Filter>
    </ClInclude>
    <ClInclude Include="UIControls\UIControlText.h">
      <Filter>UIControls</Filter>
    </ClInclude>
    <ClInclude Include="UIControls\Common\UIControlCommonMaterial.h">
      <Filter>UIControls\Common</Filter>
    </ClInclude>
    <ClInclude Include="UIControls\Common\UIControlCommonModel.h">
      <Filter>UIControls\Common</Filter>
    </ClInclude>
  </ItemGroup>
  <ItemGroup>
    <None Include="Formats\Images\DDSFormat.inl">
      <Filter>Formats\Images\DDS</Filter>
    </None>
  </ItemGroup>
</Project>