<?xml version="1.0" encoding="utf-8"?>
<Project ToolsVersion="4.0" xmlns="http://schemas.microsoft.com/developer/msbuild/2003">
  <ItemGroup>
    <Filter Include="Resource Files">
      <UniqueIdentifier>{D9D6E242-F8AF-46E4-B9FD-80ECBC20BA3E}</UniqueIdentifier>
      <Extensions>qrc;*</Extensions>
      <ParseFiles>false</ParseFiles>
    </Filter>
    <Filter Include="Common">
      <UniqueIdentifier>{5b6178d0-d9d0-48fa-90ca-9cf2da474f6c}</UniqueIdentifier>
    </Filter>
    <Filter Include="Tools">
      <UniqueIdentifier>{ee500cc7-f176-4ba2-af32-2078f1c9a29f}</UniqueIdentifier>
    </Filter>
    <Filter Include="Tools\RTS">
      <UniqueIdentifier>{6c6065dd-c080-4888-a750-25d3e8433b16}</UniqueIdentifier>
    </Filter>
    <Filter Include="Source Files">
      <UniqueIdentifier>{4FC737F1-C7A5-4376-A066-2A32D752A2FF}</UniqueIdentifier>
      <Extensions>cpp;c;cc;cxx;def;odl;idl;hpj;bat;asm;asmx</Extensions>
      <ParseFiles>true</ParseFiles>
    </Filter>
    <Filter Include="Header Files">
      <UniqueIdentifier>{93995380-89BD-4b04-88EB-625FBE52EBFB}</UniqueIdentifier>
      <Extensions>h;hh;hpp;hxx;hm;inl;inc;xsd</Extensions>
      <ParseFiles>true</ParseFiles>
    </Filter>
    <Filter Include="Widgets">
      <UniqueIdentifier>{f13764bb-38a6-4dfc-9274-5cd09cff7fd2}</UniqueIdentifier>
    </Filter>
    <Filter Include="Widgets\ZenonWindow3D">
      <UniqueIdentifier>{50d6cf7f-674b-41a7-a9e7-9fdb274d15c7}</UniqueIdentifier>
    </Filter>
    <Filter Include="Widgets\ZenonLogViewer">
      <UniqueIdentifier>{a2567b87-e171-4d4f-939b-a53f0c3bba7c}</UniqueIdentifier>
    </Filter>
    <Filter Include="Widgets\ZenonWindowMinimal3D">
      <UniqueIdentifier>{936459f3-5703-4224-8fff-5490074c0c94}</UniqueIdentifier>
    </Filter>
    <Filter Include="Widgets\ZenonTreeView">
      <UniqueIdentifier>{6e20963d-5916-415d-9605-d216cd05d491}</UniqueIdentifier>
    </Filter>
    <Filter Include="Widgets\ZenonPropertiesEditor">
      <UniqueIdentifier>{023f7a72-9cc2-45e9-8217-29dc479b6c18}</UniqueIdentifier>
    </Filter>
    <Filter Include="Widgets\ZenonPropertiesEditor\QT">
      <UniqueIdentifier>{67639afc-5567-4dd3-b56e-299bddc2a66b}</UniqueIdentifier>
    </Filter>
    <Filter Include="ResourcesBrowser">
      <UniqueIdentifier>{0190977d-9e8d-4905-8354-6f12520d08bd}</UniqueIdentifier>
    </Filter>
    <Filter Include="SceneBrowser">
      <UniqueIdentifier>{88acffd3-2ae2-4660-9c36-620579904b80}</UniqueIdentifier>
    </Filter>
    <Filter Include="ResourcesBrowser\Filesystem">
      <UniqueIdentifier>{32119e13-d98f-496c-9e3c-3487896f8898}</UniqueIdentifier>
    </Filter>
    <Filter Include="ResourcesBrowser\TreeViewItems">
      <UniqueIdentifier>{947fb2a1-e948-48d3-b147-64ae9fa95879}</UniqueIdentifier>
    </Filter>
    <Filter Include="Editor3D">
      <UniqueIdentifier>{72c27b49-4bcb-47f0-aec6-118b1a67b28d}</UniqueIdentifier>
    </Filter>
    <Filter Include="EditorUI">
      <UniqueIdentifier>{6ed13eb3-1657-450f-84ff-07cd6253e504}</UniqueIdentifier>
    </Filter>
    <Filter Include="Editor3D\EditorMaterials">
      <UniqueIdentifier>{343a6465-19c2-49c5-971e-aca91ad1d194}</UniqueIdentifier>
    </Filter>
    <Filter Include="Editor3D\EditorPasses">
      <UniqueIdentifier>{31ae868f-f71f-445a-b2dd-b32b1b388d09}</UniqueIdentifier>
    </Filter>
    <Filter Include="Editor">
      <UniqueIdentifier>{078c05a2-3bcc-41d7-ad44-bf4d81f5d8f6}</UniqueIdentifier>
    </Filter>
  </ItemGroup>
  <ItemGroup>
    <ClCompile Include="stdafx.cpp">
      <Filter>Common</Filter>
    </ClCompile>
    <ClCompile Include="ZenonWidgets\ZenonWindow3D\ZenonWindow3D.cpp">
      <Filter>Widgets\ZenonWindow3D</Filter>
    </ClCompile>
    <ClCompile Include="ZenonWidgets\ZenonLogViewer\ZenonLogViewer.cpp">
      <Filter>Widgets\ZenonLogViewer</Filter>
    </ClCompile>
    <ClCompile Include="ZenonWidgets\ZenonWindowMinimal3D\ZenonWindowMinimal3D.cpp">
      <Filter>Widgets\ZenonWindowMinimal3D</Filter>
    </ClCompile>
    <ClCompile Include="Tools\EditorToolBase.cpp">
      <Filter>Tools</Filter>
    </ClCompile>
    <ClCompile Include="Tools\EditorToolDragger.cpp">
      <Filter>Tools</Filter>
    </ClCompile>
    <ClCompile Include="Tools\EditorToolMover.cpp">
      <Filter>Tools</Filter>
    </ClCompile>
    <ClCompile Include="Tools\EditorToolRotator.cpp">
      <Filter>Tools</Filter>
    </ClCompile>
    <ClCompile Include="Tools\EditorToolSelector.cpp">
      <Filter>Tools</Filter>
    </ClCompile>
    <ClCompile Include="Tools\RTS\EditorToolMoverRTS.cpp">
      <Filter>Tools\RTS</Filter>
    </ClCompile>
    <ClCompile Include="Tools\RTS\EditorToolRotatorRTS.cpp">
      <Filter>Tools\RTS</Filter>
    </ClCompile>
    <ClCompile Include="Tools\EditorTools.cpp">
      <Filter>Tools</Filter>
    </ClCompile>
    <ClCompile Include="ZenonWidgets\ZenonTreeView\ZenonTreeViewWidget.cpp">
      <Filter>Widgets\ZenonTreeView</Filter>
    </ClCompile>
    <ClCompile Include="ZenonWidgets\ZenonTreeView\TreeViewItem.cpp">
      <Filter>Widgets\ZenonTreeView</Filter>
    </ClCompile>
    <ClCompile Include="ZenonWidgets\ZenonTreeView\TreeViewModel.cpp">
      <Filter>Widgets\ZenonTreeView</Filter>
    </ClCompile>
    <ClCompile Include="Tools\RTS\EditorToolRTSGround.cpp">
      <Filter>Tools\RTS</Filter>
    </ClCompile>
    <ClCompile Include="Tools\RTS\EditorToolWaypoints.cpp">
      <Filter>Tools\RTS</Filter>
    </ClCompile>
    <ClCompile Include="ZenonWidgets\ZenonPropertiesEditor\QT\qtpropertybrowser.cpp">
      <Filter>Widgets\ZenonPropertiesEditor\QT</Filter>
    </ClCompile>
    <ClCompile Include="ZenonWidgets\ZenonPropertiesEditor\ZenonPropertiesEditorWidget.cpp">
      <Filter>Widgets\ZenonPropertiesEditor</Filter>
    </ClCompile>
    <ClCompile Include="ZenonWidgets\ZenonPropertiesEditor\QT\qtvariantproperty.cpp">
      <Filter>Widgets\ZenonPropertiesEditor\QT</Filter>
    </ClCompile>
    <ClCompile Include="ZenonWidgets\ZenonPropertiesEditor\QT\qtgroupboxpropertybrowser.cpp">
      <Filter>Widgets\ZenonPropertiesEditor\QT</Filter>
    </ClCompile>
    <ClCompile Include="ZenonWidgets\ZenonPropertiesEditor\QT\qtpropertybrowserutils.cpp">
      <Filter>Widgets\ZenonPropertiesEditor\QT</Filter>
    </ClCompile>
    <ClCompile Include="ZenonWidgets\ZenonPropertiesEditor\QT\qtbuttonpropertybrowser.cpp">
      <Filter>Widgets\ZenonPropertiesEditor\QT</Filter>
    </ClCompile>
    <ClCompile Include="main.cpp">
      <Filter>Common</Filter>
    </ClCompile>
    <ClCompile Include="SceneBrowser\EditorSceneBrowser.cpp">
      <Filter>SceneBrowser</Filter>
    </ClCompile>
    <ClCompile Include="SceneBrowser\SceneNodeTreeViewItem.cpp">
      <Filter>SceneBrowser</Filter>
    </ClCompile>
    <ClCompile Include="ResourcesBrowser\EditorResourceBrowser.cpp">
      <Filter>ResourcesBrowser</Filter>
    </ClCompile>
    <ClCompile Include="ResourcesBrowser\Filesystem\ResourcesFilesystem.cpp">
      <Filter>ResourcesBrowser\Filesystem</Filter>
    </ClCompile>
    <ClCompile Include="ResourcesBrowser\Filesystem\ResourceFile.cpp">
      <Filter>ResourcesBrowser\Filesystem</Filter>
    </ClCompile>
    <ClCompile Include="ResourcesBrowser\TreeViewItems\FolderTreeViewItem.cpp">
      <Filter>ResourcesBrowser\TreeViewItems</Filter>
    </ClCompile>
    <ClCompile Include="ResourcesBrowser\TreeViewItems\ModelTreeViewItem.cpp">
      <Filter>ResourcesBrowser\TreeViewItems</Filter>
    </ClCompile>
    <ClCompile Include="ResourcesBrowser\TreeViewItems\NodeProtoTreeViewItem.cpp">
      <Filter>ResourcesBrowser\TreeViewItems</Filter>
    </ClCompile>
    <ClCompile Include="ResourcesBrowser\TreeViewItems\TextureTreeViewItem.cpp">
      <Filter>ResourcesBrowser\TreeViewItems</Filter>
    </ClCompile>
    <ClCompile Include="Editor3D\Editor3DFrame.cpp">
      <Filter>Editor3D</Filter>
    </ClCompile>
    <ClCompile Include="Editor3D\Editor3DPreviewScene.cpp">
      <Filter>Editor3D</Filter>
    </ClCompile>
    <ClCompile Include="Editor3D\EditorPasses\DrawSelectionPass.cpp">
      <Filter>Editor3D\EditorPasses</Filter>
    </ClCompile>
    <ClCompile Include="Editor3D\EditorPasses\DrawToolsPass.cpp">
      <Filter>Editor3D\EditorPasses</Filter>
    </ClCompile>
    <ClCompile Include="Editor3D\EditorPasses\DrawWaypointsPass.cpp">
      <Filter>Editor3D\EditorPasses</Filter>
    </ClCompile>
    <ClCompile Include="Editor3D\EditorMaterials\MaterialEditorTool.cpp">
      <Filter>Editor3D\EditorMaterials</Filter>
    </ClCompile>
    <ClCompile Include="Editor3D\EditedScene.cpp">
      <Filter>Editor3D</Filter>
    </ClCompile>
    <ClCompile Include="ResourcesBrowser\TreeViewItems\ParticleSystemTreeViewItem.cpp">
      <Filter>ResourcesBrowser\TreeViewItems</Filter>
    </ClCompile>
    <ClCompile Include="ResourcesBrowser\TreeViewItems\MaterialTreeViewItem.cpp">
      <Filter>ResourcesBrowser\TreeViewItems</Filter>
    </ClCompile>
    <ClCompile Include="Editor\Editor.cpp">
      <Filter>Editor</Filter>
    </ClCompile>
    <ClCompile Include="EditorUI\ContextMenuUtils.cpp">
      <Filter>EditorUI</Filter>
    </ClCompile>
    <ClCompile Include="EditorUI\DragUtils.cpp">
      <Filter>EditorUI</Filter>
    </ClCompile>
    <ClCompile Include="Editor\EditorWindowsShell.cpp">
      <Filter>Editor</Filter>
    </ClCompile>
    <ClCompile Include="EditorUI\EditorUIFrame.cpp">
      <Filter>EditorUI</Filter>
    </ClCompile>
  </ItemGroup>
  <ItemGroup>
    <ClInclude Include="stdafx.h">
      <Filter>Common</Filter>
    </ClInclude>
    <ClInclude Include="EditorInterfaces.h">
      <Filter>Common</Filter>
    </ClInclude>
    <ClInclude Include="_widgetPropertyEditor.h">
      <Filter>Widgets</Filter>
    </ClInclude>
    <ClInclude Include="_widgetZenonWindow3D.h">
      <Filter>Widgets</Filter>
    </ClInclude>
    <ClInclude Include="_widgetZenonLogViewer.h">
      <Filter>Widgets</Filter>
    </ClInclude>
    <ClInclude Include="_widgetZenonWindowMinimal3D.h">
      <Filter>Widgets</Filter>
    </ClInclude>
    <ClInclude Include="EditorQtInterfaces.h">
      <Filter>Common</Filter>
    </ClInclude>
    <ClInclude Include="Tools\EditorToolBase.h">
      <Filter>Tools</Filter>
    </ClInclude>
    <ClInclude Include="Tools\EditorToolDragger.h">
      <Filter>Tools</Filter>
    </ClInclude>
    <ClInclude Include="Tools\EditorToolMover.h">
      <Filter>Tools</Filter>
    </ClInclude>
    <ClInclude Include="Tools\EditorToolRotator.h">
      <Filter>Tools</Filter>
    </ClInclude>
    <ClInclude Include="Tools\EditorToolSelector.h">
      <Filter>Tools</Filter>
    </ClInclude>
    <ClInclude Include="Tools\RTS\EditorToolMoverRTS.h">
      <Filter>Tools\RTS</Filter>
    </ClInclude>
    <ClInclude Include="Tools\RTS\EditorToolRotatorRTS.h">
      <Filter>Tools\RTS</Filter>
    </ClInclude>
    <ClInclude Include="Tools\EditorTools.h">
      <Filter>Tools</Filter>
    </ClInclude>
    <ClInclude Include="_widgetZenonTreeView.h">
      <Filter>Widgets</Filter>
    </ClInclude>
    <ClInclude Include="ZenonWidgets\ZenonTreeView\TreeViewIntfs.h">
      <Filter>Widgets\ZenonTreeView</Filter>
    </ClInclude>
    <ClInclude Include="ZenonWidgets\ZenonTreeView\TreeViewModel.h">
      <Filter>Widgets\ZenonTreeView</Filter>
    </ClInclude>
    <ClInclude Include="ZenonWidgets\ZenonTreeView\TreeViewItem.h">
      <Filter>Widgets\ZenonTreeView</Filter>
    </ClInclude>
    <ClInclude Include="Tools\RTS\EditorToolRTSGround.h">
      <Filter>Tools\RTS</Filter>
    </ClInclude>
    <ClInclude Include="Tools\RTS\EditorToolWaypoints.h">
      <Filter>Tools\RTS</Filter>
    </ClInclude>
    <ClInclude Include="SceneBrowser\EditorSceneBrowser.h">
      <Filter>SceneBrowser</Filter>
    </ClInclude>
    <ClInclude Include="SceneBrowser\SceneNodeTreeViewItem.h">
      <Filter>SceneBrowser</Filter>
    </ClInclude>
    <ClInclude Include="ResourcesBrowser\EditorResourceBrowser.h">
      <Filter>ResourcesBrowser</Filter>
    </ClInclude>
    <ClInclude Include="ResourcesBrowser\Filesystem\ResourcesFilesystem.h">
      <Filter>ResourcesBrowser\Filesystem</Filter>
    </ClInclude>
    <ClInclude Include="ResourcesBrowser\Filesystem\ResourcesFilesystemIntfs.h">
      <Filter>ResourcesBrowser\Filesystem</Filter>
    </ClInclude>
    <ClInclude Include="ResourcesBrowser\Filesystem\ResourceFile.h">
      <Filter>ResourcesBrowser\Filesystem</Filter>
    </ClInclude>
    <ClInclude Include="ResourcesBrowser\TreeViewItems\FolderTreeViewItem.h">
      <Filter>ResourcesBrowser\TreeViewItems</Filter>
    </ClInclude>
    <ClInclude Include="ResourcesBrowser\TreeViewItems\ModelTreeViewItem.h">
      <Filter>ResourcesBrowser\TreeViewItems</Filter>
    </ClInclude>
    <ClInclude Include="ResourcesBrowser\TreeViewItems\NodeProtoTreeViewItem.h">
      <Filter>ResourcesBrowser\TreeViewItems</Filter>
    </ClInclude>
    <ClInclude Include="ResourcesBrowser\TreeViewItems\TextureTreeViewItem.h">
      <Filter>ResourcesBrowser\TreeViewItems</Filter>
    </ClInclude>
    <ClInclude Include="Editor3D\Editor3DFrame.h">
      <Filter>Editor3D</Filter>
    </ClInclude>
    <ClInclude Include="Editor3D\Editor3DPreviewScene.h">
      <Filter>Editor3D</Filter>
    </ClInclude>
    <ClInclude Include="Editor3D\EditorPasses\DrawSelectionPass.h">
      <Filter>Editor3D\EditorPasses</Filter>
    </ClInclude>
    <ClInclude Include="Editor3D\EditorPasses\DrawToolsPass.h">
      <Filter>Editor3D\EditorPasses</Filter>
    </ClInclude>
    <ClInclude Include="Editor3D\EditorPasses\DrawWaypointsPass.h">
      <Filter>Editor3D\EditorPasses</Filter>
    </ClInclude>
    <ClInclude Include="Editor3D\EditorMaterials\MaterialEditorTool.h">
      <Filter>Editor3D\EditorMaterials</Filter>
    </ClInclude>
    <ClInclude Include="Editor3D\EditedScene.h">
      <Filter>Editor3D</Filter>
    </ClInclude>
    <ClInclude Include="ResourcesBrowser\TreeViewItems\ParticleSystemTreeViewItem.h">
      <Filter>ResourcesBrowser\TreeViewItems</Filter>
    </ClInclude>
    <ClInclude Include="ResourcesBrowser\TreeViewItems\MaterialTreeViewItem.h">
      <Filter>ResourcesBrowser\TreeViewItems</Filter>
    </ClInclude>
    <ClInclude Include="Editor\Editor.h">
      <Filter>Editor</Filter>
    </ClInclude>
    <ClInclude Include="EditorUI\ContextMenuUtils.h">
      <Filter>EditorUI</Filter>
    </ClInclude>
    <ClInclude Include="EditorUI\DragUtils.h">
      <Filter>EditorUI</Filter>
    </ClInclude>
    <ClInclude Include="Editor\EditorWindowsShell.h">
      <Filter>Editor</Filter>
    </ClInclude>
  </ItemGroup>
  <ItemGroup>
    <QtMoc Include="ZenonWidgets\ZenonWindow3D\ZenonWindow3D.h">
      <Filter>Widgets\ZenonWindow3D</Filter>
    </QtMoc>
    <QtMoc Include="ZenonWidgets\ZenonLogViewer\ZenonLogViewer.h">
      <Filter>Widgets\ZenonLogViewer</Filter>
    </QtMoc>
    <QtMoc Include="ZenonWidgets\ZenonWindowMinimal3D\ZenonWindowMinimal3D.h">
      <Filter>Widgets\ZenonWindowMinimal3D</Filter>
    </QtMoc>
    <QtMoc Include="ZenonWidgets\ZenonTreeView\ZenonTreeViewWidget.h">
      <Filter>Widgets\ZenonTreeView</Filter>
    </QtMoc>
    <QtMoc Include="ZenonWidgets\ZenonPropertiesEditor\QT\qteditorfactory.cpp">
      <Filter>Widgets\ZenonPropertiesEditor\QT</Filter>
    </QtMoc>
    <QtMoc Include="ZenonWidgets\ZenonPropertiesEditor\QT\qteditorfactory.h">
      <Filter>Widgets\ZenonPropertiesEditor\QT</Filter>
    </QtMoc>
    <QtMoc Include="ZenonWidgets\ZenonPropertiesEditor\QT\qtpropertybrowser.h">
      <Filter>Widgets\ZenonPropertiesEditor\QT</Filter>
    </QtMoc>
    <QtMoc Include="ZenonWidgets\ZenonPropertiesEditor\QT\qtpropertybrowserutils_p.h">
      <Filter>Widgets\ZenonPropertiesEditor\QT</Filter>
    </QtMoc>
    <QtMoc Include="ZenonWidgets\ZenonPropertiesEditor\QT\qtpropertymanager.cpp">
      <Filter>Widgets\ZenonPropertiesEditor\QT</Filter>
    </QtMoc>
    <QtMoc Include="ZenonWidgets\ZenonPropertiesEditor\QT\qtpropertymanager.h">
      <Filter>Widgets\ZenonPropertiesEditor\QT</Filter>
    </QtMoc>
    <QtMoc Include="ZenonWidgets\ZenonPropertiesEditor\QT\qttreepropertybrowser.h">
      <Filter>Widgets\ZenonPropertiesEditor\QT</Filter>
    </QtMoc>
    <QtMoc Include="ZenonWidgets\ZenonPropertiesEditor\QT\qtvariantproperty.h">
      <Filter>Widgets\ZenonPropertiesEditor\QT</Filter>
    </QtMoc>
    <QtMoc Include="ZenonWidgets\ZenonPropertiesEditor\QT\qttreepropertybrowser.cpp">
      <Filter>Widgets\ZenonPropertiesEditor\QT</Filter>
    </QtMoc>
    <QtMoc Include="ZenonWidgets\ZenonPropertiesEditor\ZenonPropertiesEditorWidget.h">
      <Filter>Widgets\ZenonPropertiesEditor</Filter>
    </QtMoc>
    <QtMoc Include="ZenonWidgets\ZenonPropertiesEditor\QT\qtbuttonpropertybrowser.h">
      <Filter>Widgets\ZenonPropertiesEditor\QT</Filter>
    </QtMoc>
    <QtMoc Include="ZenonWidgets\ZenonPropertiesEditor\QT\qtgroupboxpropertybrowser.h">
      <Filter>Widgets\ZenonPropertiesEditor\QT</Filter>
    </QtMoc>
    <QtMoc Include="EditorUI\EditorUIFrame.h">
      <Filter>EditorUI</Filter>
    </QtMoc>
  </ItemGroup>
  <ItemGroup>
    <ResourceCompile Include="Editor.rc">
      <Filter>Resource Files</Filter>
    </ResourceCompile>
  </ItemGroup>
  <ItemGroup>
    <QtRcc Include="ZenonWidgets\ZenonPropertiesEditor\QT\qtpropertybrowser.qrc">
      <Filter>Widgets\ZenonPropertiesEditor\QT</Filter>
    </QtRcc>
    <QtRcc Include="EditorUI\EditorUIFrame.qrc">
      <Filter>EditorUI</Filter>
    </QtRcc>
  </ItemGroup>
  <ItemGroup>
    <Image Include="Editor.ico">
      <Filter>Resource Files</Filter>
    </Image>
  </ItemGroup>
  <ItemGroup>
    <QtUic Include="EditorUI\EditorUIFrame.ui">
      <Filter>EditorUI</Filter>
    </QtUic>
  </ItemGroup>
</Project>