<?xml version="1.0" encoding="utf-8"?>
<Project ToolsVersion="4.0" xmlns="http://schemas.microsoft.com/developer/msbuild/2003">
  <ItemGroup>
    <Filter Include="Resource Files">
      <UniqueIdentifier>{D9D6E242-F8AF-46E4-B9FD-80ECBC20BA3E}</UniqueIdentifier>
      <Extensions>qrc;*</Extensions>
      <ParseFiles>false</ParseFiles>
    </Filter>
    <Filter Include="Common">
      <UniqueIdentifier>{5b6178d0-d9d0-48fa-90ca-9cf2da474f6c}</UniqueIdentifier>
    </Filter>
    <Filter Include="Tools">
      <UniqueIdentifier>{ee500cc7-f176-4ba2-af32-2078f1c9a29f}</UniqueIdentifier>
    </Filter>
    <Filter Include="Tools\RTS">
      <UniqueIdentifier>{6c6065dd-c080-4888-a750-25d3e8433b16}</UniqueIdentifier>
    </Filter>
    <Filter Include="UI">
      <UniqueIdentifier>{6ed13eb3-1657-450f-84ff-07cd6253e504}</UniqueIdentifier>
    </Filter>
    <Filter Include="3D">
      <UniqueIdentifier>{72c27b49-4bcb-47f0-aec6-118b1a67b28d}</UniqueIdentifier>
    </Filter>
    <Filter Include="3D\Passes">
      <UniqueIdentifier>{31ae868f-f71f-445a-b2dd-b32b1b388d09}</UniqueIdentifier>
    </Filter>
    <Filter Include="3D\Materials">
      <UniqueIdentifier>{343a6465-19c2-49c5-971e-aca91ad1d194}</UniqueIdentifier>
    </Filter>
    <Filter Include="Source Files">
      <UniqueIdentifier>{4FC737F1-C7A5-4376-A066-2A32D752A2FF}</UniqueIdentifier>
      <Extensions>cpp;c;cc;cxx;def;odl;idl;hpj;bat;asm;asmx</Extensions>
      <ParseFiles>true</ParseFiles>
    </Filter>
    <Filter Include="Header Files">
      <UniqueIdentifier>{93995380-89BD-4b04-88EB-625FBE52EBFB}</UniqueIdentifier>
      <Extensions>h;hh;hpp;hxx;hm;inl;inc;xsd</Extensions>
      <ParseFiles>true</ParseFiles>
    </Filter>
    <Filter Include="Widgets">
      <UniqueIdentifier>{f13764bb-38a6-4dfc-9274-5cd09cff7fd2}</UniqueIdentifier>
    </Filter>
    <Filter Include="Widgets\ZenonWindow3D">
      <UniqueIdentifier>{50d6cf7f-674b-41a7-a9e7-9fdb274d15c7}</UniqueIdentifier>
    </Filter>
    <Filter Include="Widgets\ZenonLogViewer">
      <UniqueIdentifier>{a2567b87-e171-4d4f-939b-a53f0c3bba7c}</UniqueIdentifier>
    </Filter>
    <Filter Include="Widgets\ZenonWindowMinimal3D">
      <UniqueIdentifier>{936459f3-5703-4224-8fff-5490074c0c94}</UniqueIdentifier>
    </Filter>
    <Filter Include="Widgets\ZenonTreeView">
      <UniqueIdentifier>{6e20963d-5916-415d-9605-d216cd05d491}</UniqueIdentifier>
    </Filter>
    <Filter Include="Widgets\ZenonPropertiesEditor">
      <UniqueIdentifier>{023f7a72-9cc2-45e9-8217-29dc479b6c18}</UniqueIdentifier>
    </Filter>
    <Filter Include="Widgets\ZenonPropertiesEditor\QT">
      <UniqueIdentifier>{67639afc-5567-4dd3-b56e-299bddc2a66b}</UniqueIdentifier>
    </Filter>
  </ItemGroup>
  <ItemGroup>
    <ClCompile Include="stdafx.cpp">
      <Filter>Common</Filter>
    </ClCompile>
    <ClCompile Include="ZenonWidgets\ZenonWindow3D\ZenonWindow3D.cpp">
      <Filter>Widgets\ZenonWindow3D</Filter>
    </ClCompile>
    <ClCompile Include="main.cpp" />
    <ClCompile Include="Editor3DFrame.cpp">
      <Filter>3D</Filter>
    </ClCompile>
    <ClCompile Include="ZenonWidgets\ZenonLogViewer\ZenonLogViewer.cpp">
      <Filter>Widgets\ZenonLogViewer</Filter>
    </ClCompile>
    <ClCompile Include="EditedScene.cpp">
      <Filter>3D</Filter>
    </ClCompile>
    <ClCompile Include="Passes\DrawSelectionPass.cpp">
      <Filter>3D\Passes</Filter>
    </ClCompile>
    <ClCompile Include="ZenonWidgets\ZenonWindowMinimal3D\ZenonWindowMinimal3D.cpp">
      <Filter>Widgets\ZenonWindowMinimal3D</Filter>
    </ClCompile>
    <ClCompile Include="Editor3DPreviewScene.cpp">
      <Filter>3D</Filter>
    </ClCompile>
    <ClCompile Include="Editor.cpp" />
    <ClCompile Include="EditorUIFrame.cpp">
      <Filter>UI</Filter>
    </ClCompile>
    <ClCompile Include="Tools\EditorToolBase.cpp">
      <Filter>Tools</Filter>
    </ClCompile>
    <ClCompile Include="Tools\EditorToolDragger.cpp">
      <Filter>Tools</Filter>
    </ClCompile>
    <ClCompile Include="Tools\EditorToolMover.cpp">
      <Filter>Tools</Filter>
    </ClCompile>
    <ClCompile Include="Tools\EditorToolRotator.cpp">
      <Filter>Tools</Filter>
    </ClCompile>
    <ClCompile Include="Tools\EditorToolSelector.cpp">
      <Filter>Tools</Filter>
    </ClCompile>
    <ClCompile Include="Tools\RTS\EditorToolMoverRTS.cpp">
      <Filter>Tools\RTS</Filter>
    </ClCompile>
    <ClCompile Include="Tools\RTS\EditorToolRotatorRTS.cpp">
      <Filter>Tools\RTS</Filter>
    </ClCompile>
    <ClCompile Include="Tools\EditorTools.cpp">
      <Filter>Tools</Filter>
    </ClCompile>
    <ClCompile Include="Passes\DrawToolsPass.cpp">
      <Filter>3D\Passes</Filter>
    </ClCompile>
    <ClCompile Include="Materials\MaterialEditorTool.cpp">
      <Filter>3D\Materials</Filter>
    </ClCompile>
    <ClCompile Include="EditorWindowsShell.cpp" />
    <ClCompile Include="ZenonWidgets\ZenonTreeView\ZenonTreeViewWidget.cpp">
      <Filter>Widgets\ZenonTreeView</Filter>
    </ClCompile>
    <ClCompile Include="ZenonWidgets\ZenonTreeView\TreeViewItem.cpp">
      <Filter>Widgets\ZenonTreeView</Filter>
    </ClCompile>
    <ClCompile Include="ZenonWidgets\ZenonTreeView\TreeViewModel.cpp">
      <Filter>Widgets\ZenonTreeView</Filter>
    </ClCompile>
    <ClCompile Include="EditorResourceBrowser.cpp">
      <Filter>UI</Filter>
    </ClCompile>
    <ClCompile Include="ZenonWidgets\ZenonTreeView\TreeViewItemVirtualFolder.cpp">
      <Filter>Widgets\ZenonTreeView</Filter>
    </ClCompile>
    <ClCompile Include="DragUtils.cpp">
      <Filter>UI</Filter>
    </ClCompile>
    <ClCompile Include="Tools\RTS\EditorToolRTSGround.cpp">
      <Filter>Tools\RTS</Filter>
    </ClCompile>
    <ClCompile Include="Passes\DrawWaypointsPass.cpp">
      <Filter>3D\Passes</Filter>
    </ClCompile>
    <ClCompile Include="Tools\RTS\EditorToolWaypoints.cpp">
      <Filter>Tools\RTS</Filter>
    </ClCompile>
    <ClCompile Include="Passes\DrawLightFrustumPass.cpp">
      <Filter>3D\Passes</Filter>
    </ClCompile>
    <ClCompile Include="ZenonWidgets\ZenonPropertiesEditor\QT\qtpropertybrowser.cpp">
      <Filter>Widgets\ZenonPropertiesEditor\QT</Filter>
    </ClCompile>
    <ClCompile Include="ZenonWidgets\ZenonPropertiesEditor\ZenonPropertiesEditorWidget.cpp">
      <Filter>Widgets\ZenonPropertiesEditor</Filter>
    </ClCompile>
    <ClCompile Include="ZenonWidgets\ZenonPropertiesEditor\QT\qtvariantproperty.cpp">
      <Filter>Widgets\ZenonPropertiesEditor\QT</Filter>
    </ClCompile>
    <ClCompile Include="ZenonWidgets\ZenonPropertiesEditor\QT\qtgroupboxpropertybrowser.cpp">
      <Filter>Widgets\ZenonPropertiesEditor\QT</Filter>
    </ClCompile>
    <ClCompile Include="ZenonWidgets\ZenonPropertiesEditor\QT\qtpropertybrowserutils.cpp">
      <Filter>Widgets\ZenonPropertiesEditor\QT</Filter>
    </ClCompile>
    <ClCompile Include="ZenonWidgets\ZenonPropertiesEditor\QT\qtbuttonpropertybrowser.cpp">
      <Filter>Widgets\ZenonPropertiesEditor\QT</Filter>
    </ClCompile>
  </ItemGroup>
  <ItemGroup>
    <ClInclude Include="stdafx.h">
      <Filter>Common</Filter>
    </ClInclude>
    <ClInclude Include="EditorInterfaces.h">
      <Filter>Common</Filter>
    </ClInclude>
    <ClInclude Include="_widgetPropertyEditor.h">
      <Filter>Widgets</Filter>
    </ClInclude>
    <ClInclude Include="_widgetZenonWindow3D.h">
      <Filter>Widgets</Filter>
    </ClInclude>
    <ClInclude Include="Editor3DFrame.h">
      <Filter>3D</Filter>
    </ClInclude>
    <ClInclude Include="_widgetZenonLogViewer.h">
      <Filter>Widgets</Filter>
    </ClInclude>
    <ClInclude Include="EditedScene.h">
      <Filter>3D</Filter>
    </ClInclude>
    <ClInclude Include="Passes\DrawSelectionPass.h">
      <Filter>3D\Passes</Filter>
    </ClInclude>
    <ClInclude Include="_widgetZenonWindowMinimal3D.h">
      <Filter>Widgets</Filter>
    </ClInclude>
    <ClInclude Include="Editor3DPreviewScene.h">
      <Filter>3D</Filter>
    </ClInclude>
    <ClInclude Include="Editor.h" />
    <ClInclude Include="EditorQtInterfaces.h">
      <Filter>Common</Filter>
    </ClInclude>
    <ClInclude Include="Tools\EditorToolBase.h">
      <Filter>Tools</Filter>
    </ClInclude>
    <ClInclude Include="Tools\EditorToolDragger.h">
      <Filter>Tools</Filter>
    </ClInclude>
    <ClInclude Include="Tools\EditorToolMover.h">
      <Filter>Tools</Filter>
    </ClInclude>
    <ClInclude Include="Tools\EditorToolRotator.h">
      <Filter>Tools</Filter>
    </ClInclude>
    <ClInclude Include="Tools\EditorToolSelector.h">
      <Filter>Tools</Filter>
    </ClInclude>
    <ClInclude Include="Tools\RTS\EditorToolMoverRTS.h">
      <Filter>Tools\RTS</Filter>
    </ClInclude>
    <ClInclude Include="Tools\RTS\EditorToolRotatorRTS.h">
      <Filter>Tools\RTS</Filter>
    </ClInclude>
    <ClInclude Include="Tools\EditorTools.h">
      <Filter>Tools</Filter>
    </ClInclude>
    <ClInclude Include="EditorWindowsShell.h" />
    <ClInclude Include="Passes\DrawToolsPass.h">
      <Filter>3D\Passes</Filter>
    </ClInclude>
    <ClInclude Include="Materials\MaterialEditorTool.h">
      <Filter>3D\Materials</Filter>
    </ClInclude>
    <ClInclude Include="_widgetZenonTreeView.h">
      <Filter>Widgets</Filter>
    </ClInclude>
    <ClInclude Include="ZenonWidgets\ZenonTreeView\TreeViewIntfs.h">
      <Filter>Widgets\ZenonTreeView</Filter>
    </ClInclude>
    <ClInclude Include="ZenonWidgets\ZenonTreeView\TreeViewModel.h">
      <Filter>Widgets\ZenonTreeView</Filter>
    </ClInclude>
    <ClInclude Include="ZenonWidgets\ZenonTreeView\TreeViewItem.h">
      <Filter>Widgets\ZenonTreeView</Filter>
    </ClInclude>
    <ClInclude Include="EditorResourceBrowser.h">
      <Filter>UI</Filter>
    </ClInclude>
    <ClInclude Include="ZenonWidgets\ZenonTreeView\TreeViewItemVirtualFolder.h">
      <Filter>Widgets\ZenonTreeView</Filter>
    </ClInclude>
    <ClInclude Include="DragUtils.h">
      <Filter>UI</Filter>
    </ClInclude>
    <ClInclude Include="Tools\RTS\EditorToolRTSGround.h">
      <Filter>Tools\RTS</Filter>
    </ClInclude>
    <ClInclude Include="Passes\DrawWaypointsPass.h">
      <Filter>3D\Passes</Filter>
    </ClInclude>
    <ClInclude Include="Tools\RTS\EditorToolWaypoints.h">
      <Filter>Tools\RTS</Filter>
    </ClInclude>
    <ClInclude Include="Passes\DrawLightFrustumPass.h">
      <Filter>3D\Passes</Filter>
    </ClInclude>
  </ItemGroup>
  <ItemGroup>
    <QtMoc Include="ZenonWidgets\ZenonWindow3D\ZenonWindow3D.h">
      <Filter>Widgets\ZenonWindow3D</Filter>
    </QtMoc>
    <QtMoc Include="ZenonWidgets\ZenonLogViewer\ZenonLogViewer.h">
      <Filter>Widgets\ZenonLogViewer</Filter>
    </QtMoc>
    <QtMoc Include="ZenonWidgets\ZenonWindowMinimal3D\ZenonWindowMinimal3D.h">
      <Filter>Widgets\ZenonWindowMinimal3D</Filter>
    </QtMoc>
    <QtMoc Include="EditorUIFrame.h">
      <Filter>UI</Filter>
    </QtMoc>
    <QtMoc Include="ZenonWidgets\ZenonTreeView\ZenonTreeViewWidget.h">
      <Filter>Widgets\ZenonTreeView</Filter>
    </QtMoc>
    <QtMoc Include="ZenonWidgets\ZenonPropertiesEditor\QT\qteditorfactory.cpp">
      <Filter>Widgets\ZenonPropertiesEditor\QT</Filter>
    </QtMoc>
    <QtMoc Include="ZenonWidgets\ZenonPropertiesEditor\QT\qteditorfactory.h">
      <Filter>Widgets\ZenonPropertiesEditor\QT</Filter>
    </QtMoc>
    <QtMoc Include="ZenonWidgets\ZenonPropertiesEditor\QT\qtpropertybrowser.h">
      <Filter>Widgets\ZenonPropertiesEditor\QT</Filter>
    </QtMoc>
    <QtMoc Include="ZenonWidgets\ZenonPropertiesEditor\QT\qtpropertybrowserutils_p.h">
      <Filter>Widgets\ZenonPropertiesEditor\QT</Filter>
    </QtMoc>
    <QtMoc Include="ZenonWidgets\ZenonPropertiesEditor\QT\qtpropertymanager.cpp">
      <Filter>Widgets\ZenonPropertiesEditor\QT</Filter>
    </QtMoc>
    <QtMoc Include="ZenonWidgets\ZenonPropertiesEditor\QT\qtpropertymanager.h">
      <Filter>Widgets\ZenonPropertiesEditor\QT</Filter>
    </QtMoc>
    <QtMoc Include="ZenonWidgets\ZenonPropertiesEditor\QT\qttreepropertybrowser.h">
      <Filter>Widgets\ZenonPropertiesEditor\QT</Filter>
    </QtMoc>
    <QtMoc Include="ZenonWidgets\ZenonPropertiesEditor\QT\qtvariantproperty.h">
      <Filter>Widgets\ZenonPropertiesEditor\QT</Filter>
    </QtMoc>
    <QtMoc Include="ZenonWidgets\ZenonPropertiesEditor\QT\qttreepropertybrowser.cpp">
      <Filter>Widgets\ZenonPropertiesEditor\QT</Filter>
    </QtMoc>
    <QtMoc Include="ZenonWidgets\ZenonPropertiesEditor\ZenonPropertiesEditorWidget.h">
      <Filter>Widgets\ZenonPropertiesEditor</Filter>
    </QtMoc>
    <QtMoc Include="ZenonWidgets\ZenonPropertiesEditor\QT\qtbuttonpropertybrowser.h">
      <Filter>Widgets\ZenonPropertiesEditor\QT</Filter>
    </QtMoc>
    <QtMoc Include="ZenonWidgets\ZenonPropertiesEditor\QT\qtgroupboxpropertybrowser.h">
      <Filter>Widgets\ZenonPropertiesEditor\QT</Filter>
    </QtMoc>
  </ItemGroup>
  <ItemGroup>
    <QtUic Include="EditorUIFrame.ui">
      <Filter>UI</Filter>
    </QtUic>
  </ItemGroup>
  <ItemGroup>
    <Image Include="Editor.ico" />
  </ItemGroup>
  <ItemGroup>
    <ResourceCompile Include="Editor.rc">
      <Filter>Resource Files</Filter>
    </ResourceCompile>
  </ItemGroup>
  <ItemGroup>
    <QtRcc Include="EditorUIFrame.qrc">
      <Filter>Resource Files</Filter>
    </QtRcc>
    <QtRcc Include="ZenonWidgets\ZenonPropertiesEditor\QT\qtpropertybrowser.qrc">
      <Filter>Widgets\ZenonPropertiesEditor\QT</Filter>
    </QtRcc>
  </ItemGroup>
</Project>