<?xml version="1.0" encoding="utf-8"?>
<Project ToolsVersion="4.0" xmlns="http://schemas.microsoft.com/developer/msbuild/2003">
  <ItemGroup>
    <ClCompile Include="stdafx.cpp">
      <Filter>Common</Filter>
    </ClCompile>
    <ClCompile Include="FBX.cpp" />
    <ClCompile Include="FBXDisplayCache.cpp" />
    <ClCompile Include="FBXDisplayCommon.cpp" />
    <ClCompile Include="FBXDisplayHierarchy.cpp" />
    <ClCompile Include="FBXDisplayLink.cpp" />
    <ClCompile Include="FBXDisplayMaterial.cpp" />
    <ClCompile Include="FBXDisplayMesh.cpp" />
    <ClCompile Include="FBXDisplayShape.cpp" />
    <ClCompile Include="FBXDisplayTexture.cpp" />
    <ClCompile Include="FBXHelpers.cpp" />
    <ClCompile Include="znFBXPlugin.cpp">
      <Filter>Common</Filter>
    </ClCompile>
    <ClCompile Include="FBXSceneNode.cpp">
      <Filter>Nodes</Filter>
    </ClCompile>
    <ClCompile Include="FBXMaterial.cpp">
      <Filter>Nodes</Filter>
    </ClCompile>
    <ClCompile Include="FBXMaterialPass.cpp">
      <Filter>Nodes</Filter>
    </ClCompile>
  </ItemGroup>
  <ItemGroup>
    <ClInclude Include="stdafx.h">
      <Filter>Common</Filter>
    </ClInclude>
    <ClInclude Include="common.h">
      <Filter>Common</Filter>
    </ClInclude>
    <ClInclude Include="FBX.h" />
    <ClInclude Include="FBXDisplayCache.h" />
    <ClInclude Include="FBXDisplayCommon.h" />
    <ClInclude Include="FBXDisplayHierarchy.h" />
    <ClInclude Include="FBXDisplayLink.h" />
    <ClInclude Include="FBXDisplayMaterial.h" />
    <ClInclude Include="FBXDisplayMesh.h" />
    <ClInclude Include="FBXDisplayShape.h" />
    <ClInclude Include="FBXDisplayTexture.h" />
    <ClInclude Include="FBXHelpers.h" />
    <ClInclude Include="FBXSceneNode.h">
      <Filter>Nodes</Filter>
    </ClInclude>
    <ClInclude Include="FBXMaterial.h">
      <Filter>Nodes</Filter>
    </ClInclude>
    <ClInclude Include="FBXMaterialPass.h">
      <Filter>Nodes</Filter>
    </ClInclude>
  </ItemGroup>
  <ItemGroup>
    <Filter Include="Common">
      <UniqueIdentifier>{531acf1f-2425-4a01-8a82-ef8eb65f442c}</UniqueIdentifier>
    </Filter>
    <Filter Include="Nodes">
      <UniqueIdentifier>{5bb30fab-eec9-48fc-b7fc-5d04e877858a}</UniqueIdentifier>
    </Filter>
    <Filter Include="Resources">
      <UniqueIdentifier>{848c204e-3dbb-4ae8-92f7-21cf86b35aa4}</UniqueIdentifier>
    </Filter>
    <Filter Include="Resources\shaders_D3D">
      <UniqueIdentifier>{b60754b7-49cc-4b51-90c0-9ec84b4781f7}</UniqueIdentifier>
    </Filter>
    <Filter Include="Resources\shaders_OGL">
      <UniqueIdentifier>{32280f38-2607-4a23-b0e9-9bcbe05b386d}</UniqueIdentifier>
    </Filter>
    <Filter Include="Resources\shaders_OGL\3D">
      <UniqueIdentifier>{d5063e12-2ddf-4d7c-ab4c-dca2d54b197e}</UniqueIdentifier>
    </Filter>
    <Filter Include="Resources\shaders_D3D\3D">
      <UniqueIdentifier>{ae23579d-da87-49ed-8180-ed6c84c92ff4}</UniqueIdentifier>
    </Filter>
  </ItemGroup>
  <ItemGroup>
    <FxCompile Include="Resources\shaders_D3D\3D\FBX.hlsl">
      <Filter>Resources\shaders_OGL\3D</Filter>
    </FxCompile>
  </ItemGroup>
  <ItemGroup>
    <ResourceCompile Include="znFBXPlugin.rc">
      <Filter>Resources</Filter>
    </ResourceCompile>
  </ItemGroup>
  <ItemGroup>
    <None Include="Resources\shaders_OGL\3D\FBX.ps">
      <Filter>Resources\shaders_D3D\3D</Filter>
    </None>
    <None Include="Resources\shaders_OGL\3D\FBX.vs">
      <Filter>Resources\shaders_D3D\3D</Filter>
    </None>
  </ItemGroup>
</Project>